
Microsoft Visual Studio Solution File, Format Version 12.00
# Visual Studio 14
VisualStudioVersion = 14.0.25420.1
MinimumVisualStudioVersion = 10.0.40219.1
Project("{8BC9CEB8-8B4A-11D0-8D11-00A0C91BC942}") = "27RemoveElement", "Leetcode\Leetcode.vcxproj", "{A538EBF8-FF0A-46AC-AE67-03FC9389E51A}"
EndProject
Project("{8BC9CEB8-8B4A-11D0-8D11-00A0C91BC942}") = "28strStr", "28strStr\28strStr.vcxproj", "{1F6BFB91-8418-4FDA-A089-574533F0E303}"
EndProject
Project("{8BC9CEB8-8B4A-11D0-8D11-00A0C91BC942}") = "29DivideTwoIntegers", "29DivideTwoIntegers\29DivideTwoIntegers.vcxproj", "{7ED04B4F-7A4D-4F49-9A2A-5E36BC793747}"
EndProject
Project("{8BC9CEB8-8B4A-11D0-8D11-00A0C91BC942}") = "30Substring", "30Substring\30Substring.vcxproj", "{542E6154-03B3-4DF2-8910-3772E0E97D22}"
EndProject
Project("{8BC9CEB8-8B4A-11D0-8D11-00A0C91BC942}") = "38CountAndSay", "38CountAndSay\38CountAndSay.vcxproj", "{9F1F72CE-4BDD-41F1-AB3D-EBDB0FC8AEB1}"
EndProject
Project("{8BC9CEB8-8B4A-11D0-8D11-00A0C91BC942}") = "53MaxSubarray", "53MaxSubarray\53MaxSubarray.vcxproj", "{6C5B1FF0-F10D-4584-BC26-53C034EE7599}"
EndProject
Project("{8BC9CEB8-8B4A-11D0-8D11-00A0C91BC942}") = "66PlusOne", "66PlusOne\66PlusOne.vcxproj", "{59B33F35-F221-46CD-BC40-708AFD248D4C}"
EndProject
Project("{8BC9CEB8-8B4A-11D0-8D11-00A0C91BC942}") = "69Sqrt", "69Sqrt\69Sqrt.vcxproj", "{7EE64A6D-3976-4B67-BA8D-31653CE5D29B}"
EndProject
Project("{8BC9CEB8-8B4A-11D0-8D11-00A0C91BC942}") = "33SearchinRotatedSortedArray", "33SearchinRotatedSortedArray\33SearchinRotatedSortedArray.vcxproj", "{C647BF20-56B1-4001-A1ED-8234235302F4}"
EndProject
Project("{8BC9CEB8-8B4A-11D0-8D11-00A0C91BC942}") = "34SearchforaRange", "34SearchforaRange\34SearchforaRange.vcxproj", "{78940AF6-A8A3-477C-9DAD-7AABD696F2B3}"
EndProject
Project("{8BC9CEB8-8B4A-11D0-8D11-00A0C91BC942}") = "36ValidSudoku", "36ValidSudoku\36ValidSudoku.vcxproj", "{39C5627B-9F0E-468C-A99C-DF5D01E394EF}"
EndProject
Project("{8BC9CEB8-8B4A-11D0-8D11-00A0C91BC942}") = "70ClimbingStairs", "70ClimbingStairs\70ClimbingStairs.vcxproj", "{3068C9E6-FA5C-42DC-B010-DC439FA74AE3}"
EndProject
Project("{8BC9CEB8-8B4A-11D0-8D11-00A0C91BC942}") = "88MergeSortedArray", "88MergeSortedArray\88MergeSortedArray.vcxproj", "{58392FDC-1841-41C4-8122-22413746E2A5}"
EndProject
Project("{8BC9CEB8-8B4A-11D0-8D11-00A0C91BC942}") = "101SymmetricTree", "101SymmetricTree\101SymmetricTree.vcxproj", "{07862997-0E97-48FB-9BFC-76887EB65C2E}"
EndProject
Project("{8BC9CEB8-8B4A-11D0-8D11-00A0C91BC942}") = "conTest_new21Game", "conTest_new21Game\conTest_new21Game.vcxproj", "{2D32DD54-752B-424F-A8AC-0AB74553B8AE}"
EndProject
Project("{8BC9CEB8-8B4A-11D0-8D11-00A0C91BC942}") = "104MaxDepthofBinaryTree", "104MaxDepthofBinaryTree\104MaxDepthofBinaryTree.vcxproj", "{5459DFA4-EC06-4AB0-ACD9-2858B3F098FE}"
EndProject
Project("{8BC9CEB8-8B4A-11D0-8D11-00A0C91BC942}") = "108ConvertSortedArraytoBinarySearchTree", "108ConvertSortedArraytoBinarySearchTree\108ConvertSortedArraytoBinarySearchTree.vcxproj", "{01937810-CFC3-49D4-8359-8BD99CC5EB91}"
EndProject
Project("{8BC9CEB8-8B4A-11D0-8D11-00A0C91BC942}") = "118Pascal'sTriangle", "118Pascal'sTriangle\118Pascal'sTriangle.vcxproj", "{40F38B7C-29F2-4AF4-A2AF-1043F6E4E2D5}"
EndProject
Project("{8BC9CEB8-8B4A-11D0-8D11-00A0C91BC942}") = "46Permutations", "46Permutations\46Permutations.vcxproj", "{013AFDA8-26EA-4961-8427-2A74D9FC5D5A}"
EndProject
Project("{8BC9CEB8-8B4A-11D0-8D11-00A0C91BC942}") = "48RotateImage", "RotateImage\RotateImage.vcxproj", "{679CA145-1F5D-4425-A949-2B4BB4E93ABC}"
EndProject
Project("{8BC9CEB8-8B4A-11D0-8D11-00A0C91BC942}") = "41FirstMissingPositive", "41FirstMissingPositive\41FirstMissingPositive.vcxproj", "{5805781D-3D57-4291-B1D9-CC2697F26B79}"
EndProject
Project("{8BC9CEB8-8B4A-11D0-8D11-00A0C91BC942}") = "121BestTimetoBuyandSellStock", "121BestTimetoBuyandSellStock\121BestTimetoBuyandSellStock.vcxproj", "{05FFB3BA-191D-4A7D-A7A0-4162E3ED360C}"
EndProject
Project("{8BC9CEB8-8B4A-11D0-8D11-00A0C91BC942}") = "122BestTimetoBuyandSellStock2", "122BestTimetoBuyandSellStick2\122BestTimetoBuyandSellStick2.vcxproj", "{50678291-7062-4295-A6C4-72718DE06EEB}"
EndProject
Project("{8BC9CEB8-8B4A-11D0-8D11-00A0C91BC942}") = "125ValidPalindrome", "125ValidPalindrome\125ValidPalindrome.vcxproj", "{26C0E700-3667-4AB4-903C-20A21230A7EB}"
EndProject
Project("{8BC9CEB8-8B4A-11D0-8D11-00A0C91BC942}") = "49GroupAnagrams", "49GroupAnagrams\49GroupAnagrams.vcxproj", "{D79B7C8D-C531-40B2-8860-B6F702C52F4B}"
EndProject
Project("{8BC9CEB8-8B4A-11D0-8D11-00A0C91BC942}") = "50Pow", "50Pow\50Pow.vcxproj", "{AA35EEC1-DC9D-418C-B9D9-BD878DE21F00}"
EndProject
Project("{8BC9CEB8-8B4A-11D0-8D11-00A0C91BC942}") = "42TrappingRainWater", "42TrappingRainWater\42TrappingRainWater.vcxproj", "{ED3CF1A2-182D-428A-BCF5-943ECF3027D0}"
EndProject
Project("{8BC9CEB8-8B4A-11D0-8D11-00A0C91BC942}") = "136SingleNumber", "136SingleNumber\136SingleNumber.vcxproj", "{1381EABD-0B18-481E-820B-BC4E9DA5A2DC}"
EndProject
Project("{8BC9CEB8-8B4A-11D0-8D11-00A0C91BC942}") = "141LinkedListCycle", "141LinkedListCycle\141LinkedListCycle.vcxproj", "{E131EC16-ED25-47DA-B016-9A651EA855DF}"
EndProject
Project("{8BC9CEB8-8B4A-11D0-8D11-00A0C91BC942}") = "155MinStack", "155MinStack\155MinStack.vcxproj", "{BE6744FA-ACFB-43C8-A52D-6BC1F769F6CD}"
EndProject
Project("{8BC9CEB8-8B4A-11D0-8D11-00A0C91BC942}") = "54SprialMatrix", "54SprialMatrix\54SprialMatrix.vcxproj", "{7AB0BB13-DBC4-4F6A-B92D-797568B39684}"
EndProject
Project("{8BC9CEB8-8B4A-11D0-8D11-00A0C91BC942}") = "55JumpGame", "55JumpGame\55JumpGame.vcxproj", "{C9E6D8E8-B48A-47B2-8960-92E30F57AB26}"
EndProject
Project("{8BC9CEB8-8B4A-11D0-8D11-00A0C91BC942}") = "160IntersectionofTwoLinkedLists", "160IntersectionofTwoLinkedLists\160IntersectionofTwoLinkedLists.vcxproj", "{B0196176-9F50-4534-9F30-81F45DA15853}"
EndProject
Project("{8BC9CEB8-8B4A-11D0-8D11-00A0C91BC942}") = "169MajorityElement", "169MajorityElement\169MajorityElement.vcxproj", "{FDEEB195-BCBB-4B6C-8A2D-455800E118F3}"
EndProject
Project("{8BC9CEB8-8B4A-11D0-8D11-00A0C91BC942}") = "171ExcelSheetColumnNumber", "171ExcelSheetColumnNumber\171ExcelSheetColumnNumber.vcxproj", "{6A704A8E-23C1-4F5E-BD2F-A8E54848FD0A}"
EndProject
Project("{8BC9CEB8-8B4A-11D0-8D11-00A0C91BC942}") = "56MergeIntervals", "56MergeIntervals\56MergeIntervals.vcxproj", "{EF15E796-3304-4DF4-9159-5B79828EFB3C}"
EndProject
Project("{8BC9CEB8-8B4A-11D0-8D11-00A0C91BC942}") = "62UniquePaths", "62UniquePaths\62UniquePaths.vcxproj", "{C979AD02-CB3C-40E6-97BE-11AFB1BBDAE7}"
EndProject
Project("{8BC9CEB8-8B4A-11D0-8D11-00A0C91BC942}") = "172FactorialTrailingZeroes", "172FactorialTrailingZeroes\172FactorialTrailingZeroes.vcxproj", "{8CE8B8AF-FA44-482C-A505-BE7027F52874}"
EndProject
Project("{8BC9CEB8-8B4A-11D0-8D11-00A0C91BC942}") = "189RotateArray", "189RotateArray\189RotateArray.vcxproj", "{DB0DC2F7-85F5-4CB2-B67B-3F37766F99E4}"
EndProject
Project("{8BC9CEB8-8B4A-11D0-8D11-00A0C91BC942}") = "190ReverseBits", "190ReverseBits\190ReverseBits.vcxproj", "{388CB73E-3141-467D-A554-4CCF55090BA9}"
EndProject
Project("{8BC9CEB8-8B4A-11D0-8D11-00A0C91BC942}") = "73SetMatrixZeroes", "73SetMatrixZeroes\73SetMatrixZeroes.vcxproj", "{CCA679BE-0B76-4C53-AF5B-5C3421372EC4}"
EndProject
Project("{8BC9CEB8-8B4A-11D0-8D11-00A0C91BC942}") = "104CountPrimes", "104CountPrimes\104CountPrimes.vcxproj", "{ED122BC3-94DF-4F06-B60C-2FFFA085F70E}"
EndProject
Project("{8BC9CEB8-8B4A-11D0-8D11-00A0C91BC942}") = "206ReverseLinkedList", "206ReverseLinkedList\206ReverseLinkedList.vcxproj", "{D3B37619-B1E2-462E-9A5D-0B53C377E189}"
EndProject
Project("{8BC9CEB8-8B4A-11D0-8D11-00A0C91BC942}") = "217ContainsDuplicate", "217ContainsDuplicate\217ContainsDuplicate.vcxproj", "{0E6554AD-267D-4D85-8B46-6072F6E39E3D}"
EndProject
Project("{8BC9CEB8-8B4A-11D0-8D11-00A0C91BC942}") = "75SortColors", "75SortColors\75SortColors.vcxproj", "{333C026A-83AF-43AB-89B7-A27599580548}"
EndProject
Project("{8BC9CEB8-8B4A-11D0-8D11-00A0C91BC942}") = "78Subsets", "78Subsets\78Subsets.vcxproj", "{3014DACA-19BB-4DC4-BFC1-A2A85273B247}"
EndProject
Project("{8BC9CEB8-8B4A-11D0-8D11-00A0C91BC942}") = "44WildcardMatching", "44WildcardMatching\44WildcardMatching.vcxproj", "{6DAF0556-F00D-4C67-842C-0F510195B2AE}"
EndProject
Global
	GlobalSection(SolutionConfigurationPlatforms) = preSolution
		Debug|x64 = Debug|x64
		Debug|x86 = Debug|x86
		Release|x64 = Release|x64
		Release|x86 = Release|x86
	EndGlobalSection
	GlobalSection(ProjectConfigurationPlatforms) = postSolution
		{A538EBF8-FF0A-46AC-AE67-03FC9389E51A}.Debug|x64.ActiveCfg = Debug|x64
		{A538EBF8-FF0A-46AC-AE67-03FC9389E51A}.Debug|x64.Build.0 = Debug|x64
		{A538EBF8-FF0A-46AC-AE67-03FC9389E51A}.Debug|x86.ActiveCfg = Debug|Win32
		{A538EBF8-FF0A-46AC-AE67-03FC9389E51A}.Debug|x86.Build.0 = Debug|Win32
		{A538EBF8-FF0A-46AC-AE67-03FC9389E51A}.Release|x64.ActiveCfg = Release|x64
		{A538EBF8-FF0A-46AC-AE67-03FC9389E51A}.Release|x64.Build.0 = Release|x64
		{A538EBF8-FF0A-46AC-AE67-03FC9389E51A}.Release|x86.ActiveCfg = Release|Win32
		{A538EBF8-FF0A-46AC-AE67-03FC9389E51A}.Release|x86.Build.0 = Release|Win32
		{1F6BFB91-8418-4FDA-A089-574533F0E303}.Debug|x64.ActiveCfg = Debug|x64
		{1F6BFB91-8418-4FDA-A089-574533F0E303}.Debug|x64.Build.0 = Debug|x64
		{1F6BFB91-8418-4FDA-A089-574533F0E303}.Debug|x86.ActiveCfg = Debug|Win32
		{1F6BFB91-8418-4FDA-A089-574533F0E303}.Debug|x86.Build.0 = Debug|Win32
		{1F6BFB91-8418-4FDA-A089-574533F0E303}.Release|x64.ActiveCfg = Release|x64
		{1F6BFB91-8418-4FDA-A089-574533F0E303}.Release|x64.Build.0 = Release|x64
		{1F6BFB91-8418-4FDA-A089-574533F0E303}.Release|x86.ActiveCfg = Release|Win32
		{1F6BFB91-8418-4FDA-A089-574533F0E303}.Release|x86.Build.0 = Release|Win32
		{7ED04B4F-7A4D-4F49-9A2A-5E36BC793747}.Debug|x64.ActiveCfg = Debug|x64
		{7ED04B4F-7A4D-4F49-9A2A-5E36BC793747}.Debug|x64.Build.0 = Debug|x64
		{7ED04B4F-7A4D-4F49-9A2A-5E36BC793747}.Debug|x86.ActiveCfg = Debug|Win32
		{7ED04B4F-7A4D-4F49-9A2A-5E36BC793747}.Debug|x86.Build.0 = Debug|Win32
		{7ED04B4F-7A4D-4F49-9A2A-5E36BC793747}.Release|x64.ActiveCfg = Release|x64
		{7ED04B4F-7A4D-4F49-9A2A-5E36BC793747}.Release|x64.Build.0 = Release|x64
		{7ED04B4F-7A4D-4F49-9A2A-5E36BC793747}.Release|x86.ActiveCfg = Release|Win32
		{7ED04B4F-7A4D-4F49-9A2A-5E36BC793747}.Release|x86.Build.0 = Release|Win32
		{542E6154-03B3-4DF2-8910-3772E0E97D22}.Debug|x64.ActiveCfg = Debug|x64
		{542E6154-03B3-4DF2-8910-3772E0E97D22}.Debug|x64.Build.0 = Debug|x64
		{542E6154-03B3-4DF2-8910-3772E0E97D22}.Debug|x86.ActiveCfg = Debug|Win32
		{542E6154-03B3-4DF2-8910-3772E0E97D22}.Debug|x86.Build.0 = Debug|Win32
		{542E6154-03B3-4DF2-8910-3772E0E97D22}.Release|x64.ActiveCfg = Release|x64
		{542E6154-03B3-4DF2-8910-3772E0E97D22}.Release|x64.Build.0 = Release|x64
		{542E6154-03B3-4DF2-8910-3772E0E97D22}.Release|x86.ActiveCfg = Release|Win32
		{542E6154-03B3-4DF2-8910-3772E0E97D22}.Release|x86.Build.0 = Release|Win32
		{9F1F72CE-4BDD-41F1-AB3D-EBDB0FC8AEB1}.Debug|x64.ActiveCfg = Debug|x64
		{9F1F72CE-4BDD-41F1-AB3D-EBDB0FC8AEB1}.Debug|x64.Build.0 = Debug|x64
		{9F1F72CE-4BDD-41F1-AB3D-EBDB0FC8AEB1}.Debug|x86.ActiveCfg = Debug|Win32
		{9F1F72CE-4BDD-41F1-AB3D-EBDB0FC8AEB1}.Debug|x86.Build.0 = Debug|Win32
		{9F1F72CE-4BDD-41F1-AB3D-EBDB0FC8AEB1}.Release|x64.ActiveCfg = Release|x64
		{9F1F72CE-4BDD-41F1-AB3D-EBDB0FC8AEB1}.Release|x64.Build.0 = Release|x64
		{9F1F72CE-4BDD-41F1-AB3D-EBDB0FC8AEB1}.Release|x86.ActiveCfg = Release|Win32
		{9F1F72CE-4BDD-41F1-AB3D-EBDB0FC8AEB1}.Release|x86.Build.0 = Release|Win32
		{6C5B1FF0-F10D-4584-BC26-53C034EE7599}.Debug|x64.ActiveCfg = Debug|x64
		{6C5B1FF0-F10D-4584-BC26-53C034EE7599}.Debug|x64.Build.0 = Debug|x64
		{6C5B1FF0-F10D-4584-BC26-53C034EE7599}.Debug|x86.ActiveCfg = Debug|Win32
		{6C5B1FF0-F10D-4584-BC26-53C034EE7599}.Debug|x86.Build.0 = Debug|Win32
		{6C5B1FF0-F10D-4584-BC26-53C034EE7599}.Release|x64.ActiveCfg = Release|x64
		{6C5B1FF0-F10D-4584-BC26-53C034EE7599}.Release|x64.Build.0 = Release|x64
		{6C5B1FF0-F10D-4584-BC26-53C034EE7599}.Release|x86.ActiveCfg = Release|Win32
		{6C5B1FF0-F10D-4584-BC26-53C034EE7599}.Release|x86.Build.0 = Release|Win32
		{59B33F35-F221-46CD-BC40-708AFD248D4C}.Debug|x64.ActiveCfg = Debug|x64
		{59B33F35-F221-46CD-BC40-708AFD248D4C}.Debug|x64.Build.0 = Debug|x64
		{59B33F35-F221-46CD-BC40-708AFD248D4C}.Debug|x86.ActiveCfg = Debug|Win32
		{59B33F35-F221-46CD-BC40-708AFD248D4C}.Debug|x86.Build.0 = Debug|Win32
		{59B33F35-F221-46CD-BC40-708AFD248D4C}.Release|x64.ActiveCfg = Release|x64
		{59B33F35-F221-46CD-BC40-708AFD248D4C}.Release|x64.Build.0 = Release|x64
		{59B33F35-F221-46CD-BC40-708AFD248D4C}.Release|x86.ActiveCfg = Release|Win32
		{59B33F35-F221-46CD-BC40-708AFD248D4C}.Release|x86.Build.0 = Release|Win32
		{7EE64A6D-3976-4B67-BA8D-31653CE5D29B}.Debug|x64.ActiveCfg = Debug|x64
		{7EE64A6D-3976-4B67-BA8D-31653CE5D29B}.Debug|x64.Build.0 = Debug|x64
		{7EE64A6D-3976-4B67-BA8D-31653CE5D29B}.Debug|x86.ActiveCfg = Debug|Win32
		{7EE64A6D-3976-4B67-BA8D-31653CE5D29B}.Debug|x86.Build.0 = Debug|Win32
		{7EE64A6D-3976-4B67-BA8D-31653CE5D29B}.Release|x64.ActiveCfg = Release|x64
		{7EE64A6D-3976-4B67-BA8D-31653CE5D29B}.Release|x64.Build.0 = Release|x64
		{7EE64A6D-3976-4B67-BA8D-31653CE5D29B}.Release|x86.ActiveCfg = Release|Win32
		{7EE64A6D-3976-4B67-BA8D-31653CE5D29B}.Release|x86.Build.0 = Release|Win32
		{C647BF20-56B1-4001-A1ED-8234235302F4}.Debug|x64.ActiveCfg = Debug|x64
		{C647BF20-56B1-4001-A1ED-8234235302F4}.Debug|x64.Build.0 = Debug|x64
		{C647BF20-56B1-4001-A1ED-8234235302F4}.Debug|x86.ActiveCfg = Debug|Win32
		{C647BF20-56B1-4001-A1ED-8234235302F4}.Debug|x86.Build.0 = Debug|Win32
		{C647BF20-56B1-4001-A1ED-8234235302F4}.Release|x64.ActiveCfg = Release|x64
		{C647BF20-56B1-4001-A1ED-8234235302F4}.Release|x64.Build.0 = Release|x64
		{C647BF20-56B1-4001-A1ED-8234235302F4}.Release|x86.ActiveCfg = Release|Win32
		{C647BF20-56B1-4001-A1ED-8234235302F4}.Release|x86.Build.0 = Release|Win32
		{78940AF6-A8A3-477C-9DAD-7AABD696F2B3}.Debug|x64.ActiveCfg = Debug|x64
		{78940AF6-A8A3-477C-9DAD-7AABD696F2B3}.Debug|x64.Build.0 = Debug|x64
		{78940AF6-A8A3-477C-9DAD-7AABD696F2B3}.Debug|x86.ActiveCfg = Debug|Win32
		{78940AF6-A8A3-477C-9DAD-7AABD696F2B3}.Debug|x86.Build.0 = Debug|Win32
		{78940AF6-A8A3-477C-9DAD-7AABD696F2B3}.Release|x64.ActiveCfg = Release|x64
		{78940AF6-A8A3-477C-9DAD-7AABD696F2B3}.Release|x64.Build.0 = Release|x64
		{78940AF6-A8A3-477C-9DAD-7AABD696F2B3}.Release|x86.ActiveCfg = Release|Win32
		{78940AF6-A8A3-477C-9DAD-7AABD696F2B3}.Release|x86.Build.0 = Release|Win32
		{39C5627B-9F0E-468C-A99C-DF5D01E394EF}.Debug|x64.ActiveCfg = Debug|x64
		{39C5627B-9F0E-468C-A99C-DF5D01E394EF}.Debug|x64.Build.0 = Debug|x64
		{39C5627B-9F0E-468C-A99C-DF5D01E394EF}.Debug|x86.ActiveCfg = Debug|Win32
		{39C5627B-9F0E-468C-A99C-DF5D01E394EF}.Debug|x86.Build.0 = Debug|Win32
		{39C5627B-9F0E-468C-A99C-DF5D01E394EF}.Release|x64.ActiveCfg = Release|x64
		{39C5627B-9F0E-468C-A99C-DF5D01E394EF}.Release|x64.Build.0 = Release|x64
		{39C5627B-9F0E-468C-A99C-DF5D01E394EF}.Release|x86.ActiveCfg = Release|Win32
		{39C5627B-9F0E-468C-A99C-DF5D01E394EF}.Release|x86.Build.0 = Release|Win32
		{3068C9E6-FA5C-42DC-B010-DC439FA74AE3}.Debug|x64.ActiveCfg = Debug|x64
		{3068C9E6-FA5C-42DC-B010-DC439FA74AE3}.Debug|x64.Build.0 = Debug|x64
		{3068C9E6-FA5C-42DC-B010-DC439FA74AE3}.Debug|x86.ActiveCfg = Debug|Win32
		{3068C9E6-FA5C-42DC-B010-DC439FA74AE3}.Debug|x86.Build.0 = Debug|Win32
		{3068C9E6-FA5C-42DC-B010-DC439FA74AE3}.Release|x64.ActiveCfg = Release|x64
		{3068C9E6-FA5C-42DC-B010-DC439FA74AE3}.Release|x64.Build.0 = Release|x64
		{3068C9E6-FA5C-42DC-B010-DC439FA74AE3}.Release|x86.ActiveCfg = Release|Win32
		{3068C9E6-FA5C-42DC-B010-DC439FA74AE3}.Release|x86.Build.0 = Release|Win32
		{58392FDC-1841-41C4-8122-22413746E2A5}.Debug|x64.ActiveCfg = Debug|x64
		{58392FDC-1841-41C4-8122-22413746E2A5}.Debug|x64.Build.0 = Debug|x64
		{58392FDC-1841-41C4-8122-22413746E2A5}.Debug|x86.ActiveCfg = Debug|Win32
		{58392FDC-1841-41C4-8122-22413746E2A5}.Debug|x86.Build.0 = Debug|Win32
		{58392FDC-1841-41C4-8122-22413746E2A5}.Release|x64.ActiveCfg = Release|x64
		{58392FDC-1841-41C4-8122-22413746E2A5}.Release|x64.Build.0 = Release|x64
		{58392FDC-1841-41C4-8122-22413746E2A5}.Release|x86.ActiveCfg = Release|Win32
		{58392FDC-1841-41C4-8122-22413746E2A5}.Release|x86.Build.0 = Release|Win32
		{07862997-0E97-48FB-9BFC-76887EB65C2E}.Debug|x64.ActiveCfg = Debug|x64
		{07862997-0E97-48FB-9BFC-76887EB65C2E}.Debug|x64.Build.0 = Debug|x64
		{07862997-0E97-48FB-9BFC-76887EB65C2E}.Debug|x86.ActiveCfg = Debug|Win32
		{07862997-0E97-48FB-9BFC-76887EB65C2E}.Debug|x86.Build.0 = Debug|Win32
		{07862997-0E97-48FB-9BFC-76887EB65C2E}.Release|x64.ActiveCfg = Release|x64
		{07862997-0E97-48FB-9BFC-76887EB65C2E}.Release|x64.Build.0 = Release|x64
		{07862997-0E97-48FB-9BFC-76887EB65C2E}.Release|x86.ActiveCfg = Release|Win32
		{07862997-0E97-48FB-9BFC-76887EB65C2E}.Release|x86.Build.0 = Release|Win32
		{2D32DD54-752B-424F-A8AC-0AB74553B8AE}.Debug|x64.ActiveCfg = Debug|x64
		{2D32DD54-752B-424F-A8AC-0AB74553B8AE}.Debug|x64.Build.0 = Debug|x64
		{2D32DD54-752B-424F-A8AC-0AB74553B8AE}.Debug|x86.ActiveCfg = Debug|Win32
		{2D32DD54-752B-424F-A8AC-0AB74553B8AE}.Debug|x86.Build.0 = Debug|Win32
		{2D32DD54-752B-424F-A8AC-0AB74553B8AE}.Release|x64.ActiveCfg = Release|x64
		{2D32DD54-752B-424F-A8AC-0AB74553B8AE}.Release|x64.Build.0 = Release|x64
		{2D32DD54-752B-424F-A8AC-0AB74553B8AE}.Release|x86.ActiveCfg = Release|Win32
		{2D32DD54-752B-424F-A8AC-0AB74553B8AE}.Release|x86.Build.0 = Release|Win32
		{5459DFA4-EC06-4AB0-ACD9-2858B3F098FE}.Debug|x64.ActiveCfg = Debug|x64
		{5459DFA4-EC06-4AB0-ACD9-2858B3F098FE}.Debug|x64.Build.0 = Debug|x64
		{5459DFA4-EC06-4AB0-ACD9-2858B3F098FE}.Debug|x86.ActiveCfg = Debug|Win32
		{5459DFA4-EC06-4AB0-ACD9-2858B3F098FE}.Debug|x86.Build.0 = Debug|Win32
		{5459DFA4-EC06-4AB0-ACD9-2858B3F098FE}.Release|x64.ActiveCfg = Release|x64
		{5459DFA4-EC06-4AB0-ACD9-2858B3F098FE}.Release|x64.Build.0 = Release|x64
		{5459DFA4-EC06-4AB0-ACD9-2858B3F098FE}.Release|x86.ActiveCfg = Release|Win32
		{5459DFA4-EC06-4AB0-ACD9-2858B3F098FE}.Release|x86.Build.0 = Release|Win32
		{01937810-CFC3-49D4-8359-8BD99CC5EB91}.Debug|x64.ActiveCfg = Debug|x64
		{01937810-CFC3-49D4-8359-8BD99CC5EB91}.Debug|x64.Build.0 = Debug|x64
		{01937810-CFC3-49D4-8359-8BD99CC5EB91}.Debug|x86.ActiveCfg = Debug|Win32
		{01937810-CFC3-49D4-8359-8BD99CC5EB91}.Debug|x86.Build.0 = Debug|Win32
		{01937810-CFC3-49D4-8359-8BD99CC5EB91}.Release|x64.ActiveCfg = Release|x64
		{01937810-CFC3-49D4-8359-8BD99CC5EB91}.Release|x64.Build.0 = Release|x64
		{01937810-CFC3-49D4-8359-8BD99CC5EB91}.Release|x86.ActiveCfg = Release|Win32
		{01937810-CFC3-49D4-8359-8BD99CC5EB91}.Release|x86.Build.0 = Release|Win32
		{40F38B7C-29F2-4AF4-A2AF-1043F6E4E2D5}.Debug|x64.ActiveCfg = Debug|x64
		{40F38B7C-29F2-4AF4-A2AF-1043F6E4E2D5}.Debug|x64.Build.0 = Debug|x64
		{40F38B7C-29F2-4AF4-A2AF-1043F6E4E2D5}.Debug|x86.ActiveCfg = Debug|Win32
		{40F38B7C-29F2-4AF4-A2AF-1043F6E4E2D5}.Debug|x86.Build.0 = Debug|Win32
		{40F38B7C-29F2-4AF4-A2AF-1043F6E4E2D5}.Release|x64.ActiveCfg = Release|x64
		{40F38B7C-29F2-4AF4-A2AF-1043F6E4E2D5}.Release|x64.Build.0 = Release|x64
		{40F38B7C-29F2-4AF4-A2AF-1043F6E4E2D5}.Release|x86.ActiveCfg = Release|Win32
		{40F38B7C-29F2-4AF4-A2AF-1043F6E4E2D5}.Release|x86.Build.0 = Release|Win32
		{013AFDA8-26EA-4961-8427-2A74D9FC5D5A}.Debug|x64.ActiveCfg = Debug|x64
		{013AFDA8-26EA-4961-8427-2A74D9FC5D5A}.Debug|x64.Build.0 = Debug|x64
		{013AFDA8-26EA-4961-8427-2A74D9FC5D5A}.Debug|x86.ActiveCfg = Debug|Win32
		{013AFDA8-26EA-4961-8427-2A74D9FC5D5A}.Debug|x86.Build.0 = Debug|Win32
		{013AFDA8-26EA-4961-8427-2A74D9FC5D5A}.Release|x64.ActiveCfg = Release|x64
		{013AFDA8-26EA-4961-8427-2A74D9FC5D5A}.Release|x64.Build.0 = Release|x64
		{013AFDA8-26EA-4961-8427-2A74D9FC5D5A}.Release|x86.ActiveCfg = Release|Win32
		{013AFDA8-26EA-4961-8427-2A74D9FC5D5A}.Release|x86.Build.0 = Release|Win32
		{679CA145-1F5D-4425-A949-2B4BB4E93ABC}.Debug|x64.ActiveCfg = Debug|x64
		{679CA145-1F5D-4425-A949-2B4BB4E93ABC}.Debug|x64.Build.0 = Debug|x64
		{679CA145-1F5D-4425-A949-2B4BB4E93ABC}.Debug|x86.ActiveCfg = Debug|Win32
		{679CA145-1F5D-4425-A949-2B4BB4E93ABC}.Debug|x86.Build.0 = Debug|Win32
		{679CA145-1F5D-4425-A949-2B4BB4E93ABC}.Release|x64.ActiveCfg = Release|x64
		{679CA145-1F5D-4425-A949-2B4BB4E93ABC}.Release|x64.Build.0 = Release|x64
		{679CA145-1F5D-4425-A949-2B4BB4E93ABC}.Release|x86.ActiveCfg = Release|Win32
		{679CA145-1F5D-4425-A949-2B4BB4E93ABC}.Release|x86.Build.0 = Release|Win32
		{5805781D-3D57-4291-B1D9-CC2697F26B79}.Debug|x64.ActiveCfg = Debug|x64
		{5805781D-3D57-4291-B1D9-CC2697F26B79}.Debug|x64.Build.0 = Debug|x64
		{5805781D-3D57-4291-B1D9-CC2697F26B79}.Debug|x86.ActiveCfg = Debug|Win32
		{5805781D-3D57-4291-B1D9-CC2697F26B79}.Debug|x86.Build.0 = Debug|Win32
		{5805781D-3D57-4291-B1D9-CC2697F26B79}.Release|x64.ActiveCfg = Release|x64
		{5805781D-3D57-4291-B1D9-CC2697F26B79}.Release|x64.Build.0 = Release|x64
		{5805781D-3D57-4291-B1D9-CC2697F26B79}.Release|x86.ActiveCfg = Release|Win32
		{5805781D-3D57-4291-B1D9-CC2697F26B79}.Release|x86.Build.0 = Release|Win32
		{05FFB3BA-191D-4A7D-A7A0-4162E3ED360C}.Debug|x64.ActiveCfg = Debug|x64
		{05FFB3BA-191D-4A7D-A7A0-4162E3ED360C}.Debug|x64.Build.0 = Debug|x64
		{05FFB3BA-191D-4A7D-A7A0-4162E3ED360C}.Debug|x86.ActiveCfg = Debug|Win32
		{05FFB3BA-191D-4A7D-A7A0-4162E3ED360C}.Debug|x86.Build.0 = Debug|Win32
		{05FFB3BA-191D-4A7D-A7A0-4162E3ED360C}.Release|x64.ActiveCfg = Release|x64
		{05FFB3BA-191D-4A7D-A7A0-4162E3ED360C}.Release|x64.Build.0 = Release|x64
		{05FFB3BA-191D-4A7D-A7A0-4162E3ED360C}.Release|x86.ActiveCfg = Release|Win32
		{05FFB3BA-191D-4A7D-A7A0-4162E3ED360C}.Release|x86.Build.0 = Release|Win32
		{50678291-7062-4295-A6C4-72718DE06EEB}.Debug|x64.ActiveCfg = Debug|x64
		{50678291-7062-4295-A6C4-72718DE06EEB}.Debug|x64.Build.0 = Debug|x64
		{50678291-7062-4295-A6C4-72718DE06EEB}.Debug|x86.ActiveCfg = Debug|Win32
		{50678291-7062-4295-A6C4-72718DE06EEB}.Debug|x86.Build.0 = Debug|Win32
		{50678291-7062-4295-A6C4-72718DE06EEB}.Release|x64.ActiveCfg = Release|x64
		{50678291-7062-4295-A6C4-72718DE06EEB}.Release|x64.Build.0 = Release|x64
		{50678291-7062-4295-A6C4-72718DE06EEB}.Release|x86.ActiveCfg = Release|Win32
		{50678291-7062-4295-A6C4-72718DE06EEB}.Release|x86.Build.0 = Release|Win32
		{26C0E700-3667-4AB4-903C-20A21230A7EB}.Debug|x64.ActiveCfg = Debug|x64
		{26C0E700-3667-4AB4-903C-20A21230A7EB}.Debug|x64.Build.0 = Debug|x64
		{26C0E700-3667-4AB4-903C-20A21230A7EB}.Debug|x86.ActiveCfg = Debug|Win32
		{26C0E700-3667-4AB4-903C-20A21230A7EB}.Debug|x86.Build.0 = Debug|Win32
		{26C0E700-3667-4AB4-903C-20A21230A7EB}.Release|x64.ActiveCfg = Release|x64
		{26C0E700-3667-4AB4-903C-20A21230A7EB}.Release|x64.Build.0 = Release|x64
		{26C0E700-3667-4AB4-903C-20A21230A7EB}.Release|x86.ActiveCfg = Release|Win32
		{26C0E700-3667-4AB4-903C-20A21230A7EB}.Release|x86.Build.0 = Release|Win32
		{D79B7C8D-C531-40B2-8860-B6F702C52F4B}.Debug|x64.ActiveCfg = Debug|x64
		{D79B7C8D-C531-40B2-8860-B6F702C52F4B}.Debug|x64.Build.0 = Debug|x64
		{D79B7C8D-C531-40B2-8860-B6F702C52F4B}.Debug|x86.ActiveCfg = Debug|Win32
		{D79B7C8D-C531-40B2-8860-B6F702C52F4B}.Debug|x86.Build.0 = Debug|Win32
		{D79B7C8D-C531-40B2-8860-B6F702C52F4B}.Release|x64.ActiveCfg = Release|x64
		{D79B7C8D-C531-40B2-8860-B6F702C52F4B}.Release|x64.Build.0 = Release|x64
		{D79B7C8D-C531-40B2-8860-B6F702C52F4B}.Release|x86.ActiveCfg = Release|Win32
		{D79B7C8D-C531-40B2-8860-B6F702C52F4B}.Release|x86.Build.0 = Release|Win32
		{AA35EEC1-DC9D-418C-B9D9-BD878DE21F00}.Debug|x64.ActiveCfg = Debug|x64
		{AA35EEC1-DC9D-418C-B9D9-BD878DE21F00}.Debug|x64.Build.0 = Debug|x64
		{AA35EEC1-DC9D-418C-B9D9-BD878DE21F00}.Debug|x86.ActiveCfg = Debug|Win32
		{AA35EEC1-DC9D-418C-B9D9-BD878DE21F00}.Debug|x86.Build.0 = Debug|Win32
		{AA35EEC1-DC9D-418C-B9D9-BD878DE21F00}.Release|x64.ActiveCfg = Release|x64
		{AA35EEC1-DC9D-418C-B9D9-BD878DE21F00}.Release|x64.Build.0 = Release|x64
		{AA35EEC1-DC9D-418C-B9D9-BD878DE21F00}.Release|x86.ActiveCfg = Release|Win32
		{AA35EEC1-DC9D-418C-B9D9-BD878DE21F00}.Release|x86.Build.0 = Release|Win32
		{ED3CF1A2-182D-428A-BCF5-943ECF3027D0}.Debug|x64.ActiveCfg = Debug|x64
		{ED3CF1A2-182D-428A-BCF5-943ECF3027D0}.Debug|x64.Build.0 = Debug|x64
		{ED3CF1A2-182D-428A-BCF5-943ECF3027D0}.Debug|x86.ActiveCfg = Debug|Win32
		{ED3CF1A2-182D-428A-BCF5-943ECF3027D0}.Debug|x86.Build.0 = Debug|Win32
		{ED3CF1A2-182D-428A-BCF5-943ECF3027D0}.Release|x64.ActiveCfg = Release|x64
		{ED3CF1A2-182D-428A-BCF5-943ECF3027D0}.Release|x64.Build.0 = Release|x64
		{ED3CF1A2-182D-428A-BCF5-943ECF3027D0}.Release|x86.ActiveCfg = Release|Win32
		{ED3CF1A2-182D-428A-BCF5-943ECF3027D0}.Release|x86.Build.0 = Release|Win32
		{1381EABD-0B18-481E-820B-BC4E9DA5A2DC}.Debug|x64.ActiveCfg = Debug|x64
		{1381EABD-0B18-481E-820B-BC4E9DA5A2DC}.Debug|x64.Build.0 = Debug|x64
		{1381EABD-0B18-481E-820B-BC4E9DA5A2DC}.Debug|x86.ActiveCfg = Debug|Win32
		{1381EABD-0B18-481E-820B-BC4E9DA5A2DC}.Debug|x86.Build.0 = Debug|Win32
		{1381EABD-0B18-481E-820B-BC4E9DA5A2DC}.Release|x64.ActiveCfg = Release|x64
		{1381EABD-0B18-481E-820B-BC4E9DA5A2DC}.Release|x64.Build.0 = Release|x64
		{1381EABD-0B18-481E-820B-BC4E9DA5A2DC}.Release|x86.ActiveCfg = Release|Win32
		{1381EABD-0B18-481E-820B-BC4E9DA5A2DC}.Release|x86.Build.0 = Release|Win32
		{E131EC16-ED25-47DA-B016-9A651EA855DF}.Debug|x64.ActiveCfg = Debug|x64
		{E131EC16-ED25-47DA-B016-9A651EA855DF}.Debug|x64.Build.0 = Debug|x64
		{E131EC16-ED25-47DA-B016-9A651EA855DF}.Debug|x86.ActiveCfg = Debug|Win32
		{E131EC16-ED25-47DA-B016-9A651EA855DF}.Debug|x86.Build.0 = Debug|Win32
		{E131EC16-ED25-47DA-B016-9A651EA855DF}.Release|x64.ActiveCfg = Release|x64
		{E131EC16-ED25-47DA-B016-9A651EA855DF}.Release|x64.Build.0 = Release|x64
		{E131EC16-ED25-47DA-B016-9A651EA855DF}.Release|x86.ActiveCfg = Release|Win32
		{E131EC16-ED25-47DA-B016-9A651EA855DF}.Release|x86.Build.0 = Release|Win32
		{BE6744FA-ACFB-43C8-A52D-6BC1F769F6CD}.Debug|x64.ActiveCfg = Debug|x64
		{BE6744FA-ACFB-43C8-A52D-6BC1F769F6CD}.Debug|x64.Build.0 = Debug|x64
		{BE6744FA-ACFB-43C8-A52D-6BC1F769F6CD}.Debug|x86.ActiveCfg = Debug|Win32
		{BE6744FA-ACFB-43C8-A52D-6BC1F769F6CD}.Debug|x86.Build.0 = Debug|Win32
		{BE6744FA-ACFB-43C8-A52D-6BC1F769F6CD}.Release|x64.ActiveCfg = Release|x64
		{BE6744FA-ACFB-43C8-A52D-6BC1F769F6CD}.Release|x64.Build.0 = Release|x64
		{BE6744FA-ACFB-43C8-A52D-6BC1F769F6CD}.Release|x86.ActiveCfg = Release|Win32
		{BE6744FA-ACFB-43C8-A52D-6BC1F769F6CD}.Release|x86.Build.0 = Release|Win32
		{7AB0BB13-DBC4-4F6A-B92D-797568B39684}.Debug|x64.ActiveCfg = Debug|x64
		{7AB0BB13-DBC4-4F6A-B92D-797568B39684}.Debug|x64.Build.0 = Debug|x64
		{7AB0BB13-DBC4-4F6A-B92D-797568B39684}.Debug|x86.ActiveCfg = Debug|Win32
		{7AB0BB13-DBC4-4F6A-B92D-797568B39684}.Debug|x86.Build.0 = Debug|Win32
		{7AB0BB13-DBC4-4F6A-B92D-797568B39684}.Release|x64.ActiveCfg = Release|x64
		{7AB0BB13-DBC4-4F6A-B92D-797568B39684}.Release|x64.Build.0 = Release|x64
		{7AB0BB13-DBC4-4F6A-B92D-797568B39684}.Release|x86.ActiveCfg = Release|Win32
		{7AB0BB13-DBC4-4F6A-B92D-797568B39684}.Release|x86.Build.0 = Release|Win32
		{C9E6D8E8-B48A-47B2-8960-92E30F57AB26}.Debug|x64.ActiveCfg = Debug|x64
		{C9E6D8E8-B48A-47B2-8960-92E30F57AB26}.Debug|x64.Build.0 = Debug|x64
		{C9E6D8E8-B48A-47B2-8960-92E30F57AB26}.Debug|x86.ActiveCfg = Debug|Win32
		{C9E6D8E8-B48A-47B2-8960-92E30F57AB26}.Debug|x86.Build.0 = Debug|Win32
		{C9E6D8E8-B48A-47B2-8960-92E30F57AB26}.Release|x64.ActiveCfg = Release|x64
		{C9E6D8E8-B48A-47B2-8960-92E30F57AB26}.Release|x64.Build.0 = Release|x64
		{C9E6D8E8-B48A-47B2-8960-92E30F57AB26}.Release|x86.ActiveCfg = Release|Win32
		{C9E6D8E8-B48A-47B2-8960-92E30F57AB26}.Release|x86.Build.0 = Release|Win32
		{B0196176-9F50-4534-9F30-81F45DA15853}.Debug|x64.ActiveCfg = Debug|x64
		{B0196176-9F50-4534-9F30-81F45DA15853}.Debug|x64.Build.0 = Debug|x64
		{B0196176-9F50-4534-9F30-81F45DA15853}.Debug|x86.ActiveCfg = Debug|Win32
		{B0196176-9F50-4534-9F30-81F45DA15853}.Debug|x86.Build.0 = Debug|Win32
		{B0196176-9F50-4534-9F30-81F45DA15853}.Release|x64.ActiveCfg = Release|x64
		{B0196176-9F50-4534-9F30-81F45DA15853}.Release|x64.Build.0 = Release|x64
		{B0196176-9F50-4534-9F30-81F45DA15853}.Release|x86.ActiveCfg = Release|Win32
		{B0196176-9F50-4534-9F30-81F45DA15853}.Release|x86.Build.0 = Release|Win32
		{FDEEB195-BCBB-4B6C-8A2D-455800E118F3}.Debug|x64.ActiveCfg = Debug|x64
		{FDEEB195-BCBB-4B6C-8A2D-455800E118F3}.Debug|x64.Build.0 = Debug|x64
		{FDEEB195-BCBB-4B6C-8A2D-455800E118F3}.Debug|x86.ActiveCfg = Debug|Win32
		{FDEEB195-BCBB-4B6C-8A2D-455800E118F3}.Debug|x86.Build.0 = Debug|Win32
		{FDEEB195-BCBB-4B6C-8A2D-455800E118F3}.Release|x64.ActiveCfg = Release|x64
		{FDEEB195-BCBB-4B6C-8A2D-455800E118F3}.Release|x64.Build.0 = Release|x64
		{FDEEB195-BCBB-4B6C-8A2D-455800E118F3}.Release|x86.ActiveCfg = Release|Win32
		{FDEEB195-BCBB-4B6C-8A2D-455800E118F3}.Release|x86.Build.0 = Release|Win32
		{6A704A8E-23C1-4F5E-BD2F-A8E54848FD0A}.Debug|x64.ActiveCfg = Debug|x64
		{6A704A8E-23C1-4F5E-BD2F-A8E54848FD0A}.Debug|x64.Build.0 = Debug|x64
		{6A704A8E-23C1-4F5E-BD2F-A8E54848FD0A}.Debug|x86.ActiveCfg = Debug|Win32
		{6A704A8E-23C1-4F5E-BD2F-A8E54848FD0A}.Debug|x86.Build.0 = Debug|Win32
		{6A704A8E-23C1-4F5E-BD2F-A8E54848FD0A}.Release|x64.ActiveCfg = Release|x64
		{6A704A8E-23C1-4F5E-BD2F-A8E54848FD0A}.Release|x64.Build.0 = Release|x64
		{6A704A8E-23C1-4F5E-BD2F-A8E54848FD0A}.Release|x86.ActiveCfg = Release|Win32
		{6A704A8E-23C1-4F5E-BD2F-A8E54848FD0A}.Release|x86.Build.0 = Release|Win32
		{EF15E796-3304-4DF4-9159-5B79828EFB3C}.Debug|x64.ActiveCfg = Debug|x64
		{EF15E796-3304-4DF4-9159-5B79828EFB3C}.Debug|x64.Build.0 = Debug|x64
		{EF15E796-3304-4DF4-9159-5B79828EFB3C}.Debug|x86.ActiveCfg = Debug|Win32
		{EF15E796-3304-4DF4-9159-5B79828EFB3C}.Debug|x86.Build.0 = Debug|Win32
		{EF15E796-3304-4DF4-9159-5B79828EFB3C}.Release|x64.ActiveCfg = Release|x64
		{EF15E796-3304-4DF4-9159-5B79828EFB3C}.Release|x64.Build.0 = Release|x64
		{EF15E796-3304-4DF4-9159-5B79828EFB3C}.Release|x86.ActiveCfg = Release|Win32
		{EF15E796-3304-4DF4-9159-5B79828EFB3C}.Release|x86.Build.0 = Release|Win32
		{C979AD02-CB3C-40E6-97BE-11AFB1BBDAE7}.Debug|x64.ActiveCfg = Debug|x64
		{C979AD02-CB3C-40E6-97BE-11AFB1BBDAE7}.Debug|x64.Build.0 = Debug|x64
		{C979AD02-CB3C-40E6-97BE-11AFB1BBDAE7}.Debug|x86.ActiveCfg = Debug|Win32
		{C979AD02-CB3C-40E6-97BE-11AFB1BBDAE7}.Debug|x86.Build.0 = Debug|Win32
		{C979AD02-CB3C-40E6-97BE-11AFB1BBDAE7}.Release|x64.ActiveCfg = Release|x64
		{C979AD02-CB3C-40E6-97BE-11AFB1BBDAE7}.Release|x64.Build.0 = Release|x64
		{C979AD02-CB3C-40E6-97BE-11AFB1BBDAE7}.Release|x86.ActiveCfg = Release|Win32
		{C979AD02-CB3C-40E6-97BE-11AFB1BBDAE7}.Release|x86.Build.0 = Release|Win32
		{8CE8B8AF-FA44-482C-A505-BE7027F52874}.Debug|x64.ActiveCfg = Debug|x64
		{8CE8B8AF-FA44-482C-A505-BE7027F52874}.Debug|x64.Build.0 = Debug|x64
		{8CE8B8AF-FA44-482C-A505-BE7027F52874}.Debug|x86.ActiveCfg = Debug|Win32
		{8CE8B8AF-FA44-482C-A505-BE7027F52874}.Debug|x86.Build.0 = Debug|Win32
		{8CE8B8AF-FA44-482C-A505-BE7027F52874}.Release|x64.ActiveCfg = Release|x64
		{8CE8B8AF-FA44-482C-A505-BE7027F52874}.Release|x64.Build.0 = Release|x64
		{8CE8B8AF-FA44-482C-A505-BE7027F52874}.Release|x86.ActiveCfg = Release|Win32
		{8CE8B8AF-FA44-482C-A505-BE7027F52874}.Release|x86.Build.0 = Release|Win32
		{DB0DC2F7-85F5-4CB2-B67B-3F37766F99E4}.Debug|x64.ActiveCfg = Debug|x64
		{DB0DC2F7-85F5-4CB2-B67B-3F37766F99E4}.Debug|x64.Build.0 = Debug|x64
		{DB0DC2F7-85F5-4CB2-B67B-3F37766F99E4}.Debug|x86.ActiveCfg = Debug|Win32
		{DB0DC2F7-85F5-4CB2-B67B-3F37766F99E4}.Debug|x86.Build.0 = Debug|Win32
		{DB0DC2F7-85F5-4CB2-B67B-3F37766F99E4}.Release|x64.ActiveCfg = Release|x64
		{DB0DC2F7-85F5-4CB2-B67B-3F37766F99E4}.Release|x64.Build.0 = Release|x64
		{DB0DC2F7-85F5-4CB2-B67B-3F37766F99E4}.Release|x86.ActiveCfg = Release|Win32
		{DB0DC2F7-85F5-4CB2-B67B-3F37766F99E4}.Release|x86.Build.0 = Release|Win32
		{388CB73E-3141-467D-A554-4CCF55090BA9}.Debug|x64.ActiveCfg = Debug|x64
		{388CB73E-3141-467D-A554-4CCF55090BA9}.Debug|x64.Build.0 = Debug|x64
		{388CB73E-3141-467D-A554-4CCF55090BA9}.Debug|x86.ActiveCfg = Debug|Win32
		{388CB73E-3141-467D-A554-4CCF55090BA9}.Debug|x86.Build.0 = Debug|Win32
		{388CB73E-3141-467D-A554-4CCF55090BA9}.Release|x64.ActiveCfg = Release|x64
		{388CB73E-3141-467D-A554-4CCF55090BA9}.Release|x64.Build.0 = Release|x64
		{388CB73E-3141-467D-A554-4CCF55090BA9}.Release|x86.ActiveCfg = Release|Win32
		{388CB73E-3141-467D-A554-4CCF55090BA9}.Release|x86.Build.0 = Release|Win32
		{CCA679BE-0B76-4C53-AF5B-5C3421372EC4}.Debug|x64.ActiveCfg = Debug|x64
		{CCA679BE-0B76-4C53-AF5B-5C3421372EC4}.Debug|x64.Build.0 = Debug|x64
		{CCA679BE-0B76-4C53-AF5B-5C3421372EC4}.Debug|x86.ActiveCfg = Debug|Win32
		{CCA679BE-0B76-4C53-AF5B-5C3421372EC4}.Debug|x86.Build.0 = Debug|Win32
		{CCA679BE-0B76-4C53-AF5B-5C3421372EC4}.Release|x64.ActiveCfg = Release|x64
		{CCA679BE-0B76-4C53-AF5B-5C3421372EC4}.Release|x64.Build.0 = Release|x64
		{CCA679BE-0B76-4C53-AF5B-5C3421372EC4}.Release|x86.ActiveCfg = Release|Win32
		{CCA679BE-0B76-4C53-AF5B-5C3421372EC4}.Release|x86.Build.0 = Release|Win32
		{ED122BC3-94DF-4F06-B60C-2FFFA085F70E}.Debug|x64.ActiveCfg = Debug|x64
		{ED122BC3-94DF-4F06-B60C-2FFFA085F70E}.Debug|x64.Build.0 = Debug|x64
		{ED122BC3-94DF-4F06-B60C-2FFFA085F70E}.Debug|x86.ActiveCfg = Debug|Win32
		{ED122BC3-94DF-4F06-B60C-2FFFA085F70E}.Debug|x86.Build.0 = Debug|Win32
		{ED122BC3-94DF-4F06-B60C-2FFFA085F70E}.Release|x64.ActiveCfg = Release|x64
		{ED122BC3-94DF-4F06-B60C-2FFFA085F70E}.Release|x64.Build.0 = Release|x64
		{ED122BC3-94DF-4F06-B60C-2FFFA085F70E}.Release|x86.ActiveCfg = Release|Win32
		{ED122BC3-94DF-4F06-B60C-2FFFA085F70E}.Release|x86.Build.0 = Release|Win32
		{D3B37619-B1E2-462E-9A5D-0B53C377E189}.Debug|x64.ActiveCfg = Debug|x64
		{D3B37619-B1E2-462E-9A5D-0B53C377E189}.Debug|x64.Build.0 = Debug|x64
		{D3B37619-B1E2-462E-9A5D-0B53C377E189}.Debug|x86.ActiveCfg = Debug|Win32
		{D3B37619-B1E2-462E-9A5D-0B53C377E189}.Debug|x86.Build.0 = Debug|Win32
		{D3B37619-B1E2-462E-9A5D-0B53C377E189}.Release|x64.ActiveCfg = Release|x64
		{D3B37619-B1E2-462E-9A5D-0B53C377E189}.Release|x64.Build.0 = Release|x64
		{D3B37619-B1E2-462E-9A5D-0B53C377E189}.Release|x86.ActiveCfg = Release|Win32
		{D3B37619-B1E2-462E-9A5D-0B53C377E189}.Release|x86.Build.0 = Release|Win32
		{0E6554AD-267D-4D85-8B46-6072F6E39E3D}.Debug|x64.ActiveCfg = Debug|x64
		{0E6554AD-267D-4D85-8B46-6072F6E39E3D}.Debug|x64.Build.0 = Debug|x64
		{0E6554AD-267D-4D85-8B46-6072F6E39E3D}.Debug|x86.ActiveCfg = Debug|Win32
		{0E6554AD-267D-4D85-8B46-6072F6E39E3D}.Debug|x86.Build.0 = Debug|Win32
		{0E6554AD-267D-4D85-8B46-6072F6E39E3D}.Release|x64.ActiveCfg = Release|x64
		{0E6554AD-267D-4D85-8B46-6072F6E39E3D}.Release|x64.Build.0 = Release|x64
		{0E6554AD-267D-4D85-8B46-6072F6E39E3D}.Release|x86.ActiveCfg = Release|Win32
		{0E6554AD-267D-4D85-8B46-6072F6E39E3D}.Release|x86.Build.0 = Release|Win32
		{333C026A-83AF-43AB-89B7-A27599580548}.Debug|x64.ActiveCfg = Debug|x64
		{333C026A-83AF-43AB-89B7-A27599580548}.Debug|x64.Build.0 = Debug|x64
		{333C026A-83AF-43AB-89B7-A27599580548}.Debug|x86.ActiveCfg = Debug|Win32
		{333C026A-83AF-43AB-89B7-A27599580548}.Debug|x86.Build.0 = Debug|Win32
		{333C026A-83AF-43AB-89B7-A27599580548}.Release|x64.ActiveCfg = Release|x64
		{333C026A-83AF-43AB-89B7-A27599580548}.Release|x64.Build.0 = Release|x64
		{333C026A-83AF-43AB-89B7-A27599580548}.Release|x86.ActiveCfg = Release|Win32
		{333C026A-83AF-43AB-89B7-A27599580548}.Release|x86.Build.0 = Release|Win32
		{3014DACA-19BB-4DC4-BFC1-A2A85273B247}.Debug|x64.ActiveCfg = Debug|x64
		{3014DACA-19BB-4DC4-BFC1-A2A85273B247}.Debug|x64.Build.0 = Debug|x64
		{3014DACA-19BB-4DC4-BFC1-A2A85273B247}.Debug|x86.ActiveCfg = Debug|Win32
		{3014DACA-19BB-4DC4-BFC1-A2A85273B247}.Debug|x86.Build.0 = Debug|Win32
		{3014DACA-19BB-4DC4-BFC1-A2A85273B247}.Release|x64.ActiveCfg = Release|x64
		{3014DACA-19BB-4DC4-BFC1-A2A85273B247}.Release|x64.Build.0 = Release|x64
		{3014DACA-19BB-4DC4-BFC1-A2A85273B247}.Release|x86.ActiveCfg = Release|Win32
		{3014DACA-19BB-4DC4-BFC1-A2A85273B247}.Release|x86.Build.0 = Release|Win32
		{6DAF0556-F00D-4C67-842C-0F510195B2AE}.Debug|x64.ActiveCfg = Debug|x64
		{6DAF0556-F00D-4C67-842C-0F510195B2AE}.Debug|x64.Build.0 = Debug|x64
		{6DAF0556-F00D-4C67-842C-0F510195B2AE}.Debug|x86.ActiveCfg = Debug|Win32
		{6DAF0556-F00D-4C67-842C-0F510195B2AE}.Debug|x86.Build.0 = Debug|Win32
		{6DAF0556-F00D-4C67-842C-0F510195B2AE}.Release|x64.ActiveCfg = Release|x64
		{6DAF0556-F00D-4C67-842C-0F510195B2AE}.Release|x64.Build.0 = Release|x64
		{6DAF0556-F00D-4C67-842C-0F510195B2AE}.Release|x86.ActiveCfg = Release|Win32
		{6DAF0556-F00D-4C67-842C-0F510195B2AE}.Release|x86.Build.0 = Release|Win32
	EndGlobalSection
	GlobalSection(SolutionProperties) = preSolution
		HideSolutionNode = FALSE
	EndGlobalSection
EndGlobal
