
Microsoft Visual Studio Solution File, Format Version 12.00
# Visual Studio 14
VisualStudioVersion = 14.0.25420.1
MinimumVisualStudioVersion = 10.0.40219.1
Project("{8BC9CEB8-8B4A-11D0-8D11-00A0C91BC942}") = "27RemoveElement", "Leetcode\Leetcode.vcxproj", "{A538EBF8-FF0A-46AC-AE67-03FC9389E51A}"
EndProject
Project("{8BC9CEB8-8B4A-11D0-8D11-00A0C91BC942}") = "28strStr", "28strStr\28strStr.vcxproj", "{1F6BFB91-8418-4FDA-A089-574533F0E303}"
EndProject
Project("{8BC9CEB8-8B4A-11D0-8D11-00A0C91BC942}") = "29DivideTwoIntegers", "29DivideTwoIntegers\29DivideTwoIntegers.vcxproj", "{7ED04B4F-7A4D-4F49-9A2A-5E36BC793747}"
EndProject
Project("{8BC9CEB8-8B4A-11D0-8D11-00A0C91BC942}") = "30Substring", "30Substring\30Substring.vcxproj", "{542E6154-03B3-4DF2-8910-3772E0E97D22}"
EndProject
Project("{8BC9CEB8-8B4A-11D0-8D11-00A0C91BC942}") = "38CountAndSay", "38CountAndSay\38CountAndSay.vcxproj", "{9F1F72CE-4BDD-41F1-AB3D-EBDB0FC8AEB1}"
EndProject
Project("{8BC9CEB8-8B4A-11D0-8D11-00A0C91BC942}") = "53MaxSubarray", "53MaxSubarray\53MaxSubarray.vcxproj", "{6C5B1FF0-F10D-4584-BC26-53C034EE7599}"
EndProject
Project("{8BC9CEB8-8B4A-11D0-8D11-00A0C91BC942}") = "66PlusOne", "66PlusOne\66PlusOne.vcxproj", "{59B33F35-F221-46CD-BC40-708AFD248D4C}"
EndProject
Project("{8BC9CEB8-8B4A-11D0-8D11-00A0C91BC942}") = "69Sqrt", "69Sqrt\69Sqrt.vcxproj", "{7EE64A6D-3976-4B67-BA8D-31653CE5D29B}"
EndProject
Project("{8BC9CEB8-8B4A-11D0-8D11-00A0C91BC942}") = "33SearchinRotatedSortedArray", "33SearchinRotatedSortedArray\33SearchinRotatedSortedArray.vcxproj", "{C647BF20-56B1-4001-A1ED-8234235302F4}"
EndProject
Project("{8BC9CEB8-8B4A-11D0-8D11-00A0C91BC942}") = "34SearchforaRange", "34SearchforaRange\34SearchforaRange.vcxproj", "{78940AF6-A8A3-477C-9DAD-7AABD696F2B3}"
EndProject
Project("{8BC9CEB8-8B4A-11D0-8D11-00A0C91BC942}") = "36ValidSudoku", "36ValidSudoku\36ValidSudoku.vcxproj", "{39C5627B-9F0E-468C-A99C-DF5D01E394EF}"
EndProject
Global
	GlobalSection(SolutionConfigurationPlatforms) = preSolution
		Debug|x64 = Debug|x64
		Debug|x86 = Debug|x86
		Release|x64 = Release|x64
		Release|x86 = Release|x86
	EndGlobalSection
	GlobalSection(ProjectConfigurationPlatforms) = postSolution
		{A538EBF8-FF0A-46AC-AE67-03FC9389E51A}.Debug|x64.ActiveCfg = Debug|x64
		{A538EBF8-FF0A-46AC-AE67-03FC9389E51A}.Debug|x64.Build.0 = Debug|x64
		{A538EBF8-FF0A-46AC-AE67-03FC9389E51A}.Debug|x86.ActiveCfg = Debug|Win32
		{A538EBF8-FF0A-46AC-AE67-03FC9389E51A}.Debug|x86.Build.0 = Debug|Win32
		{A538EBF8-FF0A-46AC-AE67-03FC9389E51A}.Release|x64.ActiveCfg = Release|x64
		{A538EBF8-FF0A-46AC-AE67-03FC9389E51A}.Release|x64.Build.0 = Release|x64
		{A538EBF8-FF0A-46AC-AE67-03FC9389E51A}.Release|x86.ActiveCfg = Release|Win32
		{A538EBF8-FF0A-46AC-AE67-03FC9389E51A}.Release|x86.Build.0 = Release|Win32
		{1F6BFB91-8418-4FDA-A089-574533F0E303}.Debug|x64.ActiveCfg = Debug|x64
		{1F6BFB91-8418-4FDA-A089-574533F0E303}.Debug|x64.Build.0 = Debug|x64
		{1F6BFB91-8418-4FDA-A089-574533F0E303}.Debug|x86.ActiveCfg = Debug|Win32
		{1F6BFB91-8418-4FDA-A089-574533F0E303}.Debug|x86.Build.0 = Debug|Win32
		{1F6BFB91-8418-4FDA-A089-574533F0E303}.Release|x64.ActiveCfg = Release|x64
		{1F6BFB91-8418-4FDA-A089-574533F0E303}.Release|x64.Build.0 = Release|x64
		{1F6BFB91-8418-4FDA-A089-574533F0E303}.Release|x86.ActiveCfg = Release|Win32
		{1F6BFB91-8418-4FDA-A089-574533F0E303}.Release|x86.Build.0 = Release|Win32
		{7ED04B4F-7A4D-4F49-9A2A-5E36BC793747}.Debug|x64.ActiveCfg = Debug|x64
		{7ED04B4F-7A4D-4F49-9A2A-5E36BC793747}.Debug|x64.Build.0 = Debug|x64
		{7ED04B4F-7A4D-4F49-9A2A-5E36BC793747}.Debug|x86.ActiveCfg = Debug|Win32
		{7ED04B4F-7A4D-4F49-9A2A-5E36BC793747}.Debug|x86.Build.0 = Debug|Win32
		{7ED04B4F-7A4D-4F49-9A2A-5E36BC793747}.Release|x64.ActiveCfg = Release|x64
		{7ED04B4F-7A4D-4F49-9A2A-5E36BC793747}.Release|x64.Build.0 = Release|x64
		{7ED04B4F-7A4D-4F49-9A2A-5E36BC793747}.Release|x86.ActiveCfg = Release|Win32
		{7ED04B4F-7A4D-4F49-9A2A-5E36BC793747}.Release|x86.Build.0 = Release|Win32
		{542E6154-03B3-4DF2-8910-3772E0E97D22}.Debug|x64.ActiveCfg = Debug|x64
		{542E6154-03B3-4DF2-8910-3772E0E97D22}.Debug|x64.Build.0 = Debug|x64
		{542E6154-03B3-4DF2-8910-3772E0E97D22}.Debug|x86.ActiveCfg = Debug|Win32
		{542E6154-03B3-4DF2-8910-3772E0E97D22}.Debug|x86.Build.0 = Debug|Win32
		{542E6154-03B3-4DF2-8910-3772E0E97D22}.Release|x64.ActiveCfg = Release|x64
		{542E6154-03B3-4DF2-8910-3772E0E97D22}.Release|x64.Build.0 = Release|x64
		{542E6154-03B3-4DF2-8910-3772E0E97D22}.Release|x86.ActiveCfg = Release|Win32
		{542E6154-03B3-4DF2-8910-3772E0E97D22}.Release|x86.Build.0 = Release|Win32
		{9F1F72CE-4BDD-41F1-AB3D-EBDB0FC8AEB1}.Debug|x64.ActiveCfg = Debug|x64
		{9F1F72CE-4BDD-41F1-AB3D-EBDB0FC8AEB1}.Debug|x64.Build.0 = Debug|x64
		{9F1F72CE-4BDD-41F1-AB3D-EBDB0FC8AEB1}.Debug|x86.ActiveCfg = Debug|Win32
		{9F1F72CE-4BDD-41F1-AB3D-EBDB0FC8AEB1}.Debug|x86.Build.0 = Debug|Win32
		{9F1F72CE-4BDD-41F1-AB3D-EBDB0FC8AEB1}.Release|x64.ActiveCfg = Release|x64
		{9F1F72CE-4BDD-41F1-AB3D-EBDB0FC8AEB1}.Release|x64.Build.0 = Release|x64
		{9F1F72CE-4BDD-41F1-AB3D-EBDB0FC8AEB1}.Release|x86.ActiveCfg = Release|Win32
		{9F1F72CE-4BDD-41F1-AB3D-EBDB0FC8AEB1}.Release|x86.Build.0 = Release|Win32
		{6C5B1FF0-F10D-4584-BC26-53C034EE7599}.Debug|x64.ActiveCfg = Debug|x64
		{6C5B1FF0-F10D-4584-BC26-53C034EE7599}.Debug|x64.Build.0 = Debug|x64
		{6C5B1FF0-F10D-4584-BC26-53C034EE7599}.Debug|x86.ActiveCfg = Debug|Win32
		{6C5B1FF0-F10D-4584-BC26-53C034EE7599}.Debug|x86.Build.0 = Debug|Win32
		{6C5B1FF0-F10D-4584-BC26-53C034EE7599}.Release|x64.ActiveCfg = Release|x64
		{6C5B1FF0-F10D-4584-BC26-53C034EE7599}.Release|x64.Build.0 = Release|x64
		{6C5B1FF0-F10D-4584-BC26-53C034EE7599}.Release|x86.ActiveCfg = Release|Win32
		{6C5B1FF0-F10D-4584-BC26-53C034EE7599}.Release|x86.Build.0 = Release|Win32
		{59B33F35-F221-46CD-BC40-708AFD248D4C}.Debug|x64.ActiveCfg = Debug|x64
		{59B33F35-F221-46CD-BC40-708AFD248D4C}.Debug|x64.Build.0 = Debug|x64
		{59B33F35-F221-46CD-BC40-708AFD248D4C}.Debug|x86.ActiveCfg = Debug|Win32
		{59B33F35-F221-46CD-BC40-708AFD248D4C}.Debug|x86.Build.0 = Debug|Win32
		{59B33F35-F221-46CD-BC40-708AFD248D4C}.Release|x64.ActiveCfg = Release|x64
		{59B33F35-F221-46CD-BC40-708AFD248D4C}.Release|x64.Build.0 = Release|x64
		{59B33F35-F221-46CD-BC40-708AFD248D4C}.Release|x86.ActiveCfg = Release|Win32
		{59B33F35-F221-46CD-BC40-708AFD248D4C}.Release|x86.Build.0 = Release|Win32
		{7EE64A6D-3976-4B67-BA8D-31653CE5D29B}.Debug|x64.ActiveCfg = Debug|x64
		{7EE64A6D-3976-4B67-BA8D-31653CE5D29B}.Debug|x64.Build.0 = Debug|x64
		{7EE64A6D-3976-4B67-BA8D-31653CE5D29B}.Debug|x86.ActiveCfg = Debug|Win32
		{7EE64A6D-3976-4B67-BA8D-31653CE5D29B}.Debug|x86.Build.0 = Debug|Win32
		{7EE64A6D-3976-4B67-BA8D-31653CE5D29B}.Release|x64.ActiveCfg = Release|x64
		{7EE64A6D-3976-4B67-BA8D-31653CE5D29B}.Release|x64.Build.0 = Release|x64
		{7EE64A6D-3976-4B67-BA8D-31653CE5D29B}.Release|x86.ActiveCfg = Release|Win32
		{7EE64A6D-3976-4B67-BA8D-31653CE5D29B}.Release|x86.Build.0 = Release|Win32
		{C647BF20-56B1-4001-A1ED-8234235302F4}.Debug|x64.ActiveCfg = Debug|x64
		{C647BF20-56B1-4001-A1ED-8234235302F4}.Debug|x64.Build.0 = Debug|x64
		{C647BF20-56B1-4001-A1ED-8234235302F4}.Debug|x86.ActiveCfg = Debug|Win32
		{C647BF20-56B1-4001-A1ED-8234235302F4}.Debug|x86.Build.0 = Debug|Win32
		{C647BF20-56B1-4001-A1ED-8234235302F4}.Release|x64.ActiveCfg = Release|x64
		{C647BF20-56B1-4001-A1ED-8234235302F4}.Release|x64.Build.0 = Release|x64
		{C647BF20-56B1-4001-A1ED-8234235302F4}.Release|x86.ActiveCfg = Release|Win32
		{C647BF20-56B1-4001-A1ED-8234235302F4}.Release|x86.Build.0 = Release|Win32
		{78940AF6-A8A3-477C-9DAD-7AABD696F2B3}.Debug|x64.ActiveCfg = Debug|x64
		{78940AF6-A8A3-477C-9DAD-7AABD696F2B3}.Debug|x64.Build.0 = Debug|x64
		{78940AF6-A8A3-477C-9DAD-7AABD696F2B3}.Debug|x86.ActiveCfg = Debug|Win32
		{78940AF6-A8A3-477C-9DAD-7AABD696F2B3}.Debug|x86.Build.0 = Debug|Win32
		{78940AF6-A8A3-477C-9DAD-7AABD696F2B3}.Release|x64.ActiveCfg = Release|x64
		{78940AF6-A8A3-477C-9DAD-7AABD696F2B3}.Release|x64.Build.0 = Release|x64
		{78940AF6-A8A3-477C-9DAD-7AABD696F2B3}.Release|x86.ActiveCfg = Release|Win32
		{78940AF6-A8A3-477C-9DAD-7AABD696F2B3}.Release|x86.Build.0 = Release|Win32
		{39C5627B-9F0E-468C-A99C-DF5D01E394EF}.Debug|x64.ActiveCfg = Debug|x64
		{39C5627B-9F0E-468C-A99C-DF5D01E394EF}.Debug|x64.Build.0 = Debug|x64
		{39C5627B-9F0E-468C-A99C-DF5D01E394EF}.Debug|x86.ActiveCfg = Debug|Win32
		{39C5627B-9F0E-468C-A99C-DF5D01E394EF}.Debug|x86.Build.0 = Debug|Win32
		{39C5627B-9F0E-468C-A99C-DF5D01E394EF}.Release|x64.ActiveCfg = Release|x64
		{39C5627B-9F0E-468C-A99C-DF5D01E394EF}.Release|x64.Build.0 = Release|x64
		{39C5627B-9F0E-468C-A99C-DF5D01E394EF}.Release|x86.ActiveCfg = Release|Win32
		{39C5627B-9F0E-468C-A99C-DF5D01E394EF}.Release|x86.Build.0 = Release|Win32
	EndGlobalSection
	GlobalSection(SolutionProperties) = preSolution
		HideSolutionNode = FALSE
	EndGlobalSection
EndGlobal
