
Microsoft Visual Studio Solution File, Format Version 12.00
# Visual Studio 14
VisualStudioVersion = 14.0.25420.1
MinimumVisualStudioVersion = 10.0.40219.1
Project("{8BC9CEB8-8B4A-11D0-8D11-00A0C91BC942}") = "27RemoveElement", "Leetcode\Leetcode.vcxproj", "{A538EBF8-FF0A-46AC-AE67-03FC9389E51A}"
EndProject
Project("{8BC9CEB8-8B4A-11D0-8D11-00A0C91BC942}") = "28strStr", "28strStr\28strStr.vcxproj", "{1F6BFB91-8418-4FDA-A089-574533F0E303}"
EndProject
Project("{8BC9CEB8-8B4A-11D0-8D11-00A0C91BC942}") = "29DivideTwoIntegers", "29DivideTwoIntegers\29DivideTwoIntegers.vcxproj", "{7ED04B4F-7A4D-4F49-9A2A-5E36BC793747}"
EndProject
Project("{8BC9CEB8-8B4A-11D0-8D11-00A0C91BC942}") = "30Substring", "30Substring\30Substring.vcxproj", "{542E6154-03B3-4DF2-8910-3772E0E97D22}"
EndProject
Project("{8BC9CEB8-8B4A-11D0-8D11-00A0C91BC942}") = "38CountAndSay", "38CountAndSay\38CountAndSay.vcxproj", "{9F1F72CE-4BDD-41F1-AB3D-EBDB0FC8AEB1}"
EndProject
Project("{8BC9CEB8-8B4A-11D0-8D11-00A0C91BC942}") = "53MaxSubarray", "53MaxSubarray\53MaxSubarray.vcxproj", "{6C5B1FF0-F10D-4584-BC26-53C034EE7599}"
EndProject
Project("{8BC9CEB8-8B4A-11D0-8D11-00A0C91BC942}") = "66PlusOne", "66PlusOne\66PlusOne.vcxproj", "{59B33F35-F221-46CD-BC40-708AFD248D4C}"
EndProject
Project("{8BC9CEB8-8B4A-11D0-8D11-00A0C91BC942}") = "69Sqrt", "69Sqrt\69Sqrt.vcxproj", "{7EE64A6D-3976-4B67-BA8D-31653CE5D29B}"
EndProject
Project("{8BC9CEB8-8B4A-11D0-8D11-00A0C91BC942}") = "33SearchinRotatedSortedArray", "33SearchinRotatedSortedArray\33SearchinRotatedSortedArray.vcxproj", "{C647BF20-56B1-4001-A1ED-8234235302F4}"
EndProject
Project("{8BC9CEB8-8B4A-11D0-8D11-00A0C91BC942}") = "34SearchforaRange", "34SearchforaRange\34SearchforaRange.vcxproj", "{78940AF6-A8A3-477C-9DAD-7AABD696F2B3}"
EndProject
Project("{8BC9CEB8-8B4A-11D0-8D11-00A0C91BC942}") = "36ValidSudoku", "36ValidSudoku\36ValidSudoku.vcxproj", "{39C5627B-9F0E-468C-A99C-DF5D01E394EF}"
EndProject
Project("{8BC9CEB8-8B4A-11D0-8D11-00A0C91BC942}") = "70ClimbingStairs", "70ClimbingStairs\70ClimbingStairs.vcxproj", "{3068C9E6-FA5C-42DC-B010-DC439FA74AE3}"
EndProject
Project("{8BC9CEB8-8B4A-11D0-8D11-00A0C91BC942}") = "88MergeSortedArray", "88MergeSortedArray\88MergeSortedArray.vcxproj", "{58392FDC-1841-41C4-8122-22413746E2A5}"
EndProject
Project("{8BC9CEB8-8B4A-11D0-8D11-00A0C91BC942}") = "101SymmetricTree", "101SymmetricTree\101SymmetricTree.vcxproj", "{07862997-0E97-48FB-9BFC-76887EB65C2E}"
EndProject
Project("{8BC9CEB8-8B4A-11D0-8D11-00A0C91BC942}") = "conTest_new21Game", "conTest_new21Game\conTest_new21Game.vcxproj", "{2D32DD54-752B-424F-A8AC-0AB74553B8AE}"
EndProject
Project("{8BC9CEB8-8B4A-11D0-8D11-00A0C91BC942}") = "104MaxDepthofBinaryTree", "104MaxDepthofBinaryTree\104MaxDepthofBinaryTree.vcxproj", "{5459DFA4-EC06-4AB0-ACD9-2858B3F098FE}"
EndProject
Project("{8BC9CEB8-8B4A-11D0-8D11-00A0C91BC942}") = "108ConvertSortedArraytoBinarySearchTree", "108ConvertSortedArraytoBinarySearchTree\108ConvertSortedArraytoBinarySearchTree.vcxproj", "{01937810-CFC3-49D4-8359-8BD99CC5EB91}"
EndProject
Project("{8BC9CEB8-8B4A-11D0-8D11-00A0C91BC942}") = "118Pascal'sTriangle", "118Pascal'sTriangle\118Pascal'sTriangle.vcxproj", "{40F38B7C-29F2-4AF4-A2AF-1043F6E4E2D5}"
EndProject
Project("{8BC9CEB8-8B4A-11D0-8D11-00A0C91BC942}") = "46Permutations", "46Permutations\46Permutations.vcxproj", "{013AFDA8-26EA-4961-8427-2A74D9FC5D5A}"
EndProject
Project("{8BC9CEB8-8B4A-11D0-8D11-00A0C91BC942}") = "48RotateImage", "RotateImage\RotateImage.vcxproj", "{679CA145-1F5D-4425-A949-2B4BB4E93ABC}"
EndProject
Project("{8BC9CEB8-8B4A-11D0-8D11-00A0C91BC942}") = "41FirstMissingPositive", "41FirstMissingPositive\41FirstMissingPositive.vcxproj", "{5805781D-3D57-4291-B1D9-CC2697F26B79}"
EndProject
Project("{8BC9CEB8-8B4A-11D0-8D11-00A0C91BC942}") = "121BestTimetoBuyandSellStock", "121BestTimetoBuyandSellStock\121BestTimetoBuyandSellStock.vcxproj", "{05FFB3BA-191D-4A7D-A7A0-4162E3ED360C}"
EndProject
Project("{8BC9CEB8-8B4A-11D0-8D11-00A0C91BC942}") = "122BestTimetoBuyandSellStock2", "122BestTimetoBuyandSellStick2\122BestTimetoBuyandSellStick2.vcxproj", "{50678291-7062-4295-A6C4-72718DE06EEB}"
EndProject
Project("{8BC9CEB8-8B4A-11D0-8D11-00A0C91BC942}") = "125ValidPalindrome", "125ValidPalindrome\125ValidPalindrome.vcxproj", "{26C0E700-3667-4AB4-903C-20A21230A7EB}"
EndProject
Project("{8BC9CEB8-8B4A-11D0-8D11-00A0C91BC942}") = "49GroupAnagrams", "49GroupAnagrams\49GroupAnagrams.vcxproj", "{D79B7C8D-C531-40B2-8860-B6F702C52F4B}"
EndProject
Project("{8BC9CEB8-8B4A-11D0-8D11-00A0C91BC942}") = "50Pow", "50Pow\50Pow.vcxproj", "{AA35EEC1-DC9D-418C-B9D9-BD878DE21F00}"
EndProject
Project("{8BC9CEB8-8B4A-11D0-8D11-00A0C91BC942}") = "42TrappingRainWater", "42TrappingRainWater\42TrappingRainWater.vcxproj", "{ED3CF1A2-182D-428A-BCF5-943ECF3027D0}"
EndProject
Project("{8BC9CEB8-8B4A-11D0-8D11-00A0C91BC942}") = "136SingleNumber", "136SingleNumber\136SingleNumber.vcxproj", "{1381EABD-0B18-481E-820B-BC4E9DA5A2DC}"
EndProject
Project("{8BC9CEB8-8B4A-11D0-8D11-00A0C91BC942}") = "141LinkedListCycle", "141LinkedListCycle\141LinkedListCycle.vcxproj", "{E131EC16-ED25-47DA-B016-9A651EA855DF}"
EndProject
Project("{8BC9CEB8-8B4A-11D0-8D11-00A0C91BC942}") = "155MinStack", "155MinStack\155MinStack.vcxproj", "{BE6744FA-ACFB-43C8-A52D-6BC1F769F6CD}"
EndProject
Project("{8BC9CEB8-8B4A-11D0-8D11-00A0C91BC942}") = "54SprialMatrix", "54SprialMatrix\54SprialMatrix.vcxproj", "{7AB0BB13-DBC4-4F6A-B92D-797568B39684}"
EndProject
Project("{8BC9CEB8-8B4A-11D0-8D11-00A0C91BC942}") = "55JumpGame", "55JumpGame\55JumpGame.vcxproj", "{C9E6D8E8-B48A-47B2-8960-92E30F57AB26}"
EndProject
Project("{8BC9CEB8-8B4A-11D0-8D11-00A0C91BC942}") = "160IntersectionofTwoLinkedLists", "160IntersectionofTwoLinkedLists\160IntersectionofTwoLinkedLists.vcxproj", "{B0196176-9F50-4534-9F30-81F45DA15853}"
EndProject
Project("{8BC9CEB8-8B4A-11D0-8D11-00A0C91BC942}") = "169MajorityElement", "169MajorityElement\169MajorityElement.vcxproj", "{FDEEB195-BCBB-4B6C-8A2D-455800E118F3}"
EndProject
Project("{8BC9CEB8-8B4A-11D0-8D11-00A0C91BC942}") = "171ExcelSheetColumnNumber", "171ExcelSheetColumnNumber\171ExcelSheetColumnNumber.vcxproj", "{6A704A8E-23C1-4F5E-BD2F-A8E54848FD0A}"
EndProject
Project("{8BC9CEB8-8B4A-11D0-8D11-00A0C91BC942}") = "56MergeIntervals", "56MergeIntervals\56MergeIntervals.vcxproj", "{EF15E796-3304-4DF4-9159-5B79828EFB3C}"
EndProject
Project("{8BC9CEB8-8B4A-11D0-8D11-00A0C91BC942}") = "62UniquePaths", "62UniquePaths\62UniquePaths.vcxproj", "{C979AD02-CB3C-40E6-97BE-11AFB1BBDAE7}"
EndProject
Project("{8BC9CEB8-8B4A-11D0-8D11-00A0C91BC942}") = "191Numberof1Bits", "191Numberof1Bits\191Numberof1Bits.vcxproj", "{CD1B82C6-7C1F-4E5F-AA20-99CB2BD96FB6}"
EndProject
Project("{8BC9CEB8-8B4A-11D0-8D11-00A0C91BC942}") = "198HouseRobber", "198HouseRobber\198HouseRobber.vcxproj", "{DC690F63-E9BA-46E6-BAB1-344072203F1C}"
EndProject
Project("{8BC9CEB8-8B4A-11D0-8D11-00A0C91BC942}") = "202HappyNumber", "202HappyNumber\202HappyNumber.vcxproj", "{B122D42C-F288-4C25-A18F-3690F99173E7}"
EndProject
Project("{8BC9CEB8-8B4A-11D0-8D11-00A0C91BC942}") = "268MissingNumber", "268MissingNumber\268MissingNumber.vcxproj", "{A7A5A279-EB57-4A26-9DD4-3D6D12B7971F}"
EndProject
Project("{8BC9CEB8-8B4A-11D0-8D11-00A0C91BC942}") = "283MoveZeroes", "283MoveZeros\283MoveZeros.vcxproj", "{C5A78F09-4C85-421C-AF01-8E07839DA3D8}"
EndProject
Project("{8BC9CEB8-8B4A-11D0-8D11-00A0C91BC942}") = "326PowerofThree", "326PowerofThree\326PowerofThree.vcxproj", "{44D0B396-ADCD-4543-A480-1C9C64D11558}"
EndProject
Project("{8BC9CEB8-8B4A-11D0-8D11-00A0C91BC942}") = "344ReverseString", "344ReverseString\344ReverseString.vcxproj", "{246D9F84-ABE5-48C7-B24C-B09853F70604}"
EndProject
Project("{8BC9CEB8-8B4A-11D0-8D11-00A0C91BC942}") = "350IntersectionofTwoArrayII", "350IntersectionofTwoArrayII\350IntersectionofTwoArrayII.vcxproj", "{11F6887D-5596-45E3-A57D-0741510350D1}"
EndProject
Project("{8BC9CEB8-8B4A-11D0-8D11-00A0C91BC942}") = "371SumofTwoIntegers", "371SumofTwoIntegers\371SumofTwoIntegers.vcxproj", "{0C3A6907-C7FC-47A6-A074-16AF23D2F77E}"
EndProject
Project("{8BC9CEB8-8B4A-11D0-8D11-00A0C91BC942}") = "387FirstUniqueCharacterinaString", "387FirstUniqueCharacterinaString\387FirstUniqueCharacterinaString.vcxproj", "{632649CD-864B-4580-B884-E0F241AA28EF}"
EndProject
Project("{8BC9CEB8-8B4A-11D0-8D11-00A0C91BC942}") = "412FizzBuzz", "412FizzBuzz\412FizzBuzz.vcxproj", "{6ED864BA-776C-4105-83F1-99F8141063DA}"
EndProject
Project("{8BC9CEB8-8B4A-11D0-8D11-00A0C91BC942}") = "94BinaryTreeInorderTraversal", "94BinaryTreeInorderTraversal\94BinaryTreeInorderTraversal.vcxproj", "{7269E0BB-8872-4BA8-8533-80AC20F85D78}"
EndProject
Project("{8BC9CEB8-8B4A-11D0-8D11-00A0C91BC942}") = "98ValidateBinarySearchTree", "98ValidateBinarySearchTree\98ValidateBinarySearchTree.vcxproj", "{861A8373-A6C1-40DF-92A4-DA5753753DFC}"
EndProject
Project("{8BC9CEB8-8B4A-11D0-8D11-00A0C91BC942}") = "102BinaryTreeLevelOrderTraversal", "102BinaryTreeLevelOrderTraversal\102BinaryTreeLevelOrderTraversal.vcxproj", "{9E59F8E3-7F3D-431A-A1FF-E02EF69AF6FB}"
EndProject
Project("{8BC9CEB8-8B4A-11D0-8D11-00A0C91BC942}") = "234PalindromeLinkedList", "234PalindromeLinkedList\234PalindromeLinkedList.vcxproj", "{589AB957-9CD1-495C-B2BE-C6AF56FB5A4B}"
EndProject
Project("{8BC9CEB8-8B4A-11D0-8D11-00A0C91BC942}") = "237DeleteNodeinaLinkedList", "237DeleteNodeinaLinkedList\237DeleteNodeinaLinkedList.vcxproj", "{B9310319-E22C-4060-A931-BDC1B599D2BD}"
EndProject
Project("{8BC9CEB8-8B4A-11D0-8D11-00A0C91BC942}") = "242ValidAnagram", "242ValidAnagram\242ValidAnagram.vcxproj", "{4A0F92F8-5803-41B5-92D4-47847E5AE9E2}"
EndProject
Project("{8BC9CEB8-8B4A-11D0-8D11-00A0C91BC942}") = "79WordSearch", "79WordSearch\79WordSearch.vcxproj", "{19739FC6-7EA5-42D2-B2BA-2DB1937935E3}"
EndProject
Project("{8BC9CEB8-8B4A-11D0-8D11-00A0C91BC942}") = "91DecodeWays", "91DecodeWays\91DecodeWays.vcxproj", "{90B3EEEC-AFA4-407E-A3F6-B6E6A67F5E11}"
EndProject
Project("{8BC9CEB8-8B4A-11D0-8D11-00A0C91BC942}") = "103BinaryTreeZigzagLevelOrderTraversal", "103BinaryTreeZigzagLevelOrderTraversal\103BinaryTreeZigzagLevelOrderTraversal.vcxproj", "{625A02DD-B326-4F57-8A5B-AA6ECE0F9510}"
EndProject
Project("{8BC9CEB8-8B4A-11D0-8D11-00A0C91BC942}") = "105ConstructBTfromPreorderandInorder", "105ConstructBTfromPreorderandInorder\105ConstructBTfromPreorderandInorder.vcxproj", "{2C4D3A0E-CFA1-4449-B855-2936977B47FC}"
EndProject
Project("{8BC9CEB8-8B4A-11D0-8D11-00A0C91BC942}") = "116PopulatingNextRightPointersinEachNode", "116PopulatingNextRightPointersinEachNode\116PopulatingNextRightPointersinEachNode.vcxproj", "{98AF091B-AFB6-4B2F-9B51-3BA7DE433317}"
EndProject
Project("{8BC9CEB8-8B4A-11D0-8D11-00A0C91BC942}") = "76MinimumWindowSubstring", "76MinimumWindowSubstring\76MinimumWindowSubstring.vcxproj", "{0009A55B-0083-4216-91BA-D4A6697C13C2}"
EndProject
Project("{8BC9CEB8-8B4A-11D0-8D11-00A0C91BC942}") = "84LagestRectangleinHistogram", "84LagestRectangleinHistogram\84LagestRectangleinHistogram.vcxproj", "{3325446E-D235-417E-8451-8F9E644C0BD8}"
EndProject
Project("{8BC9CEB8-8B4A-11D0-8D11-00A0C91BC942}") = "124BinaryTreeMaximumPathSum", "124BinaryTreeMaximumPathSum\124BinaryTreeMaximumPathSum.vcxproj", "{FCE9F257-E12C-48F6-96A5-886A8307D74F}"
EndProject
Project("{8BC9CEB8-8B4A-11D0-8D11-00A0C91BC942}") = "128LongestConsecutiveSequence", "128LongestConsecutiveSequence\128LongestConsecutiveSequence.vcxproj", "{0361C67F-6DFF-48BA-8A39-686449BF69CB}"
EndProject
Project("{8BC9CEB8-8B4A-11D0-8D11-00A0C91BC942}") = "127WordLadder", "127WordLadder\127WordLadder.vcxproj", "{DBF6B4CB-C3C5-47EE-BB10-5F8AA01D21F7}"
EndProject
Project("{8BC9CEB8-8B4A-11D0-8D11-00A0C91BC942}") = "130SurroundedRegions", "130SurroundedRegions\130SurroundedRegions.vcxproj", "{2FF0EF81-10F0-4B74-98DE-5910B9D52592}"
EndProject
Project("{8BC9CEB8-8B4A-11D0-8D11-00A0C91BC942}") = "131PalindromePartitioning", "131PalindromePartitioning\131PalindromePartitioning.vcxproj", "{1690783C-51B9-4499-8816-89AA790296CD}"
EndProject
Project("{8BC9CEB8-8B4A-11D0-8D11-00A0C91BC942}") = "134GasStation", "134GasStation\134GasStation.vcxproj", "{BCC7120B-D715-4404-9DC9-CA7E4B0A4F2D}"
EndProject
Project("{8BC9CEB8-8B4A-11D0-8D11-00A0C91BC942}") = "138CopyListwithRandomPointer", "138CopyListwithRandomPointer\138CopyListwithRandomPointer.vcxproj", "{D88547A7-8E0E-4289-90A5-BF2675AE0BC6}"
EndProject
Project("{8BC9CEB8-8B4A-11D0-8D11-00A0C91BC942}") = "139WordBreak", "139WordBreak\139WordBreak.vcxproj", "{1500C60B-427C-4C5F-ACB4-64F7CBA88862}"
EndProject
Project("{8BC9CEB8-8B4A-11D0-8D11-00A0C91BC942}") = "148SortList", "148SortList\148SortList.vcxproj", "{132C1687-19D0-4FB4-BE36-AF0FFD2243F7}"
EndProject
Project("{8BC9CEB8-8B4A-11D0-8D11-00A0C91BC942}") = "140WordBreakI", "140WordBreakI\140WordBreakI.vcxproj", "{7D6355F0-A425-4BDE-B46C-F0ED9A306648}"
EndProject
Project("{8BC9CEB8-8B4A-11D0-8D11-00A0C91BC942}") = "150EvaluateReversePolishNotation", "150EvaluateReversePolishNotation\150EvaluateReversePolishNotation.vcxproj", "{B19EEDAA-7CEB-4C90-BFD7-4C384E8FB381}"
EndProject
Project("{8BC9CEB8-8B4A-11D0-8D11-00A0C91BC942}") = "152MaximumProductSubarray", "152MaximumProductSubarray\152MaximumProductSubarray.vcxproj", "{D61A3D0E-0B65-4BE4-B80C-8DFA5CFC250E}"
EndProject
Project("{8BC9CEB8-8B4A-11D0-8D11-00A0C91BC942}") = "162FindPeakElement", "162FindPeakElement\162FindPeakElement.vcxproj", "{657C68CA-97F8-4BB3-9C6E-35D2EF2DD1AE}"
EndProject
Project("{8BC9CEB8-8B4A-11D0-8D11-00A0C91BC942}") = "146LRUCache", "146LRUCache\146LRUCache.vcxproj", "{46DA72AB-84BD-49C0-9588-10BD53BDEE3F}"
EndProject
Project("{8BC9CEB8-8B4A-11D0-8D11-00A0C91BC942}") = "149MaxPointsonaLine", "149MaxPointsonaLine\149MaxPointsonaLine.vcxproj", "{A3A908A5-66AA-42D8-AC61-8891BF0B10EC}"
EndProject
Project("{8BC9CEB8-8B4A-11D0-8D11-00A0C91BC942}") = "179LargestNumber", "179LargestNumber\179LargestNumber.vcxproj", "{3503D83E-8F0C-424C-8499-E42B63776FD5}"
EndProject
Project("{8BC9CEB8-8B4A-11D0-8D11-00A0C91BC942}") = "100NumoberofIslands", "100NumoberofIslands\100NumoberofIslands.vcxproj", "{9AA48019-20D1-4938-A934-A4A894E1B0B7}"
EndProject
Project("{8BC9CEB8-8B4A-11D0-8D11-00A0C91BC942}") = "207CourseSchedule", "207CourseSchedule\207CourseSchedule.vcxproj", "{686138E5-DB8E-4F11-AC7F-B21F143FBCF7}"
EndProject
Project("{8BC9CEB8-8B4A-11D0-8D11-00A0C91BC942}") = "215KthLargestElementinanArray", "215KthLargestElementinanArray\215KthLargestElementinanArray.vcxproj", "{278EF7E7-BB55-43DD-B1A8-D10A7D420854}"
EndProject
Project("{8BC9CEB8-8B4A-11D0-8D11-00A0C91BC942}") = "227BasicCalculatorII", "227BasicCalculatorII\227BasicCalculatorII.vcxproj", "{6E24F5C0-5777-4007-9692-BB8C907DDB69}"
EndProject
Project("{8BC9CEB8-8B4A-11D0-8D11-00A0C91BC942}") = "236LowestCommonAncestorofaBT", "236LowestCommonAncestorofaBT\236LowestCommonAncestorofaBT.vcxproj", "{AC0C2B83-7E3C-4CF4-BEE9-851B0A3FC56D}"
EndProject
Project("{8BC9CEB8-8B4A-11D0-8D11-00A0C91BC942}") = "238ProductofArrayExceptSelf", "238ProductofArrayExceptSelf\238ProductofArrayExceptSelf.vcxproj", "{6DDB39D0-410B-442A-B3B0-F7FD1B963A13}"
EndProject
Project("{8BC9CEB8-8B4A-11D0-8D11-00A0C91BC942}") = "240Searcha2DMatrixII", "240Searcha2DMatrixII\240Searcha2DMatrixII.vcxproj", "{A30BC443-E8BB-46BA-9C1B-9DB2F4FE999E}"
EndProject
Project("{8BC9CEB8-8B4A-11D0-8D11-00A0C91BC942}") = "208ImpelemntTrie", "208ImpelemntTrie\208ImpelemntTrie.vcxproj", "{56C027BC-FDE4-45A4-8590-BDEB09BA23AF}"
EndProject
Project("{8BC9CEB8-8B4A-11D0-8D11-00A0C91BC942}") = "35SearchInsertPosition", "35SearchInsertPosition\35SearchInsertPosition.vcxproj", "{29107C46-D8AB-4031-B054-4C1E26A65157}"
EndProject
Project("{8BC9CEB8-8B4A-11D0-8D11-00A0C91BC942}") = "100SameTree", "100SameTree\100SameTree.vcxproj", "{D85CF1E2-B63A-4CB1-ACDA-25FD295175B0}"
EndProject
Project("{8BC9CEB8-8B4A-11D0-8D11-00A0C91BC942}") = "226InvertBinaryTree", "226InvertBinaryTree\226InvertBinaryTree.vcxproj", "{A55A31AE-B193-4FED-8034-41771FE237D2}"
EndProject
Project("{8BC9CEB8-8B4A-11D0-8D11-00A0C91BC942}") = "437PathSumIII", "437PathSumIII\437PathSumIII.vcxproj", "{7443E564-F2FD-4883-B21F-B46D4A217E08}"
EndProject
Project("{8BC9CEB8-8B4A-11D0-8D11-00A0C91BC942}") = "438FindAllAnagramsinaString", "438FindAllAnagramsinaString\438FindAllAnagramsinaString.vcxproj", "{27036B92-83DC-4F9E-A105-5F0CA97B9CD6}"
EndProject
Project("{8BC9CEB8-8B4A-11D0-8D11-00A0C91BC942}") = "279PerfectSquares", "279PerfectSquares\279PerfectSquares.vcxproj", "{9072A1EE-933D-46CA-A8E3-5ECB452E58E8}"
EndProject
Project("{8BC9CEB8-8B4A-11D0-8D11-00A0C91BC942}") = "287FindtheDuplicateNumber", "287FindtheDuplicateNumber\287FindtheDuplicateNumber.vcxproj", "{A2E520B0-CC0F-4CF6-9373-B0EC99B029ED}"
EndProject
Project("{8BC9CEB8-8B4A-11D0-8D11-00A0C91BC942}") = "289GameofLife", "289GameofLife\289GameofLife.vcxproj", "{959E982C-7E17-4612-A00C-4E04A26CD1C7}"
EndProject
Project("{8BC9CEB8-8B4A-11D0-8D11-00A0C91BC942}") = "212WordSearchII", "212WordSearchII\212WordSearchII.vcxproj", "{6504CD6D-C051-42C7-98E9-5CC6A1EC307B}"
EndProject
Project("{8BC9CEB8-8B4A-11D0-8D11-00A0C91BC942}") = "218TheSkylineProblem", "218TheSkylineProblem\218TheSkylineProblem.vcxproj", "{718A3A1D-8BE2-45A5-86B3-ED1A7F6F0D8F}"
EndProject
Project("{8BC9CEB8-8B4A-11D0-8D11-00A0C91BC942}") = "300LongestIncreasingSubsequence", "300LongestIncreasingSubsequence\300LongestIncreasingSubsequence.vcxproj", "{8B3694BB-10A2-4B7E-909E-F8EDD1DA2EBD}"
EndProject
Project("{8BC9CEB8-8B4A-11D0-8D11-00A0C91BC942}") = "322CoinCHnage", "322CoinCHnage\322CoinCHnage.vcxproj", "{1BC4BE4A-79EB-41A9-9F05-2A88F86FA70D}"
EndProject
Project("{8BC9CEB8-8B4A-11D0-8D11-00A0C91BC942}") = "347TopKFrequentElements", "347TopKFrequentElements\347TopKFrequentElements.vcxproj", "{00EBAFEB-52DF-4FA4-BC9C-9994C7D76238}"
EndProject
Project("{8BC9CEB8-8B4A-11D0-8D11-00A0C91BC942}") = "378KthSmallestElementinaSortedMatrix", "378KthSmallestElementinaSortedMatrix\378KthSmallestElementinaSortedMatrix.vcxproj", "{B617A44A-2307-4A04-8D5A-29DD469E79FE}"
EndProject
Project("{8BC9CEB8-8B4A-11D0-8D11-00A0C91BC942}") = "380InsertDeleteGetRandomO1", "380InsertDeleteGetRandomO1\380InsertDeleteGetRandomO1.vcxproj", "{644B05B8-C729-44E7-8BB4-937E8A32F007}"
EndProject
Project("{8BC9CEB8-8B4A-11D0-8D11-00A0C91BC942}") = "384ShuffleanArray", "384ShuffleanArray\384ShuffleanArray.vcxproj", "{D3A70CC4-EC81-48EF-9B8A-B65D657A8E26}"
EndProject
Global
	GlobalSection(SolutionConfigurationPlatforms) = preSolution
		Debug|x64 = Debug|x64
		Debug|x86 = Debug|x86
		Release|x64 = Release|x64
		Release|x86 = Release|x86
	EndGlobalSection
	GlobalSection(ProjectConfigurationPlatforms) = postSolution
		{A538EBF8-FF0A-46AC-AE67-03FC9389E51A}.Debug|x64.ActiveCfg = Debug|x64
		{A538EBF8-FF0A-46AC-AE67-03FC9389E51A}.Debug|x64.Build.0 = Debug|x64
		{A538EBF8-FF0A-46AC-AE67-03FC9389E51A}.Debug|x86.ActiveCfg = Debug|Win32
		{A538EBF8-FF0A-46AC-AE67-03FC9389E51A}.Debug|x86.Build.0 = Debug|Win32
		{A538EBF8-FF0A-46AC-AE67-03FC9389E51A}.Release|x64.ActiveCfg = Release|x64
		{A538EBF8-FF0A-46AC-AE67-03FC9389E51A}.Release|x64.Build.0 = Release|x64
		{A538EBF8-FF0A-46AC-AE67-03FC9389E51A}.Release|x86.ActiveCfg = Release|Win32
		{A538EBF8-FF0A-46AC-AE67-03FC9389E51A}.Release|x86.Build.0 = Release|Win32
		{1F6BFB91-8418-4FDA-A089-574533F0E303}.Debug|x64.ActiveCfg = Debug|x64
		{1F6BFB91-8418-4FDA-A089-574533F0E303}.Debug|x64.Build.0 = Debug|x64
		{1F6BFB91-8418-4FDA-A089-574533F0E303}.Debug|x86.ActiveCfg = Debug|Win32
		{1F6BFB91-8418-4FDA-A089-574533F0E303}.Debug|x86.Build.0 = Debug|Win32
		{1F6BFB91-8418-4FDA-A089-574533F0E303}.Release|x64.ActiveCfg = Release|x64
		{1F6BFB91-8418-4FDA-A089-574533F0E303}.Release|x64.Build.0 = Release|x64
		{1F6BFB91-8418-4FDA-A089-574533F0E303}.Release|x86.ActiveCfg = Release|Win32
		{1F6BFB91-8418-4FDA-A089-574533F0E303}.Release|x86.Build.0 = Release|Win32
		{7ED04B4F-7A4D-4F49-9A2A-5E36BC793747}.Debug|x64.ActiveCfg = Debug|x64
		{7ED04B4F-7A4D-4F49-9A2A-5E36BC793747}.Debug|x64.Build.0 = Debug|x64
		{7ED04B4F-7A4D-4F49-9A2A-5E36BC793747}.Debug|x86.ActiveCfg = Debug|Win32
		{7ED04B4F-7A4D-4F49-9A2A-5E36BC793747}.Debug|x86.Build.0 = Debug|Win32
		{7ED04B4F-7A4D-4F49-9A2A-5E36BC793747}.Release|x64.ActiveCfg = Release|x64
		{7ED04B4F-7A4D-4F49-9A2A-5E36BC793747}.Release|x64.Build.0 = Release|x64
		{7ED04B4F-7A4D-4F49-9A2A-5E36BC793747}.Release|x86.ActiveCfg = Release|Win32
		{7ED04B4F-7A4D-4F49-9A2A-5E36BC793747}.Release|x86.Build.0 = Release|Win32
		{542E6154-03B3-4DF2-8910-3772E0E97D22}.Debug|x64.ActiveCfg = Debug|x64
		{542E6154-03B3-4DF2-8910-3772E0E97D22}.Debug|x64.Build.0 = Debug|x64
		{542E6154-03B3-4DF2-8910-3772E0E97D22}.Debug|x86.ActiveCfg = Debug|Win32
		{542E6154-03B3-4DF2-8910-3772E0E97D22}.Debug|x86.Build.0 = Debug|Win32
		{542E6154-03B3-4DF2-8910-3772E0E97D22}.Release|x64.ActiveCfg = Release|x64
		{542E6154-03B3-4DF2-8910-3772E0E97D22}.Release|x64.Build.0 = Release|x64
		{542E6154-03B3-4DF2-8910-3772E0E97D22}.Release|x86.ActiveCfg = Release|Win32
		{542E6154-03B3-4DF2-8910-3772E0E97D22}.Release|x86.Build.0 = Release|Win32
		{9F1F72CE-4BDD-41F1-AB3D-EBDB0FC8AEB1}.Debug|x64.ActiveCfg = Debug|x64
		{9F1F72CE-4BDD-41F1-AB3D-EBDB0FC8AEB1}.Debug|x64.Build.0 = Debug|x64
		{9F1F72CE-4BDD-41F1-AB3D-EBDB0FC8AEB1}.Debug|x86.ActiveCfg = Debug|Win32
		{9F1F72CE-4BDD-41F1-AB3D-EBDB0FC8AEB1}.Debug|x86.Build.0 = Debug|Win32
		{9F1F72CE-4BDD-41F1-AB3D-EBDB0FC8AEB1}.Release|x64.ActiveCfg = Release|x64
		{9F1F72CE-4BDD-41F1-AB3D-EBDB0FC8AEB1}.Release|x64.Build.0 = Release|x64
		{9F1F72CE-4BDD-41F1-AB3D-EBDB0FC8AEB1}.Release|x86.ActiveCfg = Release|Win32
		{9F1F72CE-4BDD-41F1-AB3D-EBDB0FC8AEB1}.Release|x86.Build.0 = Release|Win32
		{6C5B1FF0-F10D-4584-BC26-53C034EE7599}.Debug|x64.ActiveCfg = Debug|x64
		{6C5B1FF0-F10D-4584-BC26-53C034EE7599}.Debug|x64.Build.0 = Debug|x64
		{6C5B1FF0-F10D-4584-BC26-53C034EE7599}.Debug|x86.ActiveCfg = Debug|Win32
		{6C5B1FF0-F10D-4584-BC26-53C034EE7599}.Debug|x86.Build.0 = Debug|Win32
		{6C5B1FF0-F10D-4584-BC26-53C034EE7599}.Release|x64.ActiveCfg = Release|x64
		{6C5B1FF0-F10D-4584-BC26-53C034EE7599}.Release|x64.Build.0 = Release|x64
		{6C5B1FF0-F10D-4584-BC26-53C034EE7599}.Release|x86.ActiveCfg = Release|Win32
		{6C5B1FF0-F10D-4584-BC26-53C034EE7599}.Release|x86.Build.0 = Release|Win32
		{59B33F35-F221-46CD-BC40-708AFD248D4C}.Debug|x64.ActiveCfg = Debug|x64
		{59B33F35-F221-46CD-BC40-708AFD248D4C}.Debug|x64.Build.0 = Debug|x64
		{59B33F35-F221-46CD-BC40-708AFD248D4C}.Debug|x86.ActiveCfg = Debug|Win32
		{59B33F35-F221-46CD-BC40-708AFD248D4C}.Debug|x86.Build.0 = Debug|Win32
		{59B33F35-F221-46CD-BC40-708AFD248D4C}.Release|x64.ActiveCfg = Release|x64
		{59B33F35-F221-46CD-BC40-708AFD248D4C}.Release|x64.Build.0 = Release|x64
		{59B33F35-F221-46CD-BC40-708AFD248D4C}.Release|x86.ActiveCfg = Release|Win32
		{59B33F35-F221-46CD-BC40-708AFD248D4C}.Release|x86.Build.0 = Release|Win32
		{7EE64A6D-3976-4B67-BA8D-31653CE5D29B}.Debug|x64.ActiveCfg = Debug|x64
		{7EE64A6D-3976-4B67-BA8D-31653CE5D29B}.Debug|x64.Build.0 = Debug|x64
		{7EE64A6D-3976-4B67-BA8D-31653CE5D29B}.Debug|x86.ActiveCfg = Debug|Win32
		{7EE64A6D-3976-4B67-BA8D-31653CE5D29B}.Debug|x86.Build.0 = Debug|Win32
		{7EE64A6D-3976-4B67-BA8D-31653CE5D29B}.Release|x64.ActiveCfg = Release|x64
		{7EE64A6D-3976-4B67-BA8D-31653CE5D29B}.Release|x64.Build.0 = Release|x64
		{7EE64A6D-3976-4B67-BA8D-31653CE5D29B}.Release|x86.ActiveCfg = Release|Win32
		{7EE64A6D-3976-4B67-BA8D-31653CE5D29B}.Release|x86.Build.0 = Release|Win32
		{C647BF20-56B1-4001-A1ED-8234235302F4}.Debug|x64.ActiveCfg = Debug|x64
		{C647BF20-56B1-4001-A1ED-8234235302F4}.Debug|x64.Build.0 = Debug|x64
		{C647BF20-56B1-4001-A1ED-8234235302F4}.Debug|x86.ActiveCfg = Debug|Win32
		{C647BF20-56B1-4001-A1ED-8234235302F4}.Debug|x86.Build.0 = Debug|Win32
		{C647BF20-56B1-4001-A1ED-8234235302F4}.Release|x64.ActiveCfg = Release|x64
		{C647BF20-56B1-4001-A1ED-8234235302F4}.Release|x64.Build.0 = Release|x64
		{C647BF20-56B1-4001-A1ED-8234235302F4}.Release|x86.ActiveCfg = Release|Win32
		{C647BF20-56B1-4001-A1ED-8234235302F4}.Release|x86.Build.0 = Release|Win32
		{78940AF6-A8A3-477C-9DAD-7AABD696F2B3}.Debug|x64.ActiveCfg = Debug|x64
		{78940AF6-A8A3-477C-9DAD-7AABD696F2B3}.Debug|x64.Build.0 = Debug|x64
		{78940AF6-A8A3-477C-9DAD-7AABD696F2B3}.Debug|x86.ActiveCfg = Debug|Win32
		{78940AF6-A8A3-477C-9DAD-7AABD696F2B3}.Debug|x86.Build.0 = Debug|Win32
		{78940AF6-A8A3-477C-9DAD-7AABD696F2B3}.Release|x64.ActiveCfg = Release|x64
		{78940AF6-A8A3-477C-9DAD-7AABD696F2B3}.Release|x64.Build.0 = Release|x64
		{78940AF6-A8A3-477C-9DAD-7AABD696F2B3}.Release|x86.ActiveCfg = Release|Win32
		{78940AF6-A8A3-477C-9DAD-7AABD696F2B3}.Release|x86.Build.0 = Release|Win32
		{39C5627B-9F0E-468C-A99C-DF5D01E394EF}.Debug|x64.ActiveCfg = Debug|x64
		{39C5627B-9F0E-468C-A99C-DF5D01E394EF}.Debug|x64.Build.0 = Debug|x64
		{39C5627B-9F0E-468C-A99C-DF5D01E394EF}.Debug|x86.ActiveCfg = Debug|Win32
		{39C5627B-9F0E-468C-A99C-DF5D01E394EF}.Debug|x86.Build.0 = Debug|Win32
		{39C5627B-9F0E-468C-A99C-DF5D01E394EF}.Release|x64.ActiveCfg = Release|x64
		{39C5627B-9F0E-468C-A99C-DF5D01E394EF}.Release|x64.Build.0 = Release|x64
		{39C5627B-9F0E-468C-A99C-DF5D01E394EF}.Release|x86.ActiveCfg = Release|Win32
		{39C5627B-9F0E-468C-A99C-DF5D01E394EF}.Release|x86.Build.0 = Release|Win32
		{3068C9E6-FA5C-42DC-B010-DC439FA74AE3}.Debug|x64.ActiveCfg = Debug|x64
		{3068C9E6-FA5C-42DC-B010-DC439FA74AE3}.Debug|x64.Build.0 = Debug|x64
		{3068C9E6-FA5C-42DC-B010-DC439FA74AE3}.Debug|x86.ActiveCfg = Debug|Win32
		{3068C9E6-FA5C-42DC-B010-DC439FA74AE3}.Debug|x86.Build.0 = Debug|Win32
		{3068C9E6-FA5C-42DC-B010-DC439FA74AE3}.Release|x64.ActiveCfg = Release|x64
		{3068C9E6-FA5C-42DC-B010-DC439FA74AE3}.Release|x64.Build.0 = Release|x64
		{3068C9E6-FA5C-42DC-B010-DC439FA74AE3}.Release|x86.ActiveCfg = Release|Win32
		{3068C9E6-FA5C-42DC-B010-DC439FA74AE3}.Release|x86.Build.0 = Release|Win32
		{58392FDC-1841-41C4-8122-22413746E2A5}.Debug|x64.ActiveCfg = Debug|x64
		{58392FDC-1841-41C4-8122-22413746E2A5}.Debug|x64.Build.0 = Debug|x64
		{58392FDC-1841-41C4-8122-22413746E2A5}.Debug|x86.ActiveCfg = Debug|Win32
		{58392FDC-1841-41C4-8122-22413746E2A5}.Debug|x86.Build.0 = Debug|Win32
		{58392FDC-1841-41C4-8122-22413746E2A5}.Release|x64.ActiveCfg = Release|x64
		{58392FDC-1841-41C4-8122-22413746E2A5}.Release|x64.Build.0 = Release|x64
		{58392FDC-1841-41C4-8122-22413746E2A5}.Release|x86.ActiveCfg = Release|Win32
		{58392FDC-1841-41C4-8122-22413746E2A5}.Release|x86.Build.0 = Release|Win32
		{07862997-0E97-48FB-9BFC-76887EB65C2E}.Debug|x64.ActiveCfg = Debug|x64
		{07862997-0E97-48FB-9BFC-76887EB65C2E}.Debug|x64.Build.0 = Debug|x64
		{07862997-0E97-48FB-9BFC-76887EB65C2E}.Debug|x86.ActiveCfg = Debug|Win32
		{07862997-0E97-48FB-9BFC-76887EB65C2E}.Debug|x86.Build.0 = Debug|Win32
		{07862997-0E97-48FB-9BFC-76887EB65C2E}.Release|x64.ActiveCfg = Release|x64
		{07862997-0E97-48FB-9BFC-76887EB65C2E}.Release|x64.Build.0 = Release|x64
		{07862997-0E97-48FB-9BFC-76887EB65C2E}.Release|x86.ActiveCfg = Release|Win32
		{07862997-0E97-48FB-9BFC-76887EB65C2E}.Release|x86.Build.0 = Release|Win32
		{2D32DD54-752B-424F-A8AC-0AB74553B8AE}.Debug|x64.ActiveCfg = Debug|x64
		{2D32DD54-752B-424F-A8AC-0AB74553B8AE}.Debug|x64.Build.0 = Debug|x64
		{2D32DD54-752B-424F-A8AC-0AB74553B8AE}.Debug|x86.ActiveCfg = Debug|Win32
		{2D32DD54-752B-424F-A8AC-0AB74553B8AE}.Debug|x86.Build.0 = Debug|Win32
		{2D32DD54-752B-424F-A8AC-0AB74553B8AE}.Release|x64.ActiveCfg = Release|x64
		{2D32DD54-752B-424F-A8AC-0AB74553B8AE}.Release|x64.Build.0 = Release|x64
		{2D32DD54-752B-424F-A8AC-0AB74553B8AE}.Release|x86.ActiveCfg = Release|Win32
		{2D32DD54-752B-424F-A8AC-0AB74553B8AE}.Release|x86.Build.0 = Release|Win32
		{5459DFA4-EC06-4AB0-ACD9-2858B3F098FE}.Debug|x64.ActiveCfg = Debug|x64
		{5459DFA4-EC06-4AB0-ACD9-2858B3F098FE}.Debug|x64.Build.0 = Debug|x64
		{5459DFA4-EC06-4AB0-ACD9-2858B3F098FE}.Debug|x86.ActiveCfg = Debug|Win32
		{5459DFA4-EC06-4AB0-ACD9-2858B3F098FE}.Debug|x86.Build.0 = Debug|Win32
		{5459DFA4-EC06-4AB0-ACD9-2858B3F098FE}.Release|x64.ActiveCfg = Release|x64
		{5459DFA4-EC06-4AB0-ACD9-2858B3F098FE}.Release|x64.Build.0 = Release|x64
		{5459DFA4-EC06-4AB0-ACD9-2858B3F098FE}.Release|x86.ActiveCfg = Release|Win32
		{5459DFA4-EC06-4AB0-ACD9-2858B3F098FE}.Release|x86.Build.0 = Release|Win32
		{01937810-CFC3-49D4-8359-8BD99CC5EB91}.Debug|x64.ActiveCfg = Debug|x64
		{01937810-CFC3-49D4-8359-8BD99CC5EB91}.Debug|x64.Build.0 = Debug|x64
		{01937810-CFC3-49D4-8359-8BD99CC5EB91}.Debug|x86.ActiveCfg = Debug|Win32
		{01937810-CFC3-49D4-8359-8BD99CC5EB91}.Debug|x86.Build.0 = Debug|Win32
		{01937810-CFC3-49D4-8359-8BD99CC5EB91}.Release|x64.ActiveCfg = Release|x64
		{01937810-CFC3-49D4-8359-8BD99CC5EB91}.Release|x64.Build.0 = Release|x64
		{01937810-CFC3-49D4-8359-8BD99CC5EB91}.Release|x86.ActiveCfg = Release|Win32
		{01937810-CFC3-49D4-8359-8BD99CC5EB91}.Release|x86.Build.0 = Release|Win32
		{40F38B7C-29F2-4AF4-A2AF-1043F6E4E2D5}.Debug|x64.ActiveCfg = Debug|x64
		{40F38B7C-29F2-4AF4-A2AF-1043F6E4E2D5}.Debug|x64.Build.0 = Debug|x64
		{40F38B7C-29F2-4AF4-A2AF-1043F6E4E2D5}.Debug|x86.ActiveCfg = Debug|Win32
		{40F38B7C-29F2-4AF4-A2AF-1043F6E4E2D5}.Debug|x86.Build.0 = Debug|Win32
		{40F38B7C-29F2-4AF4-A2AF-1043F6E4E2D5}.Release|x64.ActiveCfg = Release|x64
		{40F38B7C-29F2-4AF4-A2AF-1043F6E4E2D5}.Release|x64.Build.0 = Release|x64
		{40F38B7C-29F2-4AF4-A2AF-1043F6E4E2D5}.Release|x86.ActiveCfg = Release|Win32
		{40F38B7C-29F2-4AF4-A2AF-1043F6E4E2D5}.Release|x86.Build.0 = Release|Win32
		{013AFDA8-26EA-4961-8427-2A74D9FC5D5A}.Debug|x64.ActiveCfg = Debug|x64
		{013AFDA8-26EA-4961-8427-2A74D9FC5D5A}.Debug|x64.Build.0 = Debug|x64
		{013AFDA8-26EA-4961-8427-2A74D9FC5D5A}.Debug|x86.ActiveCfg = Debug|Win32
		{013AFDA8-26EA-4961-8427-2A74D9FC5D5A}.Debug|x86.Build.0 = Debug|Win32
		{013AFDA8-26EA-4961-8427-2A74D9FC5D5A}.Release|x64.ActiveCfg = Release|x64
		{013AFDA8-26EA-4961-8427-2A74D9FC5D5A}.Release|x64.Build.0 = Release|x64
		{013AFDA8-26EA-4961-8427-2A74D9FC5D5A}.Release|x86.ActiveCfg = Release|Win32
		{013AFDA8-26EA-4961-8427-2A74D9FC5D5A}.Release|x86.Build.0 = Release|Win32
		{679CA145-1F5D-4425-A949-2B4BB4E93ABC}.Debug|x64.ActiveCfg = Debug|x64
		{679CA145-1F5D-4425-A949-2B4BB4E93ABC}.Debug|x64.Build.0 = Debug|x64
		{679CA145-1F5D-4425-A949-2B4BB4E93ABC}.Debug|x86.ActiveCfg = Debug|Win32
		{679CA145-1F5D-4425-A949-2B4BB4E93ABC}.Debug|x86.Build.0 = Debug|Win32
		{679CA145-1F5D-4425-A949-2B4BB4E93ABC}.Release|x64.ActiveCfg = Release|x64
		{679CA145-1F5D-4425-A949-2B4BB4E93ABC}.Release|x64.Build.0 = Release|x64
		{679CA145-1F5D-4425-A949-2B4BB4E93ABC}.Release|x86.ActiveCfg = Release|Win32
		{679CA145-1F5D-4425-A949-2B4BB4E93ABC}.Release|x86.Build.0 = Release|Win32
		{5805781D-3D57-4291-B1D9-CC2697F26B79}.Debug|x64.ActiveCfg = Debug|x64
		{5805781D-3D57-4291-B1D9-CC2697F26B79}.Debug|x64.Build.0 = Debug|x64
		{5805781D-3D57-4291-B1D9-CC2697F26B79}.Debug|x86.ActiveCfg = Debug|Win32
		{5805781D-3D57-4291-B1D9-CC2697F26B79}.Debug|x86.Build.0 = Debug|Win32
		{5805781D-3D57-4291-B1D9-CC2697F26B79}.Release|x64.ActiveCfg = Release|x64
		{5805781D-3D57-4291-B1D9-CC2697F26B79}.Release|x64.Build.0 = Release|x64
		{5805781D-3D57-4291-B1D9-CC2697F26B79}.Release|x86.ActiveCfg = Release|Win32
		{5805781D-3D57-4291-B1D9-CC2697F26B79}.Release|x86.Build.0 = Release|Win32
		{05FFB3BA-191D-4A7D-A7A0-4162E3ED360C}.Debug|x64.ActiveCfg = Debug|x64
		{05FFB3BA-191D-4A7D-A7A0-4162E3ED360C}.Debug|x64.Build.0 = Debug|x64
		{05FFB3BA-191D-4A7D-A7A0-4162E3ED360C}.Debug|x86.ActiveCfg = Debug|Win32
		{05FFB3BA-191D-4A7D-A7A0-4162E3ED360C}.Debug|x86.Build.0 = Debug|Win32
		{05FFB3BA-191D-4A7D-A7A0-4162E3ED360C}.Release|x64.ActiveCfg = Release|x64
		{05FFB3BA-191D-4A7D-A7A0-4162E3ED360C}.Release|x64.Build.0 = Release|x64
		{05FFB3BA-191D-4A7D-A7A0-4162E3ED360C}.Release|x86.ActiveCfg = Release|Win32
		{05FFB3BA-191D-4A7D-A7A0-4162E3ED360C}.Release|x86.Build.0 = Release|Win32
		{50678291-7062-4295-A6C4-72718DE06EEB}.Debug|x64.ActiveCfg = Debug|x64
		{50678291-7062-4295-A6C4-72718DE06EEB}.Debug|x64.Build.0 = Debug|x64
		{50678291-7062-4295-A6C4-72718DE06EEB}.Debug|x86.ActiveCfg = Debug|Win32
		{50678291-7062-4295-A6C4-72718DE06EEB}.Debug|x86.Build.0 = Debug|Win32
		{50678291-7062-4295-A6C4-72718DE06EEB}.Release|x64.ActiveCfg = Release|x64
		{50678291-7062-4295-A6C4-72718DE06EEB}.Release|x64.Build.0 = Release|x64
		{50678291-7062-4295-A6C4-72718DE06EEB}.Release|x86.ActiveCfg = Release|Win32
		{50678291-7062-4295-A6C4-72718DE06EEB}.Release|x86.Build.0 = Release|Win32
		{26C0E700-3667-4AB4-903C-20A21230A7EB}.Debug|x64.ActiveCfg = Debug|x64
		{26C0E700-3667-4AB4-903C-20A21230A7EB}.Debug|x64.Build.0 = Debug|x64
		{26C0E700-3667-4AB4-903C-20A21230A7EB}.Debug|x86.ActiveCfg = Debug|Win32
		{26C0E700-3667-4AB4-903C-20A21230A7EB}.Debug|x86.Build.0 = Debug|Win32
		{26C0E700-3667-4AB4-903C-20A21230A7EB}.Release|x64.ActiveCfg = Release|x64
		{26C0E700-3667-4AB4-903C-20A21230A7EB}.Release|x64.Build.0 = Release|x64
		{26C0E700-3667-4AB4-903C-20A21230A7EB}.Release|x86.ActiveCfg = Release|Win32
		{26C0E700-3667-4AB4-903C-20A21230A7EB}.Release|x86.Build.0 = Release|Win32
		{D79B7C8D-C531-40B2-8860-B6F702C52F4B}.Debug|x64.ActiveCfg = Debug|x64
		{D79B7C8D-C531-40B2-8860-B6F702C52F4B}.Debug|x64.Build.0 = Debug|x64
		{D79B7C8D-C531-40B2-8860-B6F702C52F4B}.Debug|x86.ActiveCfg = Debug|Win32
		{D79B7C8D-C531-40B2-8860-B6F702C52F4B}.Debug|x86.Build.0 = Debug|Win32
		{D79B7C8D-C531-40B2-8860-B6F702C52F4B}.Release|x64.ActiveCfg = Release|x64
		{D79B7C8D-C531-40B2-8860-B6F702C52F4B}.Release|x64.Build.0 = Release|x64
		{D79B7C8D-C531-40B2-8860-B6F702C52F4B}.Release|x86.ActiveCfg = Release|Win32
		{D79B7C8D-C531-40B2-8860-B6F702C52F4B}.Release|x86.Build.0 = Release|Win32
		{AA35EEC1-DC9D-418C-B9D9-BD878DE21F00}.Debug|x64.ActiveCfg = Debug|x64
		{AA35EEC1-DC9D-418C-B9D9-BD878DE21F00}.Debug|x64.Build.0 = Debug|x64
		{AA35EEC1-DC9D-418C-B9D9-BD878DE21F00}.Debug|x86.ActiveCfg = Debug|Win32
		{AA35EEC1-DC9D-418C-B9D9-BD878DE21F00}.Debug|x86.Build.0 = Debug|Win32
		{AA35EEC1-DC9D-418C-B9D9-BD878DE21F00}.Release|x64.ActiveCfg = Release|x64
		{AA35EEC1-DC9D-418C-B9D9-BD878DE21F00}.Release|x64.Build.0 = Release|x64
		{AA35EEC1-DC9D-418C-B9D9-BD878DE21F00}.Release|x86.ActiveCfg = Release|Win32
		{AA35EEC1-DC9D-418C-B9D9-BD878DE21F00}.Release|x86.Build.0 = Release|Win32
		{ED3CF1A2-182D-428A-BCF5-943ECF3027D0}.Debug|x64.ActiveCfg = Debug|x64
		{ED3CF1A2-182D-428A-BCF5-943ECF3027D0}.Debug|x64.Build.0 = Debug|x64
		{ED3CF1A2-182D-428A-BCF5-943ECF3027D0}.Debug|x86.ActiveCfg = Debug|Win32
		{ED3CF1A2-182D-428A-BCF5-943ECF3027D0}.Debug|x86.Build.0 = Debug|Win32
		{ED3CF1A2-182D-428A-BCF5-943ECF3027D0}.Release|x64.ActiveCfg = Release|x64
		{ED3CF1A2-182D-428A-BCF5-943ECF3027D0}.Release|x64.Build.0 = Release|x64
		{ED3CF1A2-182D-428A-BCF5-943ECF3027D0}.Release|x86.ActiveCfg = Release|Win32
		{ED3CF1A2-182D-428A-BCF5-943ECF3027D0}.Release|x86.Build.0 = Release|Win32
		{1381EABD-0B18-481E-820B-BC4E9DA5A2DC}.Debug|x64.ActiveCfg = Debug|x64
		{1381EABD-0B18-481E-820B-BC4E9DA5A2DC}.Debug|x64.Build.0 = Debug|x64
		{1381EABD-0B18-481E-820B-BC4E9DA5A2DC}.Debug|x86.ActiveCfg = Debug|Win32
		{1381EABD-0B18-481E-820B-BC4E9DA5A2DC}.Debug|x86.Build.0 = Debug|Win32
		{1381EABD-0B18-481E-820B-BC4E9DA5A2DC}.Release|x64.ActiveCfg = Release|x64
		{1381EABD-0B18-481E-820B-BC4E9DA5A2DC}.Release|x64.Build.0 = Release|x64
		{1381EABD-0B18-481E-820B-BC4E9DA5A2DC}.Release|x86.ActiveCfg = Release|Win32
		{1381EABD-0B18-481E-820B-BC4E9DA5A2DC}.Release|x86.Build.0 = Release|Win32
		{E131EC16-ED25-47DA-B016-9A651EA855DF}.Debug|x64.ActiveCfg = Debug|x64
		{E131EC16-ED25-47DA-B016-9A651EA855DF}.Debug|x64.Build.0 = Debug|x64
		{E131EC16-ED25-47DA-B016-9A651EA855DF}.Debug|x86.ActiveCfg = Debug|Win32
		{E131EC16-ED25-47DA-B016-9A651EA855DF}.Debug|x86.Build.0 = Debug|Win32
		{E131EC16-ED25-47DA-B016-9A651EA855DF}.Release|x64.ActiveCfg = Release|x64
		{E131EC16-ED25-47DA-B016-9A651EA855DF}.Release|x64.Build.0 = Release|x64
		{E131EC16-ED25-47DA-B016-9A651EA855DF}.Release|x86.ActiveCfg = Release|Win32
		{E131EC16-ED25-47DA-B016-9A651EA855DF}.Release|x86.Build.0 = Release|Win32
		{BE6744FA-ACFB-43C8-A52D-6BC1F769F6CD}.Debug|x64.ActiveCfg = Debug|x64
		{BE6744FA-ACFB-43C8-A52D-6BC1F769F6CD}.Debug|x64.Build.0 = Debug|x64
		{BE6744FA-ACFB-43C8-A52D-6BC1F769F6CD}.Debug|x86.ActiveCfg = Debug|Win32
		{BE6744FA-ACFB-43C8-A52D-6BC1F769F6CD}.Debug|x86.Build.0 = Debug|Win32
		{BE6744FA-ACFB-43C8-A52D-6BC1F769F6CD}.Release|x64.ActiveCfg = Release|x64
		{BE6744FA-ACFB-43C8-A52D-6BC1F769F6CD}.Release|x64.Build.0 = Release|x64
		{BE6744FA-ACFB-43C8-A52D-6BC1F769F6CD}.Release|x86.ActiveCfg = Release|Win32
		{BE6744FA-ACFB-43C8-A52D-6BC1F769F6CD}.Release|x86.Build.0 = Release|Win32
		{7AB0BB13-DBC4-4F6A-B92D-797568B39684}.Debug|x64.ActiveCfg = Debug|x64
		{7AB0BB13-DBC4-4F6A-B92D-797568B39684}.Debug|x64.Build.0 = Debug|x64
		{7AB0BB13-DBC4-4F6A-B92D-797568B39684}.Debug|x86.ActiveCfg = Debug|Win32
		{7AB0BB13-DBC4-4F6A-B92D-797568B39684}.Debug|x86.Build.0 = Debug|Win32
		{7AB0BB13-DBC4-4F6A-B92D-797568B39684}.Release|x64.ActiveCfg = Release|x64
		{7AB0BB13-DBC4-4F6A-B92D-797568B39684}.Release|x64.Build.0 = Release|x64
		{7AB0BB13-DBC4-4F6A-B92D-797568B39684}.Release|x86.ActiveCfg = Release|Win32
		{7AB0BB13-DBC4-4F6A-B92D-797568B39684}.Release|x86.Build.0 = Release|Win32
		{C9E6D8E8-B48A-47B2-8960-92E30F57AB26}.Debug|x64.ActiveCfg = Debug|x64
		{C9E6D8E8-B48A-47B2-8960-92E30F57AB26}.Debug|x64.Build.0 = Debug|x64
		{C9E6D8E8-B48A-47B2-8960-92E30F57AB26}.Debug|x86.ActiveCfg = Debug|Win32
		{C9E6D8E8-B48A-47B2-8960-92E30F57AB26}.Debug|x86.Build.0 = Debug|Win32
		{C9E6D8E8-B48A-47B2-8960-92E30F57AB26}.Release|x64.ActiveCfg = Release|x64
		{C9E6D8E8-B48A-47B2-8960-92E30F57AB26}.Release|x64.Build.0 = Release|x64
		{C9E6D8E8-B48A-47B2-8960-92E30F57AB26}.Release|x86.ActiveCfg = Release|Win32
		{C9E6D8E8-B48A-47B2-8960-92E30F57AB26}.Release|x86.Build.0 = Release|Win32
		{B0196176-9F50-4534-9F30-81F45DA15853}.Debug|x64.ActiveCfg = Debug|x64
		{B0196176-9F50-4534-9F30-81F45DA15853}.Debug|x64.Build.0 = Debug|x64
		{B0196176-9F50-4534-9F30-81F45DA15853}.Debug|x86.ActiveCfg = Debug|Win32
		{B0196176-9F50-4534-9F30-81F45DA15853}.Debug|x86.Build.0 = Debug|Win32
		{B0196176-9F50-4534-9F30-81F45DA15853}.Release|x64.ActiveCfg = Release|x64
		{B0196176-9F50-4534-9F30-81F45DA15853}.Release|x64.Build.0 = Release|x64
		{B0196176-9F50-4534-9F30-81F45DA15853}.Release|x86.ActiveCfg = Release|Win32
		{B0196176-9F50-4534-9F30-81F45DA15853}.Release|x86.Build.0 = Release|Win32
		{FDEEB195-BCBB-4B6C-8A2D-455800E118F3}.Debug|x64.ActiveCfg = Debug|x64
		{FDEEB195-BCBB-4B6C-8A2D-455800E118F3}.Debug|x64.Build.0 = Debug|x64
		{FDEEB195-BCBB-4B6C-8A2D-455800E118F3}.Debug|x86.ActiveCfg = Debug|Win32
		{FDEEB195-BCBB-4B6C-8A2D-455800E118F3}.Debug|x86.Build.0 = Debug|Win32
		{FDEEB195-BCBB-4B6C-8A2D-455800E118F3}.Release|x64.ActiveCfg = Release|x64
		{FDEEB195-BCBB-4B6C-8A2D-455800E118F3}.Release|x64.Build.0 = Release|x64
		{FDEEB195-BCBB-4B6C-8A2D-455800E118F3}.Release|x86.ActiveCfg = Release|Win32
		{FDEEB195-BCBB-4B6C-8A2D-455800E118F3}.Release|x86.Build.0 = Release|Win32
		{6A704A8E-23C1-4F5E-BD2F-A8E54848FD0A}.Debug|x64.ActiveCfg = Debug|x64
		{6A704A8E-23C1-4F5E-BD2F-A8E54848FD0A}.Debug|x64.Build.0 = Debug|x64
		{6A704A8E-23C1-4F5E-BD2F-A8E54848FD0A}.Debug|x86.ActiveCfg = Debug|Win32
		{6A704A8E-23C1-4F5E-BD2F-A8E54848FD0A}.Debug|x86.Build.0 = Debug|Win32
		{6A704A8E-23C1-4F5E-BD2F-A8E54848FD0A}.Release|x64.ActiveCfg = Release|x64
		{6A704A8E-23C1-4F5E-BD2F-A8E54848FD0A}.Release|x64.Build.0 = Release|x64
		{6A704A8E-23C1-4F5E-BD2F-A8E54848FD0A}.Release|x86.ActiveCfg = Release|Win32
		{6A704A8E-23C1-4F5E-BD2F-A8E54848FD0A}.Release|x86.Build.0 = Release|Win32
		{EF15E796-3304-4DF4-9159-5B79828EFB3C}.Debug|x64.ActiveCfg = Debug|x64
		{EF15E796-3304-4DF4-9159-5B79828EFB3C}.Debug|x64.Build.0 = Debug|x64
		{EF15E796-3304-4DF4-9159-5B79828EFB3C}.Debug|x86.ActiveCfg = Debug|Win32
		{EF15E796-3304-4DF4-9159-5B79828EFB3C}.Debug|x86.Build.0 = Debug|Win32
		{EF15E796-3304-4DF4-9159-5B79828EFB3C}.Release|x64.ActiveCfg = Release|x64
		{EF15E796-3304-4DF4-9159-5B79828EFB3C}.Release|x64.Build.0 = Release|x64
		{EF15E796-3304-4DF4-9159-5B79828EFB3C}.Release|x86.ActiveCfg = Release|Win32
		{EF15E796-3304-4DF4-9159-5B79828EFB3C}.Release|x86.Build.0 = Release|Win32
		{C979AD02-CB3C-40E6-97BE-11AFB1BBDAE7}.Debug|x64.ActiveCfg = Debug|x64
		{C979AD02-CB3C-40E6-97BE-11AFB1BBDAE7}.Debug|x64.Build.0 = Debug|x64
		{C979AD02-CB3C-40E6-97BE-11AFB1BBDAE7}.Debug|x86.ActiveCfg = Debug|Win32
		{C979AD02-CB3C-40E6-97BE-11AFB1BBDAE7}.Debug|x86.Build.0 = Debug|Win32
		{C979AD02-CB3C-40E6-97BE-11AFB1BBDAE7}.Release|x64.ActiveCfg = Release|x64
		{C979AD02-CB3C-40E6-97BE-11AFB1BBDAE7}.Release|x64.Build.0 = Release|x64
		{C979AD02-CB3C-40E6-97BE-11AFB1BBDAE7}.Release|x86.ActiveCfg = Release|Win32
		{C979AD02-CB3C-40E6-97BE-11AFB1BBDAE7}.Release|x86.Build.0 = Release|Win32
		{CD1B82C6-7C1F-4E5F-AA20-99CB2BD96FB6}.Debug|x64.ActiveCfg = Debug|x64
		{CD1B82C6-7C1F-4E5F-AA20-99CB2BD96FB6}.Debug|x64.Build.0 = Debug|x64
		{CD1B82C6-7C1F-4E5F-AA20-99CB2BD96FB6}.Debug|x86.ActiveCfg = Debug|Win32
		{CD1B82C6-7C1F-4E5F-AA20-99CB2BD96FB6}.Debug|x86.Build.0 = Debug|Win32
		{CD1B82C6-7C1F-4E5F-AA20-99CB2BD96FB6}.Release|x64.ActiveCfg = Release|x64
		{CD1B82C6-7C1F-4E5F-AA20-99CB2BD96FB6}.Release|x64.Build.0 = Release|x64
		{CD1B82C6-7C1F-4E5F-AA20-99CB2BD96FB6}.Release|x86.ActiveCfg = Release|Win32
		{CD1B82C6-7C1F-4E5F-AA20-99CB2BD96FB6}.Release|x86.Build.0 = Release|Win32
		{DC690F63-E9BA-46E6-BAB1-344072203F1C}.Debug|x64.ActiveCfg = Debug|x64
		{DC690F63-E9BA-46E6-BAB1-344072203F1C}.Debug|x64.Build.0 = Debug|x64
		{DC690F63-E9BA-46E6-BAB1-344072203F1C}.Debug|x86.ActiveCfg = Debug|Win32
		{DC690F63-E9BA-46E6-BAB1-344072203F1C}.Debug|x86.Build.0 = Debug|Win32
		{DC690F63-E9BA-46E6-BAB1-344072203F1C}.Release|x64.ActiveCfg = Release|x64
		{DC690F63-E9BA-46E6-BAB1-344072203F1C}.Release|x64.Build.0 = Release|x64
		{DC690F63-E9BA-46E6-BAB1-344072203F1C}.Release|x86.ActiveCfg = Release|Win32
		{DC690F63-E9BA-46E6-BAB1-344072203F1C}.Release|x86.Build.0 = Release|Win32
		{B122D42C-F288-4C25-A18F-3690F99173E7}.Debug|x64.ActiveCfg = Debug|x64
		{B122D42C-F288-4C25-A18F-3690F99173E7}.Debug|x64.Build.0 = Debug|x64
		{B122D42C-F288-4C25-A18F-3690F99173E7}.Debug|x86.ActiveCfg = Debug|Win32
		{B122D42C-F288-4C25-A18F-3690F99173E7}.Debug|x86.Build.0 = Debug|Win32
		{B122D42C-F288-4C25-A18F-3690F99173E7}.Release|x64.ActiveCfg = Release|x64
		{B122D42C-F288-4C25-A18F-3690F99173E7}.Release|x64.Build.0 = Release|x64
		{B122D42C-F288-4C25-A18F-3690F99173E7}.Release|x86.ActiveCfg = Release|Win32
		{B122D42C-F288-4C25-A18F-3690F99173E7}.Release|x86.Build.0 = Release|Win32
		{A7A5A279-EB57-4A26-9DD4-3D6D12B7971F}.Debug|x64.ActiveCfg = Debug|x64
		{A7A5A279-EB57-4A26-9DD4-3D6D12B7971F}.Debug|x64.Build.0 = Debug|x64
		{A7A5A279-EB57-4A26-9DD4-3D6D12B7971F}.Debug|x86.ActiveCfg = Debug|Win32
		{A7A5A279-EB57-4A26-9DD4-3D6D12B7971F}.Debug|x86.Build.0 = Debug|Win32
		{A7A5A279-EB57-4A26-9DD4-3D6D12B7971F}.Release|x64.ActiveCfg = Release|x64
		{A7A5A279-EB57-4A26-9DD4-3D6D12B7971F}.Release|x64.Build.0 = Release|x64
		{A7A5A279-EB57-4A26-9DD4-3D6D12B7971F}.Release|x86.ActiveCfg = Release|Win32
		{A7A5A279-EB57-4A26-9DD4-3D6D12B7971F}.Release|x86.Build.0 = Release|Win32
		{C5A78F09-4C85-421C-AF01-8E07839DA3D8}.Debug|x64.ActiveCfg = Debug|x64
		{C5A78F09-4C85-421C-AF01-8E07839DA3D8}.Debug|x64.Build.0 = Debug|x64
		{C5A78F09-4C85-421C-AF01-8E07839DA3D8}.Debug|x86.ActiveCfg = Debug|Win32
		{C5A78F09-4C85-421C-AF01-8E07839DA3D8}.Debug|x86.Build.0 = Debug|Win32
		{C5A78F09-4C85-421C-AF01-8E07839DA3D8}.Release|x64.ActiveCfg = Release|x64
		{C5A78F09-4C85-421C-AF01-8E07839DA3D8}.Release|x64.Build.0 = Release|x64
		{C5A78F09-4C85-421C-AF01-8E07839DA3D8}.Release|x86.ActiveCfg = Release|Win32
		{C5A78F09-4C85-421C-AF01-8E07839DA3D8}.Release|x86.Build.0 = Release|Win32
		{44D0B396-ADCD-4543-A480-1C9C64D11558}.Debug|x64.ActiveCfg = Debug|x64
		{44D0B396-ADCD-4543-A480-1C9C64D11558}.Debug|x64.Build.0 = Debug|x64
		{44D0B396-ADCD-4543-A480-1C9C64D11558}.Debug|x86.ActiveCfg = Debug|Win32
		{44D0B396-ADCD-4543-A480-1C9C64D11558}.Debug|x86.Build.0 = Debug|Win32
		{44D0B396-ADCD-4543-A480-1C9C64D11558}.Release|x64.ActiveCfg = Release|x64
		{44D0B396-ADCD-4543-A480-1C9C64D11558}.Release|x64.Build.0 = Release|x64
		{44D0B396-ADCD-4543-A480-1C9C64D11558}.Release|x86.ActiveCfg = Release|Win32
		{44D0B396-ADCD-4543-A480-1C9C64D11558}.Release|x86.Build.0 = Release|Win32
		{246D9F84-ABE5-48C7-B24C-B09853F70604}.Debug|x64.ActiveCfg = Debug|x64
		{246D9F84-ABE5-48C7-B24C-B09853F70604}.Debug|x64.Build.0 = Debug|x64
		{246D9F84-ABE5-48C7-B24C-B09853F70604}.Debug|x86.ActiveCfg = Debug|Win32
		{246D9F84-ABE5-48C7-B24C-B09853F70604}.Debug|x86.Build.0 = Debug|Win32
		{246D9F84-ABE5-48C7-B24C-B09853F70604}.Release|x64.ActiveCfg = Release|x64
		{246D9F84-ABE5-48C7-B24C-B09853F70604}.Release|x64.Build.0 = Release|x64
		{246D9F84-ABE5-48C7-B24C-B09853F70604}.Release|x86.ActiveCfg = Release|Win32
		{246D9F84-ABE5-48C7-B24C-B09853F70604}.Release|x86.Build.0 = Release|Win32
		{11F6887D-5596-45E3-A57D-0741510350D1}.Debug|x64.ActiveCfg = Debug|x64
		{11F6887D-5596-45E3-A57D-0741510350D1}.Debug|x64.Build.0 = Debug|x64
		{11F6887D-5596-45E3-A57D-0741510350D1}.Debug|x86.ActiveCfg = Debug|Win32
		{11F6887D-5596-45E3-A57D-0741510350D1}.Debug|x86.Build.0 = Debug|Win32
		{11F6887D-5596-45E3-A57D-0741510350D1}.Release|x64.ActiveCfg = Release|x64
		{11F6887D-5596-45E3-A57D-0741510350D1}.Release|x64.Build.0 = Release|x64
		{11F6887D-5596-45E3-A57D-0741510350D1}.Release|x86.ActiveCfg = Release|Win32
		{11F6887D-5596-45E3-A57D-0741510350D1}.Release|x86.Build.0 = Release|Win32
		{0C3A6907-C7FC-47A6-A074-16AF23D2F77E}.Debug|x64.ActiveCfg = Debug|x64
		{0C3A6907-C7FC-47A6-A074-16AF23D2F77E}.Debug|x64.Build.0 = Debug|x64
		{0C3A6907-C7FC-47A6-A074-16AF23D2F77E}.Debug|x86.ActiveCfg = Debug|Win32
		{0C3A6907-C7FC-47A6-A074-16AF23D2F77E}.Debug|x86.Build.0 = Debug|Win32
		{0C3A6907-C7FC-47A6-A074-16AF23D2F77E}.Release|x64.ActiveCfg = Release|x64
		{0C3A6907-C7FC-47A6-A074-16AF23D2F77E}.Release|x64.Build.0 = Release|x64
		{0C3A6907-C7FC-47A6-A074-16AF23D2F77E}.Release|x86.ActiveCfg = Release|Win32
		{0C3A6907-C7FC-47A6-A074-16AF23D2F77E}.Release|x86.Build.0 = Release|Win32
		{632649CD-864B-4580-B884-E0F241AA28EF}.Debug|x64.ActiveCfg = Debug|x64
		{632649CD-864B-4580-B884-E0F241AA28EF}.Debug|x64.Build.0 = Debug|x64
		{632649CD-864B-4580-B884-E0F241AA28EF}.Debug|x86.ActiveCfg = Debug|Win32
		{632649CD-864B-4580-B884-E0F241AA28EF}.Debug|x86.Build.0 = Debug|Win32
		{632649CD-864B-4580-B884-E0F241AA28EF}.Release|x64.ActiveCfg = Release|x64
		{632649CD-864B-4580-B884-E0F241AA28EF}.Release|x64.Build.0 = Release|x64
		{632649CD-864B-4580-B884-E0F241AA28EF}.Release|x86.ActiveCfg = Release|Win32
		{632649CD-864B-4580-B884-E0F241AA28EF}.Release|x86.Build.0 = Release|Win32
		{6ED864BA-776C-4105-83F1-99F8141063DA}.Debug|x64.ActiveCfg = Debug|x64
		{6ED864BA-776C-4105-83F1-99F8141063DA}.Debug|x64.Build.0 = Debug|x64
		{6ED864BA-776C-4105-83F1-99F8141063DA}.Debug|x86.ActiveCfg = Debug|Win32
		{6ED864BA-776C-4105-83F1-99F8141063DA}.Debug|x86.Build.0 = Debug|Win32
		{6ED864BA-776C-4105-83F1-99F8141063DA}.Release|x64.ActiveCfg = Release|x64
		{6ED864BA-776C-4105-83F1-99F8141063DA}.Release|x64.Build.0 = Release|x64
		{6ED864BA-776C-4105-83F1-99F8141063DA}.Release|x86.ActiveCfg = Release|Win32
		{6ED864BA-776C-4105-83F1-99F8141063DA}.Release|x86.Build.0 = Release|Win32
		{7269E0BB-8872-4BA8-8533-80AC20F85D78}.Debug|x64.ActiveCfg = Debug|x64
		{7269E0BB-8872-4BA8-8533-80AC20F85D78}.Debug|x64.Build.0 = Debug|x64
		{7269E0BB-8872-4BA8-8533-80AC20F85D78}.Debug|x86.ActiveCfg = Debug|Win32
		{7269E0BB-8872-4BA8-8533-80AC20F85D78}.Debug|x86.Build.0 = Debug|Win32
		{7269E0BB-8872-4BA8-8533-80AC20F85D78}.Release|x64.ActiveCfg = Release|x64
		{7269E0BB-8872-4BA8-8533-80AC20F85D78}.Release|x64.Build.0 = Release|x64
		{7269E0BB-8872-4BA8-8533-80AC20F85D78}.Release|x86.ActiveCfg = Release|Win32
		{7269E0BB-8872-4BA8-8533-80AC20F85D78}.Release|x86.Build.0 = Release|Win32
		{861A8373-A6C1-40DF-92A4-DA5753753DFC}.Debug|x64.ActiveCfg = Debug|x64
		{861A8373-A6C1-40DF-92A4-DA5753753DFC}.Debug|x64.Build.0 = Debug|x64
		{861A8373-A6C1-40DF-92A4-DA5753753DFC}.Debug|x86.ActiveCfg = Debug|Win32
		{861A8373-A6C1-40DF-92A4-DA5753753DFC}.Debug|x86.Build.0 = Debug|Win32
		{861A8373-A6C1-40DF-92A4-DA5753753DFC}.Release|x64.ActiveCfg = Release|x64
		{861A8373-A6C1-40DF-92A4-DA5753753DFC}.Release|x64.Build.0 = Release|x64
		{861A8373-A6C1-40DF-92A4-DA5753753DFC}.Release|x86.ActiveCfg = Release|Win32
		{861A8373-A6C1-40DF-92A4-DA5753753DFC}.Release|x86.Build.0 = Release|Win32
		{9E59F8E3-7F3D-431A-A1FF-E02EF69AF6FB}.Debug|x64.ActiveCfg = Debug|x64
		{9E59F8E3-7F3D-431A-A1FF-E02EF69AF6FB}.Debug|x64.Build.0 = Debug|x64
		{9E59F8E3-7F3D-431A-A1FF-E02EF69AF6FB}.Debug|x86.ActiveCfg = Debug|Win32
		{9E59F8E3-7F3D-431A-A1FF-E02EF69AF6FB}.Debug|x86.Build.0 = Debug|Win32
		{9E59F8E3-7F3D-431A-A1FF-E02EF69AF6FB}.Release|x64.ActiveCfg = Release|x64
		{9E59F8E3-7F3D-431A-A1FF-E02EF69AF6FB}.Release|x64.Build.0 = Release|x64
		{9E59F8E3-7F3D-431A-A1FF-E02EF69AF6FB}.Release|x86.ActiveCfg = Release|Win32
		{9E59F8E3-7F3D-431A-A1FF-E02EF69AF6FB}.Release|x86.Build.0 = Release|Win32
		{589AB957-9CD1-495C-B2BE-C6AF56FB5A4B}.Debug|x64.ActiveCfg = Debug|x64
		{589AB957-9CD1-495C-B2BE-C6AF56FB5A4B}.Debug|x64.Build.0 = Debug|x64
		{589AB957-9CD1-495C-B2BE-C6AF56FB5A4B}.Debug|x86.ActiveCfg = Debug|Win32
		{589AB957-9CD1-495C-B2BE-C6AF56FB5A4B}.Debug|x86.Build.0 = Debug|Win32
		{589AB957-9CD1-495C-B2BE-C6AF56FB5A4B}.Release|x64.ActiveCfg = Release|x64
		{589AB957-9CD1-495C-B2BE-C6AF56FB5A4B}.Release|x64.Build.0 = Release|x64
		{589AB957-9CD1-495C-B2BE-C6AF56FB5A4B}.Release|x86.ActiveCfg = Release|Win32
		{589AB957-9CD1-495C-B2BE-C6AF56FB5A4B}.Release|x86.Build.0 = Release|Win32
		{B9310319-E22C-4060-A931-BDC1B599D2BD}.Debug|x64.ActiveCfg = Debug|x64
		{B9310319-E22C-4060-A931-BDC1B599D2BD}.Debug|x64.Build.0 = Debug|x64
		{B9310319-E22C-4060-A931-BDC1B599D2BD}.Debug|x86.ActiveCfg = Debug|Win32
		{B9310319-E22C-4060-A931-BDC1B599D2BD}.Debug|x86.Build.0 = Debug|Win32
		{B9310319-E22C-4060-A931-BDC1B599D2BD}.Release|x64.ActiveCfg = Release|x64
		{B9310319-E22C-4060-A931-BDC1B599D2BD}.Release|x64.Build.0 = Release|x64
		{B9310319-E22C-4060-A931-BDC1B599D2BD}.Release|x86.ActiveCfg = Release|Win32
		{B9310319-E22C-4060-A931-BDC1B599D2BD}.Release|x86.Build.0 = Release|Win32
		{4A0F92F8-5803-41B5-92D4-47847E5AE9E2}.Debug|x64.ActiveCfg = Debug|x64
		{4A0F92F8-5803-41B5-92D4-47847E5AE9E2}.Debug|x64.Build.0 = Debug|x64
		{4A0F92F8-5803-41B5-92D4-47847E5AE9E2}.Debug|x86.ActiveCfg = Debug|Win32
		{4A0F92F8-5803-41B5-92D4-47847E5AE9E2}.Debug|x86.Build.0 = Debug|Win32
		{4A0F92F8-5803-41B5-92D4-47847E5AE9E2}.Release|x64.ActiveCfg = Release|x64
		{4A0F92F8-5803-41B5-92D4-47847E5AE9E2}.Release|x64.Build.0 = Release|x64
		{4A0F92F8-5803-41B5-92D4-47847E5AE9E2}.Release|x86.ActiveCfg = Release|Win32
		{4A0F92F8-5803-41B5-92D4-47847E5AE9E2}.Release|x86.Build.0 = Release|Win32
		{19739FC6-7EA5-42D2-B2BA-2DB1937935E3}.Debug|x64.ActiveCfg = Debug|x64
		{19739FC6-7EA5-42D2-B2BA-2DB1937935E3}.Debug|x64.Build.0 = Debug|x64
		{19739FC6-7EA5-42D2-B2BA-2DB1937935E3}.Debug|x86.ActiveCfg = Debug|Win32
		{19739FC6-7EA5-42D2-B2BA-2DB1937935E3}.Debug|x86.Build.0 = Debug|Win32
		{19739FC6-7EA5-42D2-B2BA-2DB1937935E3}.Release|x64.ActiveCfg = Release|x64
		{19739FC6-7EA5-42D2-B2BA-2DB1937935E3}.Release|x64.Build.0 = Release|x64
		{19739FC6-7EA5-42D2-B2BA-2DB1937935E3}.Release|x86.ActiveCfg = Release|Win32
		{19739FC6-7EA5-42D2-B2BA-2DB1937935E3}.Release|x86.Build.0 = Release|Win32
		{90B3EEEC-AFA4-407E-A3F6-B6E6A67F5E11}.Debug|x64.ActiveCfg = Debug|x64
		{90B3EEEC-AFA4-407E-A3F6-B6E6A67F5E11}.Debug|x64.Build.0 = Debug|x64
		{90B3EEEC-AFA4-407E-A3F6-B6E6A67F5E11}.Debug|x86.ActiveCfg = Debug|Win32
		{90B3EEEC-AFA4-407E-A3F6-B6E6A67F5E11}.Debug|x86.Build.0 = Debug|Win32
		{90B3EEEC-AFA4-407E-A3F6-B6E6A67F5E11}.Release|x64.ActiveCfg = Release|x64
		{90B3EEEC-AFA4-407E-A3F6-B6E6A67F5E11}.Release|x64.Build.0 = Release|x64
		{90B3EEEC-AFA4-407E-A3F6-B6E6A67F5E11}.Release|x86.ActiveCfg = Release|Win32
		{90B3EEEC-AFA4-407E-A3F6-B6E6A67F5E11}.Release|x86.Build.0 = Release|Win32
		{625A02DD-B326-4F57-8A5B-AA6ECE0F9510}.Debug|x64.ActiveCfg = Debug|x64
		{625A02DD-B326-4F57-8A5B-AA6ECE0F9510}.Debug|x64.Build.0 = Debug|x64
		{625A02DD-B326-4F57-8A5B-AA6ECE0F9510}.Debug|x86.ActiveCfg = Debug|Win32
		{625A02DD-B326-4F57-8A5B-AA6ECE0F9510}.Debug|x86.Build.0 = Debug|Win32
		{625A02DD-B326-4F57-8A5B-AA6ECE0F9510}.Release|x64.ActiveCfg = Release|x64
		{625A02DD-B326-4F57-8A5B-AA6ECE0F9510}.Release|x64.Build.0 = Release|x64
		{625A02DD-B326-4F57-8A5B-AA6ECE0F9510}.Release|x86.ActiveCfg = Release|Win32
		{625A02DD-B326-4F57-8A5B-AA6ECE0F9510}.Release|x86.Build.0 = Release|Win32
		{2C4D3A0E-CFA1-4449-B855-2936977B47FC}.Debug|x64.ActiveCfg = Debug|x64
		{2C4D3A0E-CFA1-4449-B855-2936977B47FC}.Debug|x64.Build.0 = Debug|x64
		{2C4D3A0E-CFA1-4449-B855-2936977B47FC}.Debug|x86.ActiveCfg = Debug|Win32
		{2C4D3A0E-CFA1-4449-B855-2936977B47FC}.Debug|x86.Build.0 = Debug|Win32
		{2C4D3A0E-CFA1-4449-B855-2936977B47FC}.Release|x64.ActiveCfg = Release|x64
		{2C4D3A0E-CFA1-4449-B855-2936977B47FC}.Release|x64.Build.0 = Release|x64
		{2C4D3A0E-CFA1-4449-B855-2936977B47FC}.Release|x86.ActiveCfg = Release|Win32
		{2C4D3A0E-CFA1-4449-B855-2936977B47FC}.Release|x86.Build.0 = Release|Win32
		{98AF091B-AFB6-4B2F-9B51-3BA7DE433317}.Debug|x64.ActiveCfg = Debug|x64
		{98AF091B-AFB6-4B2F-9B51-3BA7DE433317}.Debug|x64.Build.0 = Debug|x64
		{98AF091B-AFB6-4B2F-9B51-3BA7DE433317}.Debug|x86.ActiveCfg = Debug|Win32
		{98AF091B-AFB6-4B2F-9B51-3BA7DE433317}.Debug|x86.Build.0 = Debug|Win32
		{98AF091B-AFB6-4B2F-9B51-3BA7DE433317}.Release|x64.ActiveCfg = Release|x64
		{98AF091B-AFB6-4B2F-9B51-3BA7DE433317}.Release|x64.Build.0 = Release|x64
		{98AF091B-AFB6-4B2F-9B51-3BA7DE433317}.Release|x86.ActiveCfg = Release|Win32
		{98AF091B-AFB6-4B2F-9B51-3BA7DE433317}.Release|x86.Build.0 = Release|Win32
		{0009A55B-0083-4216-91BA-D4A6697C13C2}.Debug|x64.ActiveCfg = Debug|x64
		{0009A55B-0083-4216-91BA-D4A6697C13C2}.Debug|x64.Build.0 = Debug|x64
		{0009A55B-0083-4216-91BA-D4A6697C13C2}.Debug|x86.ActiveCfg = Debug|Win32
		{0009A55B-0083-4216-91BA-D4A6697C13C2}.Debug|x86.Build.0 = Debug|Win32
		{0009A55B-0083-4216-91BA-D4A6697C13C2}.Release|x64.ActiveCfg = Release|x64
		{0009A55B-0083-4216-91BA-D4A6697C13C2}.Release|x64.Build.0 = Release|x64
		{0009A55B-0083-4216-91BA-D4A6697C13C2}.Release|x86.ActiveCfg = Release|Win32
		{0009A55B-0083-4216-91BA-D4A6697C13C2}.Release|x86.Build.0 = Release|Win32
		{3325446E-D235-417E-8451-8F9E644C0BD8}.Debug|x64.ActiveCfg = Debug|x64
		{3325446E-D235-417E-8451-8F9E644C0BD8}.Debug|x64.Build.0 = Debug|x64
		{3325446E-D235-417E-8451-8F9E644C0BD8}.Debug|x86.ActiveCfg = Debug|Win32
		{3325446E-D235-417E-8451-8F9E644C0BD8}.Debug|x86.Build.0 = Debug|Win32
		{3325446E-D235-417E-8451-8F9E644C0BD8}.Release|x64.ActiveCfg = Release|x64
		{3325446E-D235-417E-8451-8F9E644C0BD8}.Release|x64.Build.0 = Release|x64
		{3325446E-D235-417E-8451-8F9E644C0BD8}.Release|x86.ActiveCfg = Release|Win32
		{3325446E-D235-417E-8451-8F9E644C0BD8}.Release|x86.Build.0 = Release|Win32
		{FCE9F257-E12C-48F6-96A5-886A8307D74F}.Debug|x64.ActiveCfg = Debug|x64
		{FCE9F257-E12C-48F6-96A5-886A8307D74F}.Debug|x64.Build.0 = Debug|x64
		{FCE9F257-E12C-48F6-96A5-886A8307D74F}.Debug|x86.ActiveCfg = Debug|Win32
		{FCE9F257-E12C-48F6-96A5-886A8307D74F}.Debug|x86.Build.0 = Debug|Win32
		{FCE9F257-E12C-48F6-96A5-886A8307D74F}.Release|x64.ActiveCfg = Release|x64
		{FCE9F257-E12C-48F6-96A5-886A8307D74F}.Release|x64.Build.0 = Release|x64
		{FCE9F257-E12C-48F6-96A5-886A8307D74F}.Release|x86.ActiveCfg = Release|Win32
		{FCE9F257-E12C-48F6-96A5-886A8307D74F}.Release|x86.Build.0 = Release|Win32
		{0361C67F-6DFF-48BA-8A39-686449BF69CB}.Debug|x64.ActiveCfg = Debug|x64
		{0361C67F-6DFF-48BA-8A39-686449BF69CB}.Debug|x64.Build.0 = Debug|x64
		{0361C67F-6DFF-48BA-8A39-686449BF69CB}.Debug|x86.ActiveCfg = Debug|Win32
		{0361C67F-6DFF-48BA-8A39-686449BF69CB}.Debug|x86.Build.0 = Debug|Win32
		{0361C67F-6DFF-48BA-8A39-686449BF69CB}.Release|x64.ActiveCfg = Release|x64
		{0361C67F-6DFF-48BA-8A39-686449BF69CB}.Release|x64.Build.0 = Release|x64
		{0361C67F-6DFF-48BA-8A39-686449BF69CB}.Release|x86.ActiveCfg = Release|Win32
		{0361C67F-6DFF-48BA-8A39-686449BF69CB}.Release|x86.Build.0 = Release|Win32
		{DBF6B4CB-C3C5-47EE-BB10-5F8AA01D21F7}.Debug|x64.ActiveCfg = Debug|x64
		{DBF6B4CB-C3C5-47EE-BB10-5F8AA01D21F7}.Debug|x64.Build.0 = Debug|x64
		{DBF6B4CB-C3C5-47EE-BB10-5F8AA01D21F7}.Debug|x86.ActiveCfg = Debug|Win32
		{DBF6B4CB-C3C5-47EE-BB10-5F8AA01D21F7}.Debug|x86.Build.0 = Debug|Win32
		{DBF6B4CB-C3C5-47EE-BB10-5F8AA01D21F7}.Release|x64.ActiveCfg = Release|x64
		{DBF6B4CB-C3C5-47EE-BB10-5F8AA01D21F7}.Release|x64.Build.0 = Release|x64
		{DBF6B4CB-C3C5-47EE-BB10-5F8AA01D21F7}.Release|x86.ActiveCfg = Release|Win32
		{DBF6B4CB-C3C5-47EE-BB10-5F8AA01D21F7}.Release|x86.Build.0 = Release|Win32
		{2FF0EF81-10F0-4B74-98DE-5910B9D52592}.Debug|x64.ActiveCfg = Debug|x64
		{2FF0EF81-10F0-4B74-98DE-5910B9D52592}.Debug|x64.Build.0 = Debug|x64
		{2FF0EF81-10F0-4B74-98DE-5910B9D52592}.Debug|x86.ActiveCfg = Debug|Win32
		{2FF0EF81-10F0-4B74-98DE-5910B9D52592}.Debug|x86.Build.0 = Debug|Win32
		{2FF0EF81-10F0-4B74-98DE-5910B9D52592}.Release|x64.ActiveCfg = Release|x64
		{2FF0EF81-10F0-4B74-98DE-5910B9D52592}.Release|x64.Build.0 = Release|x64
		{2FF0EF81-10F0-4B74-98DE-5910B9D52592}.Release|x86.ActiveCfg = Release|Win32
		{2FF0EF81-10F0-4B74-98DE-5910B9D52592}.Release|x86.Build.0 = Release|Win32
		{1690783C-51B9-4499-8816-89AA790296CD}.Debug|x64.ActiveCfg = Debug|x64
		{1690783C-51B9-4499-8816-89AA790296CD}.Debug|x64.Build.0 = Debug|x64
		{1690783C-51B9-4499-8816-89AA790296CD}.Debug|x86.ActiveCfg = Debug|Win32
		{1690783C-51B9-4499-8816-89AA790296CD}.Debug|x86.Build.0 = Debug|Win32
		{1690783C-51B9-4499-8816-89AA790296CD}.Release|x64.ActiveCfg = Release|x64
		{1690783C-51B9-4499-8816-89AA790296CD}.Release|x64.Build.0 = Release|x64
		{1690783C-51B9-4499-8816-89AA790296CD}.Release|x86.ActiveCfg = Release|Win32
		{1690783C-51B9-4499-8816-89AA790296CD}.Release|x86.Build.0 = Release|Win32
		{BCC7120B-D715-4404-9DC9-CA7E4B0A4F2D}.Debug|x64.ActiveCfg = Debug|x64
		{BCC7120B-D715-4404-9DC9-CA7E4B0A4F2D}.Debug|x64.Build.0 = Debug|x64
		{BCC7120B-D715-4404-9DC9-CA7E4B0A4F2D}.Debug|x86.ActiveCfg = Debug|Win32
		{BCC7120B-D715-4404-9DC9-CA7E4B0A4F2D}.Debug|x86.Build.0 = Debug|Win32
		{BCC7120B-D715-4404-9DC9-CA7E4B0A4F2D}.Release|x64.ActiveCfg = Release|x64
		{BCC7120B-D715-4404-9DC9-CA7E4B0A4F2D}.Release|x64.Build.0 = Release|x64
		{BCC7120B-D715-4404-9DC9-CA7E4B0A4F2D}.Release|x86.ActiveCfg = Release|Win32
		{BCC7120B-D715-4404-9DC9-CA7E4B0A4F2D}.Release|x86.Build.0 = Release|Win32
		{D88547A7-8E0E-4289-90A5-BF2675AE0BC6}.Debug|x64.ActiveCfg = Debug|x64
		{D88547A7-8E0E-4289-90A5-BF2675AE0BC6}.Debug|x64.Build.0 = Debug|x64
		{D88547A7-8E0E-4289-90A5-BF2675AE0BC6}.Debug|x86.ActiveCfg = Debug|Win32
		{D88547A7-8E0E-4289-90A5-BF2675AE0BC6}.Debug|x86.Build.0 = Debug|Win32
		{D88547A7-8E0E-4289-90A5-BF2675AE0BC6}.Release|x64.ActiveCfg = Release|x64
		{D88547A7-8E0E-4289-90A5-BF2675AE0BC6}.Release|x64.Build.0 = Release|x64
		{D88547A7-8E0E-4289-90A5-BF2675AE0BC6}.Release|x86.ActiveCfg = Release|Win32
		{D88547A7-8E0E-4289-90A5-BF2675AE0BC6}.Release|x86.Build.0 = Release|Win32
		{1500C60B-427C-4C5F-ACB4-64F7CBA88862}.Debug|x64.ActiveCfg = Debug|x64
		{1500C60B-427C-4C5F-ACB4-64F7CBA88862}.Debug|x64.Build.0 = Debug|x64
		{1500C60B-427C-4C5F-ACB4-64F7CBA88862}.Debug|x86.ActiveCfg = Debug|Win32
		{1500C60B-427C-4C5F-ACB4-64F7CBA88862}.Debug|x86.Build.0 = Debug|Win32
		{1500C60B-427C-4C5F-ACB4-64F7CBA88862}.Release|x64.ActiveCfg = Release|x64
		{1500C60B-427C-4C5F-ACB4-64F7CBA88862}.Release|x64.Build.0 = Release|x64
		{1500C60B-427C-4C5F-ACB4-64F7CBA88862}.Release|x86.ActiveCfg = Release|Win32
		{1500C60B-427C-4C5F-ACB4-64F7CBA88862}.Release|x86.Build.0 = Release|Win32
		{132C1687-19D0-4FB4-BE36-AF0FFD2243F7}.Debug|x64.ActiveCfg = Debug|x64
		{132C1687-19D0-4FB4-BE36-AF0FFD2243F7}.Debug|x64.Build.0 = Debug|x64
		{132C1687-19D0-4FB4-BE36-AF0FFD2243F7}.Debug|x86.ActiveCfg = Debug|Win32
		{132C1687-19D0-4FB4-BE36-AF0FFD2243F7}.Debug|x86.Build.0 = Debug|Win32
		{132C1687-19D0-4FB4-BE36-AF0FFD2243F7}.Release|x64.ActiveCfg = Release|x64
		{132C1687-19D0-4FB4-BE36-AF0FFD2243F7}.Release|x64.Build.0 = Release|x64
		{132C1687-19D0-4FB4-BE36-AF0FFD2243F7}.Release|x86.ActiveCfg = Release|Win32
		{132C1687-19D0-4FB4-BE36-AF0FFD2243F7}.Release|x86.Build.0 = Release|Win32
		{7D6355F0-A425-4BDE-B46C-F0ED9A306648}.Debug|x64.ActiveCfg = Debug|x64
		{7D6355F0-A425-4BDE-B46C-F0ED9A306648}.Debug|x64.Build.0 = Debug|x64
		{7D6355F0-A425-4BDE-B46C-F0ED9A306648}.Debug|x86.ActiveCfg = Debug|Win32
		{7D6355F0-A425-4BDE-B46C-F0ED9A306648}.Debug|x86.Build.0 = Debug|Win32
		{7D6355F0-A425-4BDE-B46C-F0ED9A306648}.Release|x64.ActiveCfg = Release|x64
		{7D6355F0-A425-4BDE-B46C-F0ED9A306648}.Release|x64.Build.0 = Release|x64
		{7D6355F0-A425-4BDE-B46C-F0ED9A306648}.Release|x86.ActiveCfg = Release|Win32
		{7D6355F0-A425-4BDE-B46C-F0ED9A306648}.Release|x86.Build.0 = Release|Win32
		{B19EEDAA-7CEB-4C90-BFD7-4C384E8FB381}.Debug|x64.ActiveCfg = Debug|x64
		{B19EEDAA-7CEB-4C90-BFD7-4C384E8FB381}.Debug|x64.Build.0 = Debug|x64
		{B19EEDAA-7CEB-4C90-BFD7-4C384E8FB381}.Debug|x86.ActiveCfg = Debug|Win32
		{B19EEDAA-7CEB-4C90-BFD7-4C384E8FB381}.Debug|x86.Build.0 = Debug|Win32
		{B19EEDAA-7CEB-4C90-BFD7-4C384E8FB381}.Release|x64.ActiveCfg = Release|x64
		{B19EEDAA-7CEB-4C90-BFD7-4C384E8FB381}.Release|x64.Build.0 = Release|x64
		{B19EEDAA-7CEB-4C90-BFD7-4C384E8FB381}.Release|x86.ActiveCfg = Release|Win32
		{B19EEDAA-7CEB-4C90-BFD7-4C384E8FB381}.Release|x86.Build.0 = Release|Win32
		{D61A3D0E-0B65-4BE4-B80C-8DFA5CFC250E}.Debug|x64.ActiveCfg = Debug|x64
		{D61A3D0E-0B65-4BE4-B80C-8DFA5CFC250E}.Debug|x64.Build.0 = Debug|x64
		{D61A3D0E-0B65-4BE4-B80C-8DFA5CFC250E}.Debug|x86.ActiveCfg = Debug|Win32
		{D61A3D0E-0B65-4BE4-B80C-8DFA5CFC250E}.Debug|x86.Build.0 = Debug|Win32
		{D61A3D0E-0B65-4BE4-B80C-8DFA5CFC250E}.Release|x64.ActiveCfg = Release|x64
		{D61A3D0E-0B65-4BE4-B80C-8DFA5CFC250E}.Release|x64.Build.0 = Release|x64
		{D61A3D0E-0B65-4BE4-B80C-8DFA5CFC250E}.Release|x86.ActiveCfg = Release|Win32
		{D61A3D0E-0B65-4BE4-B80C-8DFA5CFC250E}.Release|x86.Build.0 = Release|Win32
		{657C68CA-97F8-4BB3-9C6E-35D2EF2DD1AE}.Debug|x64.ActiveCfg = Debug|x64
		{657C68CA-97F8-4BB3-9C6E-35D2EF2DD1AE}.Debug|x64.Build.0 = Debug|x64
		{657C68CA-97F8-4BB3-9C6E-35D2EF2DD1AE}.Debug|x86.ActiveCfg = Debug|Win32
		{657C68CA-97F8-4BB3-9C6E-35D2EF2DD1AE}.Debug|x86.Build.0 = Debug|Win32
		{657C68CA-97F8-4BB3-9C6E-35D2EF2DD1AE}.Release|x64.ActiveCfg = Release|x64
		{657C68CA-97F8-4BB3-9C6E-35D2EF2DD1AE}.Release|x64.Build.0 = Release|x64
		{657C68CA-97F8-4BB3-9C6E-35D2EF2DD1AE}.Release|x86.ActiveCfg = Release|Win32
		{657C68CA-97F8-4BB3-9C6E-35D2EF2DD1AE}.Release|x86.Build.0 = Release|Win32
		{46DA72AB-84BD-49C0-9588-10BD53BDEE3F}.Debug|x64.ActiveCfg = Debug|x64
		{46DA72AB-84BD-49C0-9588-10BD53BDEE3F}.Debug|x64.Build.0 = Debug|x64
		{46DA72AB-84BD-49C0-9588-10BD53BDEE3F}.Debug|x86.ActiveCfg = Debug|Win32
		{46DA72AB-84BD-49C0-9588-10BD53BDEE3F}.Debug|x86.Build.0 = Debug|Win32
		{46DA72AB-84BD-49C0-9588-10BD53BDEE3F}.Release|x64.ActiveCfg = Release|x64
		{46DA72AB-84BD-49C0-9588-10BD53BDEE3F}.Release|x64.Build.0 = Release|x64
		{46DA72AB-84BD-49C0-9588-10BD53BDEE3F}.Release|x86.ActiveCfg = Release|Win32
		{46DA72AB-84BD-49C0-9588-10BD53BDEE3F}.Release|x86.Build.0 = Release|Win32
		{A3A908A5-66AA-42D8-AC61-8891BF0B10EC}.Debug|x64.ActiveCfg = Debug|x64
		{A3A908A5-66AA-42D8-AC61-8891BF0B10EC}.Debug|x64.Build.0 = Debug|x64
		{A3A908A5-66AA-42D8-AC61-8891BF0B10EC}.Debug|x86.ActiveCfg = Debug|Win32
		{A3A908A5-66AA-42D8-AC61-8891BF0B10EC}.Debug|x86.Build.0 = Debug|Win32
		{A3A908A5-66AA-42D8-AC61-8891BF0B10EC}.Release|x64.ActiveCfg = Release|x64
		{A3A908A5-66AA-42D8-AC61-8891BF0B10EC}.Release|x64.Build.0 = Release|x64
		{A3A908A5-66AA-42D8-AC61-8891BF0B10EC}.Release|x86.ActiveCfg = Release|Win32
		{A3A908A5-66AA-42D8-AC61-8891BF0B10EC}.Release|x86.Build.0 = Release|Win32
		{3503D83E-8F0C-424C-8499-E42B63776FD5}.Debug|x64.ActiveCfg = Debug|x64
		{3503D83E-8F0C-424C-8499-E42B63776FD5}.Debug|x64.Build.0 = Debug|x64
		{3503D83E-8F0C-424C-8499-E42B63776FD5}.Debug|x86.ActiveCfg = Debug|Win32
		{3503D83E-8F0C-424C-8499-E42B63776FD5}.Debug|x86.Build.0 = Debug|Win32
		{3503D83E-8F0C-424C-8499-E42B63776FD5}.Release|x64.ActiveCfg = Release|x64
		{3503D83E-8F0C-424C-8499-E42B63776FD5}.Release|x64.Build.0 = Release|x64
		{3503D83E-8F0C-424C-8499-E42B63776FD5}.Release|x86.ActiveCfg = Release|Win32
		{3503D83E-8F0C-424C-8499-E42B63776FD5}.Release|x86.Build.0 = Release|Win32
		{9AA48019-20D1-4938-A934-A4A894E1B0B7}.Debug|x64.ActiveCfg = Debug|x64
		{9AA48019-20D1-4938-A934-A4A894E1B0B7}.Debug|x64.Build.0 = Debug|x64
		{9AA48019-20D1-4938-A934-A4A894E1B0B7}.Debug|x86.ActiveCfg = Debug|Win32
		{9AA48019-20D1-4938-A934-A4A894E1B0B7}.Debug|x86.Build.0 = Debug|Win32
		{9AA48019-20D1-4938-A934-A4A894E1B0B7}.Release|x64.ActiveCfg = Release|x64
		{9AA48019-20D1-4938-A934-A4A894E1B0B7}.Release|x64.Build.0 = Release|x64
		{9AA48019-20D1-4938-A934-A4A894E1B0B7}.Release|x86.ActiveCfg = Release|Win32
		{9AA48019-20D1-4938-A934-A4A894E1B0B7}.Release|x86.Build.0 = Release|Win32
		{686138E5-DB8E-4F11-AC7F-B21F143FBCF7}.Debug|x64.ActiveCfg = Debug|x64
		{686138E5-DB8E-4F11-AC7F-B21F143FBCF7}.Debug|x64.Build.0 = Debug|x64
		{686138E5-DB8E-4F11-AC7F-B21F143FBCF7}.Debug|x86.ActiveCfg = Debug|Win32
		{686138E5-DB8E-4F11-AC7F-B21F143FBCF7}.Debug|x86.Build.0 = Debug|Win32
		{686138E5-DB8E-4F11-AC7F-B21F143FBCF7}.Release|x64.ActiveCfg = Release|x64
		{686138E5-DB8E-4F11-AC7F-B21F143FBCF7}.Release|x64.Build.0 = Release|x64
		{686138E5-DB8E-4F11-AC7F-B21F143FBCF7}.Release|x86.ActiveCfg = Release|Win32
		{686138E5-DB8E-4F11-AC7F-B21F143FBCF7}.Release|x86.Build.0 = Release|Win32
		{278EF7E7-BB55-43DD-B1A8-D10A7D420854}.Debug|x64.ActiveCfg = Debug|x64
		{278EF7E7-BB55-43DD-B1A8-D10A7D420854}.Debug|x64.Build.0 = Debug|x64
		{278EF7E7-BB55-43DD-B1A8-D10A7D420854}.Debug|x86.ActiveCfg = Debug|Win32
		{278EF7E7-BB55-43DD-B1A8-D10A7D420854}.Debug|x86.Build.0 = Debug|Win32
		{278EF7E7-BB55-43DD-B1A8-D10A7D420854}.Release|x64.ActiveCfg = Release|x64
		{278EF7E7-BB55-43DD-B1A8-D10A7D420854}.Release|x64.Build.0 = Release|x64
		{278EF7E7-BB55-43DD-B1A8-D10A7D420854}.Release|x86.ActiveCfg = Release|Win32
		{278EF7E7-BB55-43DD-B1A8-D10A7D420854}.Release|x86.Build.0 = Release|Win32
		{6E24F5C0-5777-4007-9692-BB8C907DDB69}.Debug|x64.ActiveCfg = Debug|x64
		{6E24F5C0-5777-4007-9692-BB8C907DDB69}.Debug|x64.Build.0 = Debug|x64
		{6E24F5C0-5777-4007-9692-BB8C907DDB69}.Debug|x86.ActiveCfg = Debug|Win32
		{6E24F5C0-5777-4007-9692-BB8C907DDB69}.Debug|x86.Build.0 = Debug|Win32
		{6E24F5C0-5777-4007-9692-BB8C907DDB69}.Release|x64.ActiveCfg = Release|x64
		{6E24F5C0-5777-4007-9692-BB8C907DDB69}.Release|x64.Build.0 = Release|x64
		{6E24F5C0-5777-4007-9692-BB8C907DDB69}.Release|x86.ActiveCfg = Release|Win32
		{6E24F5C0-5777-4007-9692-BB8C907DDB69}.Release|x86.Build.0 = Release|Win32
		{AC0C2B83-7E3C-4CF4-BEE9-851B0A3FC56D}.Debug|x64.ActiveCfg = Debug|x64
		{AC0C2B83-7E3C-4CF4-BEE9-851B0A3FC56D}.Debug|x64.Build.0 = Debug|x64
		{AC0C2B83-7E3C-4CF4-BEE9-851B0A3FC56D}.Debug|x86.ActiveCfg = Debug|Win32
		{AC0C2B83-7E3C-4CF4-BEE9-851B0A3FC56D}.Debug|x86.Build.0 = Debug|Win32
		{AC0C2B83-7E3C-4CF4-BEE9-851B0A3FC56D}.Release|x64.ActiveCfg = Release|x64
		{AC0C2B83-7E3C-4CF4-BEE9-851B0A3FC56D}.Release|x64.Build.0 = Release|x64
		{AC0C2B83-7E3C-4CF4-BEE9-851B0A3FC56D}.Release|x86.ActiveCfg = Release|Win32
		{AC0C2B83-7E3C-4CF4-BEE9-851B0A3FC56D}.Release|x86.Build.0 = Release|Win32
		{6DDB39D0-410B-442A-B3B0-F7FD1B963A13}.Debug|x64.ActiveCfg = Debug|x64
		{6DDB39D0-410B-442A-B3B0-F7FD1B963A13}.Debug|x64.Build.0 = Debug|x64
		{6DDB39D0-410B-442A-B3B0-F7FD1B963A13}.Debug|x86.ActiveCfg = Debug|Win32
		{6DDB39D0-410B-442A-B3B0-F7FD1B963A13}.Debug|x86.Build.0 = Debug|Win32
		{6DDB39D0-410B-442A-B3B0-F7FD1B963A13}.Release|x64.ActiveCfg = Release|x64
		{6DDB39D0-410B-442A-B3B0-F7FD1B963A13}.Release|x64.Build.0 = Release|x64
		{6DDB39D0-410B-442A-B3B0-F7FD1B963A13}.Release|x86.ActiveCfg = Release|Win32
		{6DDB39D0-410B-442A-B3B0-F7FD1B963A13}.Release|x86.Build.0 = Release|Win32
		{A30BC443-E8BB-46BA-9C1B-9DB2F4FE999E}.Debug|x64.ActiveCfg = Debug|x64
		{A30BC443-E8BB-46BA-9C1B-9DB2F4FE999E}.Debug|x64.Build.0 = Debug|x64
		{A30BC443-E8BB-46BA-9C1B-9DB2F4FE999E}.Debug|x86.ActiveCfg = Debug|Win32
		{A30BC443-E8BB-46BA-9C1B-9DB2F4FE999E}.Debug|x86.Build.0 = Debug|Win32
		{A30BC443-E8BB-46BA-9C1B-9DB2F4FE999E}.Release|x64.ActiveCfg = Release|x64
		{A30BC443-E8BB-46BA-9C1B-9DB2F4FE999E}.Release|x64.Build.0 = Release|x64
		{A30BC443-E8BB-46BA-9C1B-9DB2F4FE999E}.Release|x86.ActiveCfg = Release|Win32
		{A30BC443-E8BB-46BA-9C1B-9DB2F4FE999E}.Release|x86.Build.0 = Release|Win32
		{56C027BC-FDE4-45A4-8590-BDEB09BA23AF}.Debug|x64.ActiveCfg = Debug|x64
		{56C027BC-FDE4-45A4-8590-BDEB09BA23AF}.Debug|x64.Build.0 = Debug|x64
		{56C027BC-FDE4-45A4-8590-BDEB09BA23AF}.Debug|x86.ActiveCfg = Debug|Win32
		{56C027BC-FDE4-45A4-8590-BDEB09BA23AF}.Debug|x86.Build.0 = Debug|Win32
		{56C027BC-FDE4-45A4-8590-BDEB09BA23AF}.Release|x64.ActiveCfg = Release|x64
		{56C027BC-FDE4-45A4-8590-BDEB09BA23AF}.Release|x64.Build.0 = Release|x64
		{56C027BC-FDE4-45A4-8590-BDEB09BA23AF}.Release|x86.ActiveCfg = Release|Win32
		{56C027BC-FDE4-45A4-8590-BDEB09BA23AF}.Release|x86.Build.0 = Release|Win32
		{29107C46-D8AB-4031-B054-4C1E26A65157}.Debug|x64.ActiveCfg = Debug|x64
		{29107C46-D8AB-4031-B054-4C1E26A65157}.Debug|x64.Build.0 = Debug|x64
		{29107C46-D8AB-4031-B054-4C1E26A65157}.Debug|x86.ActiveCfg = Debug|Win32
		{29107C46-D8AB-4031-B054-4C1E26A65157}.Debug|x86.Build.0 = Debug|Win32
		{29107C46-D8AB-4031-B054-4C1E26A65157}.Release|x64.ActiveCfg = Release|x64
		{29107C46-D8AB-4031-B054-4C1E26A65157}.Release|x64.Build.0 = Release|x64
		{29107C46-D8AB-4031-B054-4C1E26A65157}.Release|x86.ActiveCfg = Release|Win32
		{29107C46-D8AB-4031-B054-4C1E26A65157}.Release|x86.Build.0 = Release|Win32
		{D85CF1E2-B63A-4CB1-ACDA-25FD295175B0}.Debug|x64.ActiveCfg = Debug|x64
		{D85CF1E2-B63A-4CB1-ACDA-25FD295175B0}.Debug|x64.Build.0 = Debug|x64
		{D85CF1E2-B63A-4CB1-ACDA-25FD295175B0}.Debug|x86.ActiveCfg = Debug|Win32
		{D85CF1E2-B63A-4CB1-ACDA-25FD295175B0}.Debug|x86.Build.0 = Debug|Win32
		{D85CF1E2-B63A-4CB1-ACDA-25FD295175B0}.Release|x64.ActiveCfg = Release|x64
		{D85CF1E2-B63A-4CB1-ACDA-25FD295175B0}.Release|x64.Build.0 = Release|x64
		{D85CF1E2-B63A-4CB1-ACDA-25FD295175B0}.Release|x86.ActiveCfg = Release|Win32
		{D85CF1E2-B63A-4CB1-ACDA-25FD295175B0}.Release|x86.Build.0 = Release|Win32
		{A55A31AE-B193-4FED-8034-41771FE237D2}.Debug|x64.ActiveCfg = Debug|x64
		{A55A31AE-B193-4FED-8034-41771FE237D2}.Debug|x64.Build.0 = Debug|x64
		{A55A31AE-B193-4FED-8034-41771FE237D2}.Debug|x86.ActiveCfg = Debug|Win32
		{A55A31AE-B193-4FED-8034-41771FE237D2}.Debug|x86.Build.0 = Debug|Win32
		{A55A31AE-B193-4FED-8034-41771FE237D2}.Release|x64.ActiveCfg = Release|x64
		{A55A31AE-B193-4FED-8034-41771FE237D2}.Release|x64.Build.0 = Release|x64
		{A55A31AE-B193-4FED-8034-41771FE237D2}.Release|x86.ActiveCfg = Release|Win32
		{A55A31AE-B193-4FED-8034-41771FE237D2}.Release|x86.Build.0 = Release|Win32
		{7443E564-F2FD-4883-B21F-B46D4A217E08}.Debug|x64.ActiveCfg = Debug|x64
		{7443E564-F2FD-4883-B21F-B46D4A217E08}.Debug|x64.Build.0 = Debug|x64
		{7443E564-F2FD-4883-B21F-B46D4A217E08}.Debug|x86.ActiveCfg = Debug|Win32
		{7443E564-F2FD-4883-B21F-B46D4A217E08}.Debug|x86.Build.0 = Debug|Win32
		{7443E564-F2FD-4883-B21F-B46D4A217E08}.Release|x64.ActiveCfg = Release|x64
		{7443E564-F2FD-4883-B21F-B46D4A217E08}.Release|x64.Build.0 = Release|x64
		{7443E564-F2FD-4883-B21F-B46D4A217E08}.Release|x86.ActiveCfg = Release|Win32
		{7443E564-F2FD-4883-B21F-B46D4A217E08}.Release|x86.Build.0 = Release|Win32
		{27036B92-83DC-4F9E-A105-5F0CA97B9CD6}.Debug|x64.ActiveCfg = Debug|x64
		{27036B92-83DC-4F9E-A105-5F0CA97B9CD6}.Debug|x64.Build.0 = Debug|x64
		{27036B92-83DC-4F9E-A105-5F0CA97B9CD6}.Debug|x86.ActiveCfg = Debug|Win32
		{27036B92-83DC-4F9E-A105-5F0CA97B9CD6}.Debug|x86.Build.0 = Debug|Win32
		{27036B92-83DC-4F9E-A105-5F0CA97B9CD6}.Release|x64.ActiveCfg = Release|x64
		{27036B92-83DC-4F9E-A105-5F0CA97B9CD6}.Release|x64.Build.0 = Release|x64
		{27036B92-83DC-4F9E-A105-5F0CA97B9CD6}.Release|x86.ActiveCfg = Release|Win32
		{27036B92-83DC-4F9E-A105-5F0CA97B9CD6}.Release|x86.Build.0 = Release|Win32
		{9072A1EE-933D-46CA-A8E3-5ECB452E58E8}.Debug|x64.ActiveCfg = Debug|x64
		{9072A1EE-933D-46CA-A8E3-5ECB452E58E8}.Debug|x64.Build.0 = Debug|x64
		{9072A1EE-933D-46CA-A8E3-5ECB452E58E8}.Debug|x86.ActiveCfg = Debug|Win32
		{9072A1EE-933D-46CA-A8E3-5ECB452E58E8}.Debug|x86.Build.0 = Debug|Win32
		{9072A1EE-933D-46CA-A8E3-5ECB452E58E8}.Release|x64.ActiveCfg = Release|x64
		{9072A1EE-933D-46CA-A8E3-5ECB452E58E8}.Release|x64.Build.0 = Release|x64
		{9072A1EE-933D-46CA-A8E3-5ECB452E58E8}.Release|x86.ActiveCfg = Release|Win32
		{9072A1EE-933D-46CA-A8E3-5ECB452E58E8}.Release|x86.Build.0 = Release|Win32
		{A2E520B0-CC0F-4CF6-9373-B0EC99B029ED}.Debug|x64.ActiveCfg = Debug|x64
		{A2E520B0-CC0F-4CF6-9373-B0EC99B029ED}.Debug|x64.Build.0 = Debug|x64
		{A2E520B0-CC0F-4CF6-9373-B0EC99B029ED}.Debug|x86.ActiveCfg = Debug|Win32
		{A2E520B0-CC0F-4CF6-9373-B0EC99B029ED}.Debug|x86.Build.0 = Debug|Win32
		{A2E520B0-CC0F-4CF6-9373-B0EC99B029ED}.Release|x64.ActiveCfg = Release|x64
		{A2E520B0-CC0F-4CF6-9373-B0EC99B029ED}.Release|x64.Build.0 = Release|x64
		{A2E520B0-CC0F-4CF6-9373-B0EC99B029ED}.Release|x86.ActiveCfg = Release|Win32
		{A2E520B0-CC0F-4CF6-9373-B0EC99B029ED}.Release|x86.Build.0 = Release|Win32
		{959E982C-7E17-4612-A00C-4E04A26CD1C7}.Debug|x64.ActiveCfg = Debug|x64
		{959E982C-7E17-4612-A00C-4E04A26CD1C7}.Debug|x64.Build.0 = Debug|x64
		{959E982C-7E17-4612-A00C-4E04A26CD1C7}.Debug|x86.ActiveCfg = Debug|Win32
		{959E982C-7E17-4612-A00C-4E04A26CD1C7}.Debug|x86.Build.0 = Debug|Win32
		{959E982C-7E17-4612-A00C-4E04A26CD1C7}.Release|x64.ActiveCfg = Release|x64
		{959E982C-7E17-4612-A00C-4E04A26CD1C7}.Release|x64.Build.0 = Release|x64
		{959E982C-7E17-4612-A00C-4E04A26CD1C7}.Release|x86.ActiveCfg = Release|Win32
		{959E982C-7E17-4612-A00C-4E04A26CD1C7}.Release|x86.Build.0 = Release|Win32
		{6504CD6D-C051-42C7-98E9-5CC6A1EC307B}.Debug|x64.ActiveCfg = Debug|x64
		{6504CD6D-C051-42C7-98E9-5CC6A1EC307B}.Debug|x64.Build.0 = Debug|x64
		{6504CD6D-C051-42C7-98E9-5CC6A1EC307B}.Debug|x86.ActiveCfg = Debug|Win32
		{6504CD6D-C051-42C7-98E9-5CC6A1EC307B}.Debug|x86.Build.0 = Debug|Win32
		{6504CD6D-C051-42C7-98E9-5CC6A1EC307B}.Release|x64.ActiveCfg = Release|x64
		{6504CD6D-C051-42C7-98E9-5CC6A1EC307B}.Release|x64.Build.0 = Release|x64
		{6504CD6D-C051-42C7-98E9-5CC6A1EC307B}.Release|x86.ActiveCfg = Release|Win32
		{6504CD6D-C051-42C7-98E9-5CC6A1EC307B}.Release|x86.Build.0 = Release|Win32
		{718A3A1D-8BE2-45A5-86B3-ED1A7F6F0D8F}.Debug|x64.ActiveCfg = Debug|x64
		{718A3A1D-8BE2-45A5-86B3-ED1A7F6F0D8F}.Debug|x64.Build.0 = Debug|x64
		{718A3A1D-8BE2-45A5-86B3-ED1A7F6F0D8F}.Debug|x86.ActiveCfg = Debug|Win32
		{718A3A1D-8BE2-45A5-86B3-ED1A7F6F0D8F}.Debug|x86.Build.0 = Debug|Win32
		{718A3A1D-8BE2-45A5-86B3-ED1A7F6F0D8F}.Release|x64.ActiveCfg = Release|x64
		{718A3A1D-8BE2-45A5-86B3-ED1A7F6F0D8F}.Release|x64.Build.0 = Release|x64
		{718A3A1D-8BE2-45A5-86B3-ED1A7F6F0D8F}.Release|x86.ActiveCfg = Release|Win32
		{718A3A1D-8BE2-45A5-86B3-ED1A7F6F0D8F}.Release|x86.Build.0 = Release|Win32
		{8B3694BB-10A2-4B7E-909E-F8EDD1DA2EBD}.Debug|x64.ActiveCfg = Debug|x64
		{8B3694BB-10A2-4B7E-909E-F8EDD1DA2EBD}.Debug|x64.Build.0 = Debug|x64
		{8B3694BB-10A2-4B7E-909E-F8EDD1DA2EBD}.Debug|x86.ActiveCfg = Debug|Win32
		{8B3694BB-10A2-4B7E-909E-F8EDD1DA2EBD}.Debug|x86.Build.0 = Debug|Win32
		{8B3694BB-10A2-4B7E-909E-F8EDD1DA2EBD}.Release|x64.ActiveCfg = Release|x64
		{8B3694BB-10A2-4B7E-909E-F8EDD1DA2EBD}.Release|x64.Build.0 = Release|x64
		{8B3694BB-10A2-4B7E-909E-F8EDD1DA2EBD}.Release|x86.ActiveCfg = Release|Win32
		{8B3694BB-10A2-4B7E-909E-F8EDD1DA2EBD}.Release|x86.Build.0 = Release|Win32
		{1BC4BE4A-79EB-41A9-9F05-2A88F86FA70D}.Debug|x64.ActiveCfg = Debug|x64
		{1BC4BE4A-79EB-41A9-9F05-2A88F86FA70D}.Debug|x64.Build.0 = Debug|x64
		{1BC4BE4A-79EB-41A9-9F05-2A88F86FA70D}.Debug|x86.ActiveCfg = Debug|Win32
		{1BC4BE4A-79EB-41A9-9F05-2A88F86FA70D}.Debug|x86.Build.0 = Debug|Win32
		{1BC4BE4A-79EB-41A9-9F05-2A88F86FA70D}.Release|x64.ActiveCfg = Release|x64
		{1BC4BE4A-79EB-41A9-9F05-2A88F86FA70D}.Release|x64.Build.0 = Release|x64
		{1BC4BE4A-79EB-41A9-9F05-2A88F86FA70D}.Release|x86.ActiveCfg = Release|Win32
		{1BC4BE4A-79EB-41A9-9F05-2A88F86FA70D}.Release|x86.Build.0 = Release|Win32
		{00EBAFEB-52DF-4FA4-BC9C-9994C7D76238}.Debug|x64.ActiveCfg = Debug|x64
		{00EBAFEB-52DF-4FA4-BC9C-9994C7D76238}.Debug|x64.Build.0 = Debug|x64
		{00EBAFEB-52DF-4FA4-BC9C-9994C7D76238}.Debug|x86.ActiveCfg = Debug|Win32
		{00EBAFEB-52DF-4FA4-BC9C-9994C7D76238}.Debug|x86.Build.0 = Debug|Win32
		{00EBAFEB-52DF-4FA4-BC9C-9994C7D76238}.Release|x64.ActiveCfg = Release|x64
		{00EBAFEB-52DF-4FA4-BC9C-9994C7D76238}.Release|x64.Build.0 = Release|x64
		{00EBAFEB-52DF-4FA4-BC9C-9994C7D76238}.Release|x86.ActiveCfg = Release|Win32
		{00EBAFEB-52DF-4FA4-BC9C-9994C7D76238}.Release|x86.Build.0 = Release|Win32
		{B617A44A-2307-4A04-8D5A-29DD469E79FE}.Debug|x64.ActiveCfg = Debug|x64
		{B617A44A-2307-4A04-8D5A-29DD469E79FE}.Debug|x64.Build.0 = Debug|x64
		{B617A44A-2307-4A04-8D5A-29DD469E79FE}.Debug|x86.ActiveCfg = Debug|Win32
		{B617A44A-2307-4A04-8D5A-29DD469E79FE}.Debug|x86.Build.0 = Debug|Win32
		{B617A44A-2307-4A04-8D5A-29DD469E79FE}.Release|x64.ActiveCfg = Release|x64
		{B617A44A-2307-4A04-8D5A-29DD469E79FE}.Release|x64.Build.0 = Release|x64
		{B617A44A-2307-4A04-8D5A-29DD469E79FE}.Release|x86.ActiveCfg = Release|Win32
		{B617A44A-2307-4A04-8D5A-29DD469E79FE}.Release|x86.Build.0 = Release|Win32
		{644B05B8-C729-44E7-8BB4-937E8A32F007}.Debug|x64.ActiveCfg = Debug|x64
		{644B05B8-C729-44E7-8BB4-937E8A32F007}.Debug|x64.Build.0 = Debug|x64
		{644B05B8-C729-44E7-8BB4-937E8A32F007}.Debug|x86.ActiveCfg = Debug|Win32
		{644B05B8-C729-44E7-8BB4-937E8A32F007}.Debug|x86.Build.0 = Debug|Win32
		{644B05B8-C729-44E7-8BB4-937E8A32F007}.Release|x64.ActiveCfg = Release|x64
		{644B05B8-C729-44E7-8BB4-937E8A32F007}.Release|x64.Build.0 = Release|x64
		{644B05B8-C729-44E7-8BB4-937E8A32F007}.Release|x86.ActiveCfg = Release|Win32
		{644B05B8-C729-44E7-8BB4-937E8A32F007}.Release|x86.Build.0 = Release|Win32
		{D3A70CC4-EC81-48EF-9B8A-B65D657A8E26}.Debug|x64.ActiveCfg = Debug|x64
		{D3A70CC4-EC81-48EF-9B8A-B65D657A8E26}.Debug|x64.Build.0 = Debug|x64
		{D3A70CC4-EC81-48EF-9B8A-B65D657A8E26}.Debug|x86.ActiveCfg = Debug|Win32
		{D3A70CC4-EC81-48EF-9B8A-B65D657A8E26}.Debug|x86.Build.0 = Debug|Win32
		{D3A70CC4-EC81-48EF-9B8A-B65D657A8E26}.Release|x64.ActiveCfg = Release|x64
		{D3A70CC4-EC81-48EF-9B8A-B65D657A8E26}.Release|x64.Build.0 = Release|x64
		{D3A70CC4-EC81-48EF-9B8A-B65D657A8E26}.Release|x86.ActiveCfg = Release|Win32
		{D3A70CC4-EC81-48EF-9B8A-B65D657A8E26}.Release|x86.Build.0 = Release|Win32
	EndGlobalSection
	GlobalSection(SolutionProperties) = preSolution
		HideSolutionNode = FALSE
	EndGlobalSection
EndGlobal
